
Microsoft Visual Studio Solution File, Format Version 12.00
# Visual Studio 15
VisualStudioVersion = 15.0.28307.489
MinimumVisualStudioVersion = 10.0.40219.1
Project("{FAE04EC0-301F-11D3-BF4B-00C04F79EFBC}") = "NavigationXForms.Android", "NavigationXForms\NavigationXForms.Android\NavigationXForms.Android.csproj", "{BDC190D6-F8DD-45F0-ADB3-4BA69DE7B1E1}"
EndProject
Project("{FAE04EC0-301F-11D3-BF4B-00C04F79EFBC}") = "NavigationXForms.iOS", "NavigationXForms\NavigationXForms.iOS\NavigationXForms.iOS.csproj", "{6E56B9F1-2B10-4C41-8486-ABD401E0B085}"
EndProject
Project("{FAE04EC0-301F-11D3-BF4B-00C04F79EFBC}") = "NavigationXForms.UWP", "NavigationXForms\NavigationXForms.UWP\NavigationXForms.UWP.csproj", "{1C94BF03-2FBB-4EF8-A852-881E6F219299}"
EndProject
Project("{FAE04EC0-301F-11D3-BF4B-00C04F79EFBC}") = "NavigationXForms", "NavigationXForms\NavigationXForms\NavigationXForms.csproj", "{2AF912F0-AF22-477E-84CF-A5446B59485A}"
EndProject
Global
	GlobalSection(SolutionConfigurationPlatforms) = preSolution
		Ad-Hoc|Any CPU = Ad-Hoc|Any CPU
		Ad-Hoc|ARM = Ad-Hoc|ARM
		Ad-Hoc|iPhone = Ad-Hoc|iPhone
		Ad-Hoc|iPhoneSimulator = Ad-Hoc|iPhoneSimulator
		Ad-Hoc|x64 = Ad-Hoc|x64
		Ad-Hoc|x86 = Ad-Hoc|x86
		AppStore|Any CPU = AppStore|Any CPU
		AppStore|ARM = AppStore|ARM
		AppStore|iPhone = AppStore|iPhone
		AppStore|iPhoneSimulator = AppStore|iPhoneSimulator
		AppStore|x64 = AppStore|x64
		AppStore|x86 = AppStore|x86
		Debug|Any CPU = Debug|Any CPU
		Debug|ARM = Debug|ARM
		Debug|iPhone = Debug|iPhone
		Debug|iPhoneSimulator = Debug|iPhoneSimulator
		Debug|x64 = Debug|x64
		Debug|x86 = Debug|x86
		Release|Any CPU = Release|Any CPU
		Release|ARM = Release|ARM
		Release|iPhone = Release|iPhone
		Release|iPhoneSimulator = Release|iPhoneSimulator
		Release|x64 = Release|x64
		Release|x86 = Release|x86
	EndGlobalSection
	GlobalSection(ProjectConfigurationPlatforms) = postSolution
		{BDC190D6-F8DD-45F0-ADB3-4BA69DE7B1E1}.Ad-Hoc|Any CPU.ActiveCfg = Release|Any CPU
		{BDC190D6-F8DD-45F0-ADB3-4BA69DE7B1E1}.Ad-Hoc|Any CPU.Build.0 = Release|Any CPU
		{BDC190D6-F8DD-45F0-ADB3-4BA69DE7B1E1}.Ad-Hoc|Any CPU.Deploy.0 = Release|Any CPU
		{BDC190D6-F8DD-45F0-ADB3-4BA69DE7B1E1}.Ad-Hoc|ARM.ActiveCfg = Release|Any CPU
		{BDC190D6-F8DD-45F0-ADB3-4BA69DE7B1E1}.Ad-Hoc|ARM.Build.0 = Release|Any CPU
		{BDC190D6-F8DD-45F0-ADB3-4BA69DE7B1E1}.Ad-Hoc|ARM.Deploy.0 = Release|Any CPU
		{BDC190D6-F8DD-45F0-ADB3-4BA69DE7B1E1}.Ad-Hoc|iPhone.ActiveCfg = Release|Any CPU
		{BDC190D6-F8DD-45F0-ADB3-4BA69DE7B1E1}.Ad-Hoc|iPhone.Build.0 = Release|Any CPU
		{BDC190D6-F8DD-45F0-ADB3-4BA69DE7B1E1}.Ad-Hoc|iPhone.Deploy.0 = Release|Any CPU
		{BDC190D6-F8DD-45F0-ADB3-4BA69DE7B1E1}.Ad-Hoc|iPhoneSimulator.ActiveCfg = Release|Any CPU
		{BDC190D6-F8DD-45F0-ADB3-4BA69DE7B1E1}.Ad-Hoc|iPhoneSimulator.Build.0 = Release|Any CPU
		{BDC190D6-F8DD-45F0-ADB3-4BA69DE7B1E1}.Ad-Hoc|iPhoneSimulator.Deploy.0 = Release|Any CPU
		{BDC190D6-F8DD-45F0-ADB3-4BA69DE7B1E1}.Ad-Hoc|x64.ActiveCfg = Release|Any CPU
		{BDC190D6-F8DD-45F0-ADB3-4BA69DE7B1E1}.Ad-Hoc|x64.Build.0 = Release|Any CPU
		{BDC190D6-F8DD-45F0-ADB3-4BA69DE7B1E1}.Ad-Hoc|x64.Deploy.0 = Release|Any CPU
		{BDC190D6-F8DD-45F0-ADB3-4BA69DE7B1E1}.Ad-Hoc|x86.ActiveCfg = Release|Any CPU
		{BDC190D6-F8DD-45F0-ADB3-4BA69DE7B1E1}.Ad-Hoc|x86.Build.0 = Release|Any CPU
		{BDC190D6-F8DD-45F0-ADB3-4BA69DE7B1E1}.Ad-Hoc|x86.Deploy.0 = Release|Any CPU
		{BDC190D6-F8DD-45F0-ADB3-4BA69DE7B1E1}.AppStore|Any CPU.ActiveCfg = Release|Any CPU
		{BDC190D6-F8DD-45F0-ADB3-4BA69DE7B1E1}.AppStore|Any CPU.Build.0 = Release|Any CPU
		{BDC190D6-F8DD-45F0-ADB3-4BA69DE7B1E1}.AppStore|Any CPU.Deploy.0 = Release|Any CPU
		{BDC190D6-F8DD-45F0-ADB3-4BA69DE7B1E1}.AppStore|ARM.ActiveCfg = Release|Any CPU
		{BDC190D6-F8DD-45F0-ADB3-4BA69DE7B1E1}.AppStore|ARM.Build.0 = Release|Any CPU
		{BDC190D6-F8DD-45F0-ADB3-4BA69DE7B1E1}.AppStore|ARM.Deploy.0 = Release|Any CPU
		{BDC190D6-F8DD-45F0-ADB3-4BA69DE7B1E1}.AppStore|iPhone.ActiveCfg = Release|Any CPU
		{BDC190D6-F8DD-45F0-ADB3-4BA69DE7B1E1}.AppStore|iPhone.Build.0 = Release|Any CPU
		{BDC190D6-F8DD-45F0-ADB3-4BA69DE7B1E1}.AppStore|iPhone.Deploy.0 = Release|Any CPU
		{BDC190D6-F8DD-45F0-ADB3-4BA69DE7B1E1}.AppStore|iPhoneSimulator.ActiveCfg = Release|Any CPU
		{BDC190D6-F8DD-45F0-ADB3-4BA69DE7B1E1}.AppStore|iPhoneSimulator.Build.0 = Release|Any CPU
		{BDC190D6-F8DD-45F0-ADB3-4BA69DE7B1E1}.AppStore|iPhoneSimulator.Deploy.0 = Release|Any CPU
		{BDC190D6-F8DD-45F0-ADB3-4BA69DE7B1E1}.AppStore|x64.ActiveCfg = Release|Any CPU
		{BDC190D6-F8DD-45F0-ADB3-4BA69DE7B1E1}.AppStore|x64.Build.0 = Release|Any CPU
		{BDC190D6-F8DD-45F0-ADB3-4BA69DE7B1E1}.AppStore|x64.Deploy.0 = Release|Any CPU
		{BDC190D6-F8DD-45F0-ADB3-4BA69DE7B1E1}.AppStore|x86.ActiveCfg = Release|Any CPU
		{BDC190D6-F8DD-45F0-ADB3-4BA69DE7B1E1}.AppStore|x86.Build.0 = Release|Any CPU
		{BDC190D6-F8DD-45F0-ADB3-4BA69DE7B1E1}.AppStore|x86.Deploy.0 = Release|Any CPU
		{BDC190D6-F8DD-45F0-ADB3-4BA69DE7B1E1}.Debug|Any CPU.ActiveCfg = Debug|Any CPU
		{BDC190D6-F8DD-45F0-ADB3-4BA69DE7B1E1}.Debug|Any CPU.Build.0 = Debug|Any CPU
		{BDC190D6-F8DD-45F0-ADB3-4BA69DE7B1E1}.Debug|Any CPU.Deploy.0 = Debug|Any CPU
		{BDC190D6-F8DD-45F0-ADB3-4BA69DE7B1E1}.Debug|ARM.ActiveCfg = Debug|Any CPU
		{BDC190D6-F8DD-45F0-ADB3-4BA69DE7B1E1}.Debug|ARM.Build.0 = Debug|Any CPU
		{BDC190D6-F8DD-45F0-ADB3-4BA69DE7B1E1}.Debug|ARM.Deploy.0 = Debug|Any CPU
		{BDC190D6-F8DD-45F0-ADB3-4BA69DE7B1E1}.Debug|iPhone.ActiveCfg = Debug|Any CPU
		{BDC190D6-F8DD-45F0-ADB3-4BA69DE7B1E1}.Debug|iPhone.Build.0 = Debug|Any CPU
		{BDC190D6-F8DD-45F0-ADB3-4BA69DE7B1E1}.Debug|iPhone.Deploy.0 = Debug|Any CPU
		{BDC190D6-F8DD-45F0-ADB3-4BA69DE7B1E1}.Debug|iPhoneSimulator.ActiveCfg = Debug|Any CPU
		{BDC190D6-F8DD-45F0-ADB3-4BA69DE7B1E1}.Debug|iPhoneSimulator.Build.0 = Debug|Any CPU
		{BDC190D6-F8DD-45F0-ADB3-4BA69DE7B1E1}.Debug|iPhoneSimulator.Deploy.0 = Debug|Any CPU
		{BDC190D6-F8DD-45F0-ADB3-4BA69DE7B1E1}.Debug|x64.ActiveCfg = Debug|Any CPU
		{BDC190D6-F8DD-45F0-ADB3-4BA69DE7B1E1}.Debug|x64.Build.0 = Debug|Any CPU
		{BDC190D6-F8DD-45F0-ADB3-4BA69DE7B1E1}.Debug|x64.Deploy.0 = Debug|Any CPU
		{BDC190D6-F8DD-45F0-ADB3-4BA69DE7B1E1}.Debug|x86.ActiveCfg = Debug|Any CPU
		{BDC190D6-F8DD-45F0-ADB3-4BA69DE7B1E1}.Debug|x86.Build.0 = Debug|Any CPU
		{BDC190D6-F8DD-45F0-ADB3-4BA69DE7B1E1}.Debug|x86.Deploy.0 = Debug|Any CPU
		{BDC190D6-F8DD-45F0-ADB3-4BA69DE7B1E1}.Release|Any CPU.ActiveCfg = Release|Any CPU
		{BDC190D6-F8DD-45F0-ADB3-4BA69DE7B1E1}.Release|Any CPU.Build.0 = Release|Any CPU
		{BDC190D6-F8DD-45F0-ADB3-4BA69DE7B1E1}.Release|Any CPU.Deploy.0 = Release|Any CPU
		{BDC190D6-F8DD-45F0-ADB3-4BA69DE7B1E1}.Release|ARM.ActiveCfg = Release|Any CPU
		{BDC190D6-F8DD-45F0-ADB3-4BA69DE7B1E1}.Release|ARM.Build.0 = Release|Any CPU
		{BDC190D6-F8DD-45F0-ADB3-4BA69DE7B1E1}.Release|ARM.Deploy.0 = Release|Any CPU
		{BDC190D6-F8DD-45F0-ADB3-4BA69DE7B1E1}.Release|iPhone.ActiveCfg = Release|Any CPU
		{BDC190D6-F8DD-45F0-ADB3-4BA69DE7B1E1}.Release|iPhone.Build.0 = Release|Any CPU
		{BDC190D6-F8DD-45F0-ADB3-4BA69DE7B1E1}.Release|iPhone.Deploy.0 = Release|Any CPU
		{BDC190D6-F8DD-45F0-ADB3-4BA69DE7B1E1}.Release|iPhoneSimulator.ActiveCfg = Release|Any CPU
		{BDC190D6-F8DD-45F0-ADB3-4BA69DE7B1E1}.Release|iPhoneSimulator.Build.0 = Release|Any CPU
		{BDC190D6-F8DD-45F0-ADB3-4BA69DE7B1E1}.Release|iPhoneSimulator.Deploy.0 = Release|Any CPU
		{BDC190D6-F8DD-45F0-ADB3-4BA69DE7B1E1}.Release|x64.ActiveCfg = Release|Any CPU
		{BDC190D6-F8DD-45F0-ADB3-4BA69DE7B1E1}.Release|x64.Build.0 = Release|Any CPU
		{BDC190D6-F8DD-45F0-ADB3-4BA69DE7B1E1}.Release|x64.Deploy.0 = Release|Any CPU
		{BDC190D6-F8DD-45F0-ADB3-4BA69DE7B1E1}.Release|x86.ActiveCfg = Release|Any CPU
		{BDC190D6-F8DD-45F0-ADB3-4BA69DE7B1E1}.Release|x86.Build.0 = Release|Any CPU
		{BDC190D6-F8DD-45F0-ADB3-4BA69DE7B1E1}.Release|x86.Deploy.0 = Release|Any CPU
		{6E56B9F1-2B10-4C41-8486-ABD401E0B085}.Ad-Hoc|Any CPU.ActiveCfg = Ad-Hoc|iPhone
		{6E56B9F1-2B10-4C41-8486-ABD401E0B085}.Ad-Hoc|Any CPU.Build.0 = Ad-Hoc|iPhone
		{6E56B9F1-2B10-4C41-8486-ABD401E0B085}.Ad-Hoc|Any CPU.Deploy.0 = Ad-Hoc|iPhone
		{6E56B9F1-2B10-4C41-8486-ABD401E0B085}.Ad-Hoc|ARM.ActiveCfg = Ad-Hoc|iPhone
		{6E56B9F1-2B10-4C41-8486-ABD401E0B085}.Ad-Hoc|ARM.Build.0 = Ad-Hoc|iPhone
		{6E56B9F1-2B10-4C41-8486-ABD401E0B085}.Ad-Hoc|ARM.Deploy.0 = Ad-Hoc|iPhone
		{6E56B9F1-2B10-4C41-8486-ABD401E0B085}.Ad-Hoc|iPhone.ActiveCfg = Ad-Hoc|iPhone
		{6E56B9F1-2B10-4C41-8486-ABD401E0B085}.Ad-Hoc|iPhone.Build.0 = Ad-Hoc|iPhone
		{6E56B9F1-2B10-4C41-8486-ABD401E0B085}.Ad-Hoc|iPhone.Deploy.0 = Ad-Hoc|iPhone
		{6E56B9F1-2B10-4C41-8486-ABD401E0B085}.Ad-Hoc|iPhoneSimulator.ActiveCfg = Ad-Hoc|iPhoneSimulator
		{6E56B9F1-2B10-4C41-8486-ABD401E0B085}.Ad-Hoc|iPhoneSimulator.Build.0 = Ad-Hoc|iPhoneSimulator
		{6E56B9F1-2B10-4C41-8486-ABD401E0B085}.Ad-Hoc|iPhoneSimulator.Deploy.0 = Ad-Hoc|iPhoneSimulator
		{6E56B9F1-2B10-4C41-8486-ABD401E0B085}.Ad-Hoc|x64.ActiveCfg = Ad-Hoc|iPhone
		{6E56B9F1-2B10-4C41-8486-ABD401E0B085}.Ad-Hoc|x64.Build.0 = Ad-Hoc|iPhone
		{6E56B9F1-2B10-4C41-8486-ABD401E0B085}.Ad-Hoc|x64.Deploy.0 = Ad-Hoc|iPhone
		{6E56B9F1-2B10-4C41-8486-ABD401E0B085}.Ad-Hoc|x86.ActiveCfg = Ad-Hoc|iPhone
		{6E56B9F1-2B10-4C41-8486-ABD401E0B085}.Ad-Hoc|x86.Build.0 = Ad-Hoc|iPhone
		{6E56B9F1-2B10-4C41-8486-ABD401E0B085}.Ad-Hoc|x86.Deploy.0 = Ad-Hoc|iPhone
		{6E56B9F1-2B10-4C41-8486-ABD401E0B085}.AppStore|Any CPU.ActiveCfg = AppStore|iPhone
		{6E56B9F1-2B10-4C41-8486-ABD401E0B085}.AppStore|Any CPU.Build.0 = AppStore|iPhone
		{6E56B9F1-2B10-4C41-8486-ABD401E0B085}.AppStore|Any CPU.Deploy.0 = AppStore|iPhone
		{6E56B9F1-2B10-4C41-8486-ABD401E0B085}.AppStore|ARM.ActiveCfg = AppStore|iPhone
		{6E56B9F1-2B10-4C41-8486-ABD401E0B085}.AppStore|ARM.Build.0 = AppStore|iPhone
		{6E56B9F1-2B10-4C41-8486-ABD401E0B085}.AppStore|ARM.Deploy.0 = AppStore|iPhone
		{6E56B9F1-2B10-4C41-8486-ABD401E0B085}.AppStore|iPhone.ActiveCfg = AppStore|iPhone
		{6E56B9F1-2B10-4C41-8486-ABD401E0B085}.AppStore|iPhone.Build.0 = AppStore|iPhone
		{6E56B9F1-2B10-4C41-8486-ABD401E0B085}.AppStore|iPhone.Deploy.0 = AppStore|iPhone
		{6E56B9F1-2B10-4C41-8486-ABD401E0B085}.AppStore|iPhoneSimulator.ActiveCfg = AppStore|iPhoneSimulator
		{6E56B9F1-2B10-4C41-8486-ABD401E0B085}.AppStore|iPhoneSimulator.Build.0 = AppStore|iPhoneSimulator
		{6E56B9F1-2B10-4C41-8486-ABD401E0B085}.AppStore|iPhoneSimulator.Deploy.0 = AppStore|iPhoneSimulator
		{6E56B9F1-2B10-4C41-8486-ABD401E0B085}.AppStore|x64.ActiveCfg = AppStore|iPhone
		{6E56B9F1-2B10-4C41-8486-ABD401E0B085}.AppStore|x64.Build.0 = AppStore|iPhone
		{6E56B9F1-2B10-4C41-8486-ABD401E0B085}.AppStore|x64.Deploy.0 = AppStore|iPhone
		{6E56B9F1-2B10-4C41-8486-ABD401E0B085}.AppStore|x86.ActiveCfg = AppStore|iPhone
		{6E56B9F1-2B10-4C41-8486-ABD401E0B085}.AppStore|x86.Build.0 = AppStore|iPhone
		{6E56B9F1-2B10-4C41-8486-ABD401E0B085}.AppStore|x86.Deploy.0 = AppStore|iPhone
		{6E56B9F1-2B10-4C41-8486-ABD401E0B085}.Debug|Any CPU.ActiveCfg = Debug|iPhoneSimulator
		{6E56B9F1-2B10-4C41-8486-ABD401E0B085}.Debug|Any CPU.Build.0 = Debug|iPhoneSimulator
		{6E56B9F1-2B10-4C41-8486-ABD401E0B085}.Debug|Any CPU.Deploy.0 = Debug|iPhoneSimulator
		{6E56B9F1-2B10-4C41-8486-ABD401E0B085}.Debug|ARM.ActiveCfg = Debug|iPhone
		{6E56B9F1-2B10-4C41-8486-ABD401E0B085}.Debug|ARM.Build.0 = Debug|iPhone
		{6E56B9F1-2B10-4C41-8486-ABD401E0B085}.Debug|ARM.Deploy.0 = Debug|iPhone
		{6E56B9F1-2B10-4C41-8486-ABD401E0B085}.Debug|iPhone.ActiveCfg = Debug|iPhone
		{6E56B9F1-2B10-4C41-8486-ABD401E0B085}.Debug|iPhone.Build.0 = Debug|iPhone
		{6E56B9F1-2B10-4C41-8486-ABD401E0B085}.Debug|iPhone.Deploy.0 = Debug|iPhone
		{6E56B9F1-2B10-4C41-8486-ABD401E0B085}.Debug|iPhoneSimulator.ActiveCfg = Debug|iPhoneSimulator
		{6E56B9F1-2B10-4C41-8486-ABD401E0B085}.Debug|iPhoneSimulator.Build.0 = Debug|iPhoneSimulator
		{6E56B9F1-2B10-4C41-8486-ABD401E0B085}.Debug|iPhoneSimulator.Deploy.0 = Debug|iPhoneSimulator
		{6E56B9F1-2B10-4C41-8486-ABD401E0B085}.Debug|x64.ActiveCfg = Debug|iPhone
		{6E56B9F1-2B10-4C41-8486-ABD401E0B085}.Debug|x64.Build.0 = Debug|iPhone
		{6E56B9F1-2B10-4C41-8486-ABD401E0B085}.Debug|x64.Deploy.0 = Debug|iPhone
		{6E56B9F1-2B10-4C41-8486-ABD401E0B085}.Debug|x86.ActiveCfg = Debug|iPhone
		{6E56B9F1-2B10-4C41-8486-ABD401E0B085}.Debug|x86.Build.0 = Debug|iPhone
		{6E56B9F1-2B10-4C41-8486-ABD401E0B085}.Debug|x86.Deploy.0 = Debug|iPhone
		{6E56B9F1-2B10-4C41-8486-ABD401E0B085}.Release|Any CPU.ActiveCfg = Release|iPhone
		{6E56B9F1-2B10-4C41-8486-ABD401E0B085}.Release|Any CPU.Build.0 = Release|iPhone
		{6E56B9F1-2B10-4C41-8486-ABD401E0B085}.Release|Any CPU.Deploy.0 = Release|iPhone
		{6E56B9F1-2B10-4C41-8486-ABD401E0B085}.Release|ARM.ActiveCfg = Release|iPhone
		{6E56B9F1-2B10-4C41-8486-ABD401E0B085}.Release|ARM.Build.0 = Release|iPhone
		{6E56B9F1-2B10-4C41-8486-ABD401E0B085}.Release|ARM.Deploy.0 = Release|iPhone
		{6E56B9F1-2B10-4C41-8486-ABD401E0B085}.Release|iPhone.ActiveCfg = Release|iPhone
		{6E56B9F1-2B10-4C41-8486-ABD401E0B085}.Release|iPhone.Build.0 = Release|iPhone
		{6E56B9F1-2B10-4C41-8486-ABD401E0B085}.Release|iPhone.Deploy.0 = Release|iPhone
		{6E56B9F1-2B10-4C41-8486-ABD401E0B085}.Release|iPhoneSimulator.ActiveCfg = Release|iPhoneSimulator
		{6E56B9F1-2B10-4C41-8486-ABD401E0B085}.Release|iPhoneSimulator.Build.0 = Release|iPhoneSimulator
		{6E56B9F1-2B10-4C41-8486-ABD401E0B085}.Release|iPhoneSimulator.Deploy.0 = Release|iPhoneSimulator
		{6E56B9F1-2B10-4C41-8486-ABD401E0B085}.Release|x64.ActiveCfg = Release|iPhone
		{6E56B9F1-2B10-4C41-8486-ABD401E0B085}.Release|x64.Build.0 = Release|iPhone
		{6E56B9F1-2B10-4C41-8486-ABD401E0B085}.Release|x64.Deploy.0 = Release|iPhone
		{6E56B9F1-2B10-4C41-8486-ABD401E0B085}.Release|x86.ActiveCfg = Release|iPhone
		{6E56B9F1-2B10-4C41-8486-ABD401E0B085}.Release|x86.Build.0 = Release|iPhone
		{6E56B9F1-2B10-4C41-8486-ABD401E0B085}.Release|x86.Deploy.0 = Release|iPhone
		{1C94BF03-2FBB-4EF8-A852-881E6F219299}.Ad-Hoc|Any CPU.ActiveCfg = Release|x86
		{1C94BF03-2FBB-4EF8-A852-881E6F219299}.Ad-Hoc|Any CPU.Build.0 = Release|x86
		{1C94BF03-2FBB-4EF8-A852-881E6F219299}.Ad-Hoc|Any CPU.Deploy.0 = Release|x86
		{1C94BF03-2FBB-4EF8-A852-881E6F219299}.Ad-Hoc|ARM.ActiveCfg = Release|ARM
		{1C94BF03-2FBB-4EF8-A852-881E6F219299}.Ad-Hoc|ARM.Build.0 = Release|ARM
		{1C94BF03-2FBB-4EF8-A852-881E6F219299}.Ad-Hoc|ARM.Deploy.0 = Release|ARM
		{1C94BF03-2FBB-4EF8-A852-881E6F219299}.Ad-Hoc|iPhone.ActiveCfg = Release|x86
		{1C94BF03-2FBB-4EF8-A852-881E6F219299}.Ad-Hoc|iPhone.Build.0 = Release|x86
		{1C94BF03-2FBB-4EF8-A852-881E6F219299}.Ad-Hoc|iPhone.Deploy.0 = Release|x86
		{1C94BF03-2FBB-4EF8-A852-881E6F219299}.Ad-Hoc|iPhoneSimulator.ActiveCfg = Release|x86
		{1C94BF03-2FBB-4EF8-A852-881E6F219299}.Ad-Hoc|iPhoneSimulator.Build.0 = Release|x86
		{1C94BF03-2FBB-4EF8-A852-881E6F219299}.Ad-Hoc|iPhoneSimulator.Deploy.0 = Release|x86
		{1C94BF03-2FBB-4EF8-A852-881E6F219299}.Ad-Hoc|x64.ActiveCfg = Release|x64
		{1C94BF03-2FBB-4EF8-A852-881E6F219299}.Ad-Hoc|x64.Build.0 = Release|x64
		{1C94BF03-2FBB-4EF8-A852-881E6F219299}.Ad-Hoc|x64.Deploy.0 = Release|x64
		{1C94BF03-2FBB-4EF8-A852-881E6F219299}.Ad-Hoc|x86.ActiveCfg = Release|x86
		{1C94BF03-2FBB-4EF8-A852-881E6F219299}.Ad-Hoc|x86.Build.0 = Release|x86
		{1C94BF03-2FBB-4EF8-A852-881E6F219299}.Ad-Hoc|x86.Deploy.0 = Release|x86
		{1C94BF03-2FBB-4EF8-A852-881E6F219299}.AppStore|Any CPU.ActiveCfg = Release|x86
		{1C94BF03-2FBB-4EF8-A852-881E6F219299}.AppStore|Any CPU.Build.0 = Release|x86
		{1C94BF03-2FBB-4EF8-A852-881E6F219299}.AppStore|Any CPU.Deploy.0 = Release|x86
		{1C94BF03-2FBB-4EF8-A852-881E6F219299}.AppStore|ARM.ActiveCfg = Release|ARM
		{1C94BF03-2FBB-4EF8-A852-881E6F219299}.AppStore|ARM.Build.0 = Release|ARM
		{1C94BF03-2FBB-4EF8-A852-881E6F219299}.AppStore|ARM.Deploy.0 = Release|ARM
		{1C94BF03-2FBB-4EF8-A852-881E6F219299}.AppStore|iPhone.ActiveCfg = Release|x86
		{1C94BF03-2FBB-4EF8-A852-881E6F219299}.AppStore|iPhone.Build.0 = Release|x86
		{1C94BF03-2FBB-4EF8-A852-881E6F219299}.AppStore|iPhone.Deploy.0 = Release|x86
		{1C94BF03-2FBB-4EF8-A852-881E6F219299}.AppStore|iPhoneSimulator.ActiveCfg = Release|x86
		{1C94BF03-2FBB-4EF8-A852-881E6F219299}.AppStore|iPhoneSimulator.Build.0 = Release|x86
		{1C94BF03-2FBB-4EF8-A852-881E6F219299}.AppStore|iPhoneSimulator.Deploy.0 = Release|x86
		{1C94BF03-2FBB-4EF8-A852-881E6F219299}.AppStore|x64.ActiveCfg = Release|x64
		{1C94BF03-2FBB-4EF8-A852-881E6F219299}.AppStore|x64.Build.0 = Release|x64
		{1C94BF03-2FBB-4EF8-A852-881E6F219299}.AppStore|x64.Deploy.0 = Release|x64
		{1C94BF03-2FBB-4EF8-A852-881E6F219299}.AppStore|x86.ActiveCfg = Release|x86
		{1C94BF03-2FBB-4EF8-A852-881E6F219299}.AppStore|x86.Build.0 = Release|x86
		{1C94BF03-2FBB-4EF8-A852-881E6F219299}.AppStore|x86.Deploy.0 = Release|x86
		{1C94BF03-2FBB-4EF8-A852-881E6F219299}.Debug|Any CPU.ActiveCfg = Debug|x86
		{1C94BF03-2FBB-4EF8-A852-881E6F219299}.Debug|Any CPU.Build.0 = Debug|x86
		{1C94BF03-2FBB-4EF8-A852-881E6F219299}.Debug|Any CPU.Deploy.0 = Debug|x86
		{1C94BF03-2FBB-4EF8-A852-881E6F219299}.Debug|ARM.ActiveCfg = Debug|ARM
		{1C94BF03-2FBB-4EF8-A852-881E6F219299}.Debug|ARM.Build.0 = Debug|ARM
		{1C94BF03-2FBB-4EF8-A852-881E6F219299}.Debug|ARM.Deploy.0 = Debug|ARM
		{1C94BF03-2FBB-4EF8-A852-881E6F219299}.Debug|iPhone.ActiveCfg = Debug|x86
		{1C94BF03-2FBB-4EF8-A852-881E6F219299}.Debug|iPhone.Build.0 = Debug|x86
		{1C94BF03-2FBB-4EF8-A852-881E6F219299}.Debug|iPhone.Deploy.0 = Debug|x86
		{1C94BF03-2FBB-4EF8-A852-881E6F219299}.Debug|iPhoneSimulator.ActiveCfg = Debug|x86
		{1C94BF03-2FBB-4EF8-A852-881E6F219299}.Debug|iPhoneSimulator.Build.0 = Debug|x86
		{1C94BF03-2FBB-4EF8-A852-881E6F219299}.Debug|iPhoneSimulator.Deploy.0 = Debug|x86
		{1C94BF03-2FBB-4EF8-A852-881E6F219299}.Debug|x64.ActiveCfg = Debug|x64
		{1C94BF03-2FBB-4EF8-A852-881E6F219299}.Debug|x64.Build.0 = Debug|x64
		{1C94BF03-2FBB-4EF8-A852-881E6F219299}.Debug|x64.Deploy.0 = Debug|x64
		{1C94BF03-2FBB-4EF8-A852-881E6F219299}.Debug|x86.ActiveCfg = Debug|x86
		{1C94BF03-2FBB-4EF8-A852-881E6F219299}.Debug|x86.Build.0 = Debug|x86
		{1C94BF03-2FBB-4EF8-A852-881E6F219299}.Debug|x86.Deploy.0 = Debug|x86
		{1C94BF03-2FBB-4EF8-A852-881E6F219299}.Release|Any CPU.ActiveCfg = Release|x86
		{1C94BF03-2FBB-4EF8-A852-881E6F219299}.Release|Any CPU.Build.0 = Release|x86
		{1C94BF03-2FBB-4EF8-A852-881E6F219299}.Release|Any CPU.Deploy.0 = Release|x86
		{1C94BF03-2FBB-4EF8-A852-881E6F219299}.Release|ARM.ActiveCfg = Release|ARM
		{1C94BF03-2FBB-4EF8-A852-881E6F219299}.Release|ARM.Build.0 = Release|ARM
		{1C94BF03-2FBB-4EF8-A852-881E6F219299}.Release|ARM.Deploy.0 = Release|ARM
		{1C94BF03-2FBB-4EF8-A852-881E6F219299}.Release|iPhone.ActiveCfg = Release|x86
		{1C94BF03-2FBB-4EF8-A852-881E6F219299}.Release|iPhone.Build.0 = Release|x86
		{1C94BF03-2FBB-4EF8-A852-881E6F219299}.Release|iPhone.Deploy.0 = Release|x86
		{1C94BF03-2FBB-4EF8-A852-881E6F219299}.Release|iPhoneSimulator.ActiveCfg = Release|x86
		{1C94BF03-2FBB-4EF8-A852-881E6F219299}.Release|iPhoneSimulator.Build.0 = Release|x86
		{1C94BF03-2FBB-4EF8-A852-881E6F219299}.Release|iPhoneSimulator.Deploy.0 = Release|x86
		{1C94BF03-2FBB-4EF8-A852-881E6F219299}.Release|x64.ActiveCfg = Release|x64
		{1C94BF03-2FBB-4EF8-A852-881E6F219299}.Release|x64.Build.0 = Release|x64
		{1C94BF03-2FBB-4EF8-A852-881E6F219299}.Release|x64.Deploy.0 = Release|x64
		{1C94BF03-2FBB-4EF8-A852-881E6F219299}.Release|x86.ActiveCfg = Release|x86
		{1C94BF03-2FBB-4EF8-A852-881E6F219299}.Release|x86.Build.0 = Release|x86
		{1C94BF03-2FBB-4EF8-A852-881E6F219299}.Release|x86.Deploy.0 = Release|x86
		{2AF912F0-AF22-477E-84CF-A5446B59485A}.Ad-Hoc|Any CPU.ActiveCfg = Debug|Any CPU
		{2AF912F0-AF22-477E-84CF-A5446B59485A}.Ad-Hoc|Any CPU.Build.0 = Debug|Any CPU
		{2AF912F0-AF22-477E-84CF-A5446B59485A}.Ad-Hoc|Any CPU.Deploy.0 = Debug|Any CPU
		{2AF912F0-AF22-477E-84CF-A5446B59485A}.Ad-Hoc|ARM.ActiveCfg = Debug|Any CPU
		{2AF912F0-AF22-477E-84CF-A5446B59485A}.Ad-Hoc|ARM.Build.0 = Debug|Any CPU
		{2AF912F0-AF22-477E-84CF-A5446B59485A}.Ad-Hoc|ARM.Deploy.0 = Debug|Any CPU
		{2AF912F0-AF22-477E-84CF-A5446B59485A}.Ad-Hoc|iPhone.ActiveCfg = Debug|Any CPU
		{2AF912F0-AF22-477E-84CF-A5446B59485A}.Ad-Hoc|iPhone.Build.0 = Debug|Any CPU
		{2AF912F0-AF22-477E-84CF-A5446B59485A}.Ad-Hoc|iPhone.Deploy.0 = Debug|Any CPU
		{2AF912F0-AF22-477E-84CF-A5446B59485A}.Ad-Hoc|iPhoneSimulator.ActiveCfg = Debug|Any CPU
		{2AF912F0-AF22-477E-84CF-A5446B59485A}.Ad-Hoc|iPhoneSimulator.Build.0 = Debug|Any CPU
		{2AF912F0-AF22-477E-84CF-A5446B59485A}.Ad-Hoc|iPhoneSimulator.Deploy.0 = Debug|Any CPU
		{2AF912F0-AF22-477E-84CF-A5446B59485A}.Ad-Hoc|x64.ActiveCfg = Debug|Any CPU
		{2AF912F0-AF22-477E-84CF-A5446B59485A}.Ad-Hoc|x64.Build.0 = Debug|Any CPU
		{2AF912F0-AF22-477E-84CF-A5446B59485A}.Ad-Hoc|x64.Deploy.0 = Debug|Any CPU
		{2AF912F0-AF22-477E-84CF-A5446B59485A}.Ad-Hoc|x86.ActiveCfg = Debug|Any CPU
		{2AF912F0-AF22-477E-84CF-A5446B59485A}.Ad-Hoc|x86.Build.0 = Debug|Any CPU
		{2AF912F0-AF22-477E-84CF-A5446B59485A}.Ad-Hoc|x86.Deploy.0 = Debug|Any CPU
		{2AF912F0-AF22-477E-84CF-A5446B59485A}.AppStore|Any CPU.ActiveCfg = Debug|Any CPU
		{2AF912F0-AF22-477E-84CF-A5446B59485A}.AppStore|Any CPU.Build.0 = Debug|Any CPU
		{2AF912F0-AF22-477E-84CF-A5446B59485A}.AppStore|Any CPU.Deploy.0 = Debug|Any CPU
		{2AF912F0-AF22-477E-84CF-A5446B59485A}.AppStore|ARM.ActiveCfg = Debug|Any CPU
		{2AF912F0-AF22-477E-84CF-A5446B59485A}.AppStore|ARM.Build.0 = Debug|Any CPU
		{2AF912F0-AF22-477E-84CF-A5446B59485A}.AppStore|ARM.Deploy.0 = Debug|Any CPU
		{2AF912F0-AF22-477E-84CF-A5446B59485A}.AppStore|iPhone.ActiveCfg = Debug|Any CPU
		{2AF912F0-AF22-477E-84CF-A5446B59485A}.AppStore|iPhone.Build.0 = Debug|Any CPU
		{2AF912F0-AF22-477E-84CF-A5446B59485A}.AppStore|iPhone.Deploy.0 = Debug|Any CPU
		{2AF912F0-AF22-477E-84CF-A5446B59485A}.AppStore|iPhoneSimulator.ActiveCfg = Debug|Any CPU
		{2AF912F0-AF22-477E-84CF-A5446B59485A}.AppStore|iPhoneSimulator.Build.0 = Debug|Any CPU
		{2AF912F0-AF22-477E-84CF-A5446B59485A}.AppStore|iPhoneSimulator.Deploy.0 = Debug|Any CPU
		{2AF912F0-AF22-477E-84CF-A5446B59485A}.AppStore|x64.ActiveCfg = Debug|Any CPU
		{2AF912F0-AF22-477E-84CF-A5446B59485A}.AppStore|x64.Build.0 = Debug|Any CPU
		{2AF912F0-AF22-477E-84CF-A5446B59485A}.AppStore|x64.Deploy.0 = Debug|Any CPU
		{2AF912F0-AF22-477E-84CF-A5446B59485A}.AppStore|x86.ActiveCfg = Debug|Any CPU
		{2AF912F0-AF22-477E-84CF-A5446B59485A}.AppStore|x86.Build.0 = Debug|Any CPU
		{2AF912F0-AF22-477E-84CF-A5446B59485A}.AppStore|x86.Deploy.0 = Debug|Any CPU
		{2AF912F0-AF22-477E-84CF-A5446B59485A}.Debug|Any CPU.ActiveCfg = Debug|Any CPU
		{2AF912F0-AF22-477E-84CF-A5446B59485A}.Debug|Any CPU.Build.0 = Debug|Any CPU
		{2AF912F0-AF22-477E-84CF-A5446B59485A}.Debug|Any CPU.Deploy.0 = Debug|Any CPU
		{2AF912F0-AF22-477E-84CF-A5446B59485A}.Debug|ARM.ActiveCfg = Debug|Any CPU
		{2AF912F0-AF22-477E-84CF-A5446B59485A}.Debug|ARM.Build.0 = Debug|Any CPU
		{2AF912F0-AF22-477E-84CF-A5446B59485A}.Debug|ARM.Deploy.0 = Debug|Any CPU
		{2AF912F0-AF22-477E-84CF-A5446B59485A}.Debug|iPhone.ActiveCfg = Debug|Any CPU
		{2AF912F0-AF22-477E-84CF-A5446B59485A}.Debug|iPhone.Build.0 = Debug|Any CPU
		{2AF912F0-AF22-477E-84CF-A5446B59485A}.Debug|iPhone.Deploy.0 = Debug|Any CPU
		{2AF912F0-AF22-477E-84CF-A5446B59485A}.Debug|iPhoneSimulator.ActiveCfg = Debug|Any CPU
		{2AF912F0-AF22-477E-84CF-A5446B59485A}.Debug|iPhoneSimulator.Build.0 = Debug|Any CPU
		{2AF912F0-AF22-477E-84CF-A5446B59485A}.Debug|iPhoneSimulator.Deploy.0 = Debug|Any CPU
		{2AF912F0-AF22-477E-84CF-A5446B59485A}.Debug|x64.ActiveCfg = Debug|Any CPU
		{2AF912F0-AF22-477E-84CF-A5446B59485A}.Debug|x64.Build.0 = Debug|Any CPU
		{2AF912F0-AF22-477E-84CF-A5446B59485A}.Debug|x64.Deploy.0 = Debug|Any CPU
		{2AF912F0-AF22-477E-84CF-A5446B59485A}.Debug|x86.ActiveCfg = Debug|Any CPU
		{2AF912F0-AF22-477E-84CF-A5446B59485A}.Debug|x86.Build.0 = Debug|Any CPU
		{2AF912F0-AF22-477E-84CF-A5446B59485A}.Debug|x86.Deploy.0 = Debug|Any CPU
		{2AF912F0-AF22-477E-84CF-A5446B59485A}.Release|Any CPU.ActiveCfg = Release|Any CPU
		{2AF912F0-AF22-477E-84CF-A5446B59485A}.Release|Any CPU.Build.0 = Release|Any CPU
		{2AF912F0-AF22-477E-84CF-A5446B59485A}.Release|Any CPU.Deploy.0 = Release|Any CPU
		{2AF912F0-AF22-477E-84CF-A5446B59485A}.Release|ARM.ActiveCfg = Release|Any CPU
		{2AF912F0-AF22-477E-84CF-A5446B59485A}.Release|ARM.Build.0 = Release|Any CPU
		{2AF912F0-AF22-477E-84CF-A5446B59485A}.Release|ARM.Deploy.0 = Release|Any CPU
		{2AF912F0-AF22-477E-84CF-A5446B59485A}.Release|iPhone.ActiveCfg = Release|Any CPU
		{2AF912F0-AF22-477E-84CF-A5446B59485A}.Release|iPhone.Build.0 = Release|Any CPU
		{2AF912F0-AF22-477E-84CF-A5446B59485A}.Release|iPhone.Deploy.0 = Release|Any CPU
		{2AF912F0-AF22-477E-84CF-A5446B59485A}.Release|iPhoneSimulator.ActiveCfg = Release|Any CPU
		{2AF912F0-AF22-477E-84CF-A5446B59485A}.Release|iPhoneSimulator.Build.0 = Release|Any CPU
		{2AF912F0-AF22-477E-84CF-A5446B59485A}.Release|iPhoneSimulator.Deploy.0 = Release|Any CPU
		{2AF912F0-AF22-477E-84CF-A5446B59485A}.Release|x64.ActiveCfg = Release|Any CPU
		{2AF912F0-AF22-477E-84CF-A5446B59485A}.Release|x64.Build.0 = Release|Any CPU
		{2AF912F0-AF22-477E-84CF-A5446B59485A}.Release|x64.Deploy.0 = Release|Any CPU
		{2AF912F0-AF22-477E-84CF-A5446B59485A}.Release|x86.ActiveCfg = Release|Any CPU
		{2AF912F0-AF22-477E-84CF-A5446B59485A}.Release|x86.Build.0 = Release|Any CPU
		{2AF912F0-AF22-477E-84CF-A5446B59485A}.Release|x86.Deploy.0 = Release|Any CPU
	EndGlobalSection
	GlobalSection(SolutionProperties) = preSolution
		HideSolutionNode = FALSE
	EndGlobalSection
	GlobalSection(ExtensibilityGlobals) = postSolution
		SolutionGuid = {D948E9AC-F141-4A96-8A63-9CAAFA39C72B}
	EndGlobalSection
EndGlobal
