
Microsoft Visual Studio Solution File, Format Version 12.00
# Visual Studio 15
VisualStudioVersion = 15.0.28307.489
MinimumVisualStudioVersion = 10.0.40219.1
Project("{FAE04EC0-301F-11D3-BF4B-00C04F79EFBC}") = "DSUL.Android", "DSUL\DSUL.Android\DSUL.Android.csproj", "{F774F95A-EB98-44A3-9363-5F097FCB5CE8}"
EndProject
Project("{FAE04EC0-301F-11D3-BF4B-00C04F79EFBC}") = "DSUL", "DSUL\DSUL\DSUL.csproj", "{2DD2D4A3-AAC2-4F30-BFD5-D1AE3B597C98}"
EndProject
Project("{FAE04EC0-301F-11D3-BF4B-00C04F79EFBC}") = "DSUL.WPF", "DSUL.WPF\DSUL.WPF.csproj", "{09959926-2CB0-4E70-AA54-79D456945767}"
EndProject
Global
	GlobalSection(SolutionConfigurationPlatforms) = preSolution
		Debug|Any CPU = Debug|Any CPU
		Release|Any CPU = Release|Any CPU
	EndGlobalSection
	GlobalSection(ProjectConfigurationPlatforms) = postSolution
		{F774F95A-EB98-44A3-9363-5F097FCB5CE8}.Debug|Any CPU.ActiveCfg = Debug|Any CPU
		{F774F95A-EB98-44A3-9363-5F097FCB5CE8}.Debug|Any CPU.Build.0 = Debug|Any CPU
		{F774F95A-EB98-44A3-9363-5F097FCB5CE8}.Debug|Any CPU.Deploy.0 = Debug|Any CPU
		{F774F95A-EB98-44A3-9363-5F097FCB5CE8}.Release|Any CPU.ActiveCfg = Release|Any CPU
		{F774F95A-EB98-44A3-9363-5F097FCB5CE8}.Release|Any CPU.Build.0 = Release|Any CPU
		{F774F95A-EB98-44A3-9363-5F097FCB5CE8}.Release|Any CPU.Deploy.0 = Release|Any CPU
		{2DD2D4A3-AAC2-4F30-BFD5-D1AE3B597C98}.Debug|Any CPU.ActiveCfg = Debug|Any CPU
		{2DD2D4A3-AAC2-4F30-BFD5-D1AE3B597C98}.Debug|Any CPU.Build.0 = Debug|Any CPU
		{2DD2D4A3-AAC2-4F30-BFD5-D1AE3B597C98}.Debug|Any CPU.Deploy.0 = Debug|Any CPU
		{2DD2D4A3-AAC2-4F30-BFD5-D1AE3B597C98}.Release|Any CPU.ActiveCfg = Release|Any CPU
		{2DD2D4A3-AAC2-4F30-BFD5-D1AE3B597C98}.Release|Any CPU.Build.0 = Release|Any CPU
		{2DD2D4A3-AAC2-4F30-BFD5-D1AE3B597C98}.Release|Any CPU.Deploy.0 = Release|Any CPU
		{09959926-2CB0-4E70-AA54-79D456945767}.Debug|Any CPU.ActiveCfg = Debug|Any CPU
		{09959926-2CB0-4E70-AA54-79D456945767}.Debug|Any CPU.Build.0 = Debug|Any CPU
		{09959926-2CB0-4E70-AA54-79D456945767}.Release|Any CPU.ActiveCfg = Release|Any CPU
		{09959926-2CB0-4E70-AA54-79D456945767}.Release|Any CPU.Build.0 = Release|Any CPU
	EndGlobalSection
	GlobalSection(SolutionProperties) = preSolution
		HideSolutionNode = FALSE
	EndGlobalSection
	GlobalSection(ExtensibilityGlobals) = postSolution
		SolutionGuid = {712A0BF8-AA1B-4A37-9444-EC51D58F7A39}
	EndGlobalSection
EndGlobal
