
Microsoft Visual Studio Solution File, Format Version 12.00
# Visual Studio 15
VisualStudioVersion = 15.0.28307.489
MinimumVisualStudioVersion = 10.0.40219.1
Project("{FAE04EC0-301F-11D3-BF4B-00C04F79EFBC}") = "_consoleDemo", "_consoleDemo\_consoleDemo.csproj", "{0FCACC4F-0B02-4B26-A5E4-A7B61D29D382}"
EndProject
Project("{FAE04EC0-301F-11D3-BF4B-00C04F79EFBC}") = "_consoleListener", "_consoleListener\_consoleListener.csproj", "{3B0DB083-FC72-4BD7-8B49-461624D597C8}"
EndProject
Global
	GlobalSection(SolutionConfigurationPlatforms) = preSolution
		Debug|Any CPU = Debug|Any CPU
		Release|Any CPU = Release|Any CPU
	EndGlobalSection
	GlobalSection(ProjectConfigurationPlatforms) = postSolution
		{0FCACC4F-0B02-4B26-A5E4-A7B61D29D382}.Debug|Any CPU.ActiveCfg = Debug|Any CPU
		{0FCACC4F-0B02-4B26-A5E4-A7B61D29D382}.Debug|Any CPU.Build.0 = Debug|Any CPU
		{0FCACC4F-0B02-4B26-A5E4-A7B61D29D382}.Release|Any CPU.ActiveCfg = Release|Any CPU
		{0FCACC4F-0B02-4B26-A5E4-A7B61D29D382}.Release|Any CPU.Build.0 = Release|Any CPU
		{3B0DB083-FC72-4BD7-8B49-461624D597C8}.Debug|Any CPU.ActiveCfg = Debug|Any CPU
		{3B0DB083-FC72-4BD7-8B49-461624D597C8}.Debug|Any CPU.Build.0 = Debug|Any CPU
		{3B0DB083-FC72-4BD7-8B49-461624D597C8}.Release|Any CPU.ActiveCfg = Release|Any CPU
		{3B0DB083-FC72-4BD7-8B49-461624D597C8}.Release|Any CPU.Build.0 = Release|Any CPU
	EndGlobalSection
	GlobalSection(SolutionProperties) = preSolution
		HideSolutionNode = FALSE
	EndGlobalSection
	GlobalSection(ExtensibilityGlobals) = postSolution
		SolutionGuid = {D2500E3A-DFA5-4DA2-A94B-C9766E832CE9}
	EndGlobalSection
EndGlobal
