
Microsoft Visual Studio Solution File, Format Version 12.00
# Visual Studio 15
VisualStudioVersion = 15.0.28307.489
MinimumVisualStudioVersion = 10.0.40219.1
Project("{FAE04EC0-301F-11D3-BF4B-00C04F79EFBC}") = "DataBinding.Android", "DataBinding\DataBinding.Android\DataBinding.Android.csproj", "{1E985D32-FD77-430B-89DF-1170430D1CBC}"
EndProject
Project("{FAE04EC0-301F-11D3-BF4B-00C04F79EFBC}") = "DataBinding.iOS", "DataBinding\DataBinding.iOS\DataBinding.iOS.csproj", "{4B0BAA77-6696-4FB3-9D6E-CADCE6B1A09C}"
EndProject
Project("{FAE04EC0-301F-11D3-BF4B-00C04F79EFBC}") = "DataBinding.UWP", "DataBinding\DataBinding.UWP\DataBinding.UWP.csproj", "{DE4D197F-E6BF-4FBC-A307-2C6F266D6EFB}"
EndProject
Project("{FAE04EC0-301F-11D3-BF4B-00C04F79EFBC}") = "DataBinding", "DataBinding\DataBinding\DataBinding.csproj", "{F1637A31-7B7A-49DA-AB3F-70362DF8471C}"
EndProject
Global
	GlobalSection(SolutionConfigurationPlatforms) = preSolution
		Ad-Hoc|Any CPU = Ad-Hoc|Any CPU
		Ad-Hoc|ARM = Ad-Hoc|ARM
		Ad-Hoc|iPhone = Ad-Hoc|iPhone
		Ad-Hoc|iPhoneSimulator = Ad-Hoc|iPhoneSimulator
		Ad-Hoc|x64 = Ad-Hoc|x64
		Ad-Hoc|x86 = Ad-Hoc|x86
		AppStore|Any CPU = AppStore|Any CPU
		AppStore|ARM = AppStore|ARM
		AppStore|iPhone = AppStore|iPhone
		AppStore|iPhoneSimulator = AppStore|iPhoneSimulator
		AppStore|x64 = AppStore|x64
		AppStore|x86 = AppStore|x86
		Debug|Any CPU = Debug|Any CPU
		Debug|ARM = Debug|ARM
		Debug|iPhone = Debug|iPhone
		Debug|iPhoneSimulator = Debug|iPhoneSimulator
		Debug|x64 = Debug|x64
		Debug|x86 = Debug|x86
		Release|Any CPU = Release|Any CPU
		Release|ARM = Release|ARM
		Release|iPhone = Release|iPhone
		Release|iPhoneSimulator = Release|iPhoneSimulator
		Release|x64 = Release|x64
		Release|x86 = Release|x86
	EndGlobalSection
	GlobalSection(ProjectConfigurationPlatforms) = postSolution
		{1E985D32-FD77-430B-89DF-1170430D1CBC}.Ad-Hoc|Any CPU.ActiveCfg = Release|Any CPU
		{1E985D32-FD77-430B-89DF-1170430D1CBC}.Ad-Hoc|Any CPU.Build.0 = Release|Any CPU
		{1E985D32-FD77-430B-89DF-1170430D1CBC}.Ad-Hoc|Any CPU.Deploy.0 = Release|Any CPU
		{1E985D32-FD77-430B-89DF-1170430D1CBC}.Ad-Hoc|ARM.ActiveCfg = Release|Any CPU
		{1E985D32-FD77-430B-89DF-1170430D1CBC}.Ad-Hoc|ARM.Build.0 = Release|Any CPU
		{1E985D32-FD77-430B-89DF-1170430D1CBC}.Ad-Hoc|ARM.Deploy.0 = Release|Any CPU
		{1E985D32-FD77-430B-89DF-1170430D1CBC}.Ad-Hoc|iPhone.ActiveCfg = Release|Any CPU
		{1E985D32-FD77-430B-89DF-1170430D1CBC}.Ad-Hoc|iPhone.Build.0 = Release|Any CPU
		{1E985D32-FD77-430B-89DF-1170430D1CBC}.Ad-Hoc|iPhone.Deploy.0 = Release|Any CPU
		{1E985D32-FD77-430B-89DF-1170430D1CBC}.Ad-Hoc|iPhoneSimulator.ActiveCfg = Release|Any CPU
		{1E985D32-FD77-430B-89DF-1170430D1CBC}.Ad-Hoc|iPhoneSimulator.Build.0 = Release|Any CPU
		{1E985D32-FD77-430B-89DF-1170430D1CBC}.Ad-Hoc|iPhoneSimulator.Deploy.0 = Release|Any CPU
		{1E985D32-FD77-430B-89DF-1170430D1CBC}.Ad-Hoc|x64.ActiveCfg = Release|Any CPU
		{1E985D32-FD77-430B-89DF-1170430D1CBC}.Ad-Hoc|x64.Build.0 = Release|Any CPU
		{1E985D32-FD77-430B-89DF-1170430D1CBC}.Ad-Hoc|x64.Deploy.0 = Release|Any CPU
		{1E985D32-FD77-430B-89DF-1170430D1CBC}.Ad-Hoc|x86.ActiveCfg = Release|Any CPU
		{1E985D32-FD77-430B-89DF-1170430D1CBC}.Ad-Hoc|x86.Build.0 = Release|Any CPU
		{1E985D32-FD77-430B-89DF-1170430D1CBC}.Ad-Hoc|x86.Deploy.0 = Release|Any CPU
		{1E985D32-FD77-430B-89DF-1170430D1CBC}.AppStore|Any CPU.ActiveCfg = Release|Any CPU
		{1E985D32-FD77-430B-89DF-1170430D1CBC}.AppStore|Any CPU.Build.0 = Release|Any CPU
		{1E985D32-FD77-430B-89DF-1170430D1CBC}.AppStore|Any CPU.Deploy.0 = Release|Any CPU
		{1E985D32-FD77-430B-89DF-1170430D1CBC}.AppStore|ARM.ActiveCfg = Release|Any CPU
		{1E985D32-FD77-430B-89DF-1170430D1CBC}.AppStore|ARM.Build.0 = Release|Any CPU
		{1E985D32-FD77-430B-89DF-1170430D1CBC}.AppStore|ARM.Deploy.0 = Release|Any CPU
		{1E985D32-FD77-430B-89DF-1170430D1CBC}.AppStore|iPhone.ActiveCfg = Release|Any CPU
		{1E985D32-FD77-430B-89DF-1170430D1CBC}.AppStore|iPhone.Build.0 = Release|Any CPU
		{1E985D32-FD77-430B-89DF-1170430D1CBC}.AppStore|iPhone.Deploy.0 = Release|Any CPU
		{1E985D32-FD77-430B-89DF-1170430D1CBC}.AppStore|iPhoneSimulator.ActiveCfg = Release|Any CPU
		{1E985D32-FD77-430B-89DF-1170430D1CBC}.AppStore|iPhoneSimulator.Build.0 = Release|Any CPU
		{1E985D32-FD77-430B-89DF-1170430D1CBC}.AppStore|iPhoneSimulator.Deploy.0 = Release|Any CPU
		{1E985D32-FD77-430B-89DF-1170430D1CBC}.AppStore|x64.ActiveCfg = Release|Any CPU
		{1E985D32-FD77-430B-89DF-1170430D1CBC}.AppStore|x64.Build.0 = Release|Any CPU
		{1E985D32-FD77-430B-89DF-1170430D1CBC}.AppStore|x64.Deploy.0 = Release|Any CPU
		{1E985D32-FD77-430B-89DF-1170430D1CBC}.AppStore|x86.ActiveCfg = Release|Any CPU
		{1E985D32-FD77-430B-89DF-1170430D1CBC}.AppStore|x86.Build.0 = Release|Any CPU
		{1E985D32-FD77-430B-89DF-1170430D1CBC}.AppStore|x86.Deploy.0 = Release|Any CPU
		{1E985D32-FD77-430B-89DF-1170430D1CBC}.Debug|Any CPU.ActiveCfg = Debug|Any CPU
		{1E985D32-FD77-430B-89DF-1170430D1CBC}.Debug|Any CPU.Build.0 = Debug|Any CPU
		{1E985D32-FD77-430B-89DF-1170430D1CBC}.Debug|Any CPU.Deploy.0 = Debug|Any CPU
		{1E985D32-FD77-430B-89DF-1170430D1CBC}.Debug|ARM.ActiveCfg = Debug|Any CPU
		{1E985D32-FD77-430B-89DF-1170430D1CBC}.Debug|ARM.Build.0 = Debug|Any CPU
		{1E985D32-FD77-430B-89DF-1170430D1CBC}.Debug|ARM.Deploy.0 = Debug|Any CPU
		{1E985D32-FD77-430B-89DF-1170430D1CBC}.Debug|iPhone.ActiveCfg = Debug|Any CPU
		{1E985D32-FD77-430B-89DF-1170430D1CBC}.Debug|iPhone.Build.0 = Debug|Any CPU
		{1E985D32-FD77-430B-89DF-1170430D1CBC}.Debug|iPhone.Deploy.0 = Debug|Any CPU
		{1E985D32-FD77-430B-89DF-1170430D1CBC}.Debug|iPhoneSimulator.ActiveCfg = Debug|Any CPU
		{1E985D32-FD77-430B-89DF-1170430D1CBC}.Debug|iPhoneSimulator.Build.0 = Debug|Any CPU
		{1E985D32-FD77-430B-89DF-1170430D1CBC}.Debug|iPhoneSimulator.Deploy.0 = Debug|Any CPU
		{1E985D32-FD77-430B-89DF-1170430D1CBC}.Debug|x64.ActiveCfg = Debug|Any CPU
		{1E985D32-FD77-430B-89DF-1170430D1CBC}.Debug|x64.Build.0 = Debug|Any CPU
		{1E985D32-FD77-430B-89DF-1170430D1CBC}.Debug|x64.Deploy.0 = Debug|Any CPU
		{1E985D32-FD77-430B-89DF-1170430D1CBC}.Debug|x86.ActiveCfg = Debug|Any CPU
		{1E985D32-FD77-430B-89DF-1170430D1CBC}.Debug|x86.Build.0 = Debug|Any CPU
		{1E985D32-FD77-430B-89DF-1170430D1CBC}.Debug|x86.Deploy.0 = Debug|Any CPU
		{1E985D32-FD77-430B-89DF-1170430D1CBC}.Release|Any CPU.ActiveCfg = Release|Any CPU
		{1E985D32-FD77-430B-89DF-1170430D1CBC}.Release|Any CPU.Build.0 = Release|Any CPU
		{1E985D32-FD77-430B-89DF-1170430D1CBC}.Release|Any CPU.Deploy.0 = Release|Any CPU
		{1E985D32-FD77-430B-89DF-1170430D1CBC}.Release|ARM.ActiveCfg = Release|Any CPU
		{1E985D32-FD77-430B-89DF-1170430D1CBC}.Release|ARM.Build.0 = Release|Any CPU
		{1E985D32-FD77-430B-89DF-1170430D1CBC}.Release|ARM.Deploy.0 = Release|Any CPU
		{1E985D32-FD77-430B-89DF-1170430D1CBC}.Release|iPhone.ActiveCfg = Release|Any CPU
		{1E985D32-FD77-430B-89DF-1170430D1CBC}.Release|iPhone.Build.0 = Release|Any CPU
		{1E985D32-FD77-430B-89DF-1170430D1CBC}.Release|iPhone.Deploy.0 = Release|Any CPU
		{1E985D32-FD77-430B-89DF-1170430D1CBC}.Release|iPhoneSimulator.ActiveCfg = Release|Any CPU
		{1E985D32-FD77-430B-89DF-1170430D1CBC}.Release|iPhoneSimulator.Build.0 = Release|Any CPU
		{1E985D32-FD77-430B-89DF-1170430D1CBC}.Release|iPhoneSimulator.Deploy.0 = Release|Any CPU
		{1E985D32-FD77-430B-89DF-1170430D1CBC}.Release|x64.ActiveCfg = Release|Any CPU
		{1E985D32-FD77-430B-89DF-1170430D1CBC}.Release|x64.Build.0 = Release|Any CPU
		{1E985D32-FD77-430B-89DF-1170430D1CBC}.Release|x64.Deploy.0 = Release|Any CPU
		{1E985D32-FD77-430B-89DF-1170430D1CBC}.Release|x86.ActiveCfg = Release|Any CPU
		{1E985D32-FD77-430B-89DF-1170430D1CBC}.Release|x86.Build.0 = Release|Any CPU
		{1E985D32-FD77-430B-89DF-1170430D1CBC}.Release|x86.Deploy.0 = Release|Any CPU
		{4B0BAA77-6696-4FB3-9D6E-CADCE6B1A09C}.Ad-Hoc|Any CPU.ActiveCfg = Ad-Hoc|iPhone
		{4B0BAA77-6696-4FB3-9D6E-CADCE6B1A09C}.Ad-Hoc|Any CPU.Build.0 = Ad-Hoc|iPhone
		{4B0BAA77-6696-4FB3-9D6E-CADCE6B1A09C}.Ad-Hoc|Any CPU.Deploy.0 = Ad-Hoc|iPhone
		{4B0BAA77-6696-4FB3-9D6E-CADCE6B1A09C}.Ad-Hoc|ARM.ActiveCfg = Ad-Hoc|iPhone
		{4B0BAA77-6696-4FB3-9D6E-CADCE6B1A09C}.Ad-Hoc|ARM.Build.0 = Ad-Hoc|iPhone
		{4B0BAA77-6696-4FB3-9D6E-CADCE6B1A09C}.Ad-Hoc|ARM.Deploy.0 = Ad-Hoc|iPhone
		{4B0BAA77-6696-4FB3-9D6E-CADCE6B1A09C}.Ad-Hoc|iPhone.ActiveCfg = Ad-Hoc|iPhone
		{4B0BAA77-6696-4FB3-9D6E-CADCE6B1A09C}.Ad-Hoc|iPhone.Build.0 = Ad-Hoc|iPhone
		{4B0BAA77-6696-4FB3-9D6E-CADCE6B1A09C}.Ad-Hoc|iPhone.Deploy.0 = Ad-Hoc|iPhone
		{4B0BAA77-6696-4FB3-9D6E-CADCE6B1A09C}.Ad-Hoc|iPhoneSimulator.ActiveCfg = Ad-Hoc|iPhoneSimulator
		{4B0BAA77-6696-4FB3-9D6E-CADCE6B1A09C}.Ad-Hoc|iPhoneSimulator.Build.0 = Ad-Hoc|iPhoneSimulator
		{4B0BAA77-6696-4FB3-9D6E-CADCE6B1A09C}.Ad-Hoc|iPhoneSimulator.Deploy.0 = Ad-Hoc|iPhoneSimulator
		{4B0BAA77-6696-4FB3-9D6E-CADCE6B1A09C}.Ad-Hoc|x64.ActiveCfg = Ad-Hoc|iPhone
		{4B0BAA77-6696-4FB3-9D6E-CADCE6B1A09C}.Ad-Hoc|x64.Build.0 = Ad-Hoc|iPhone
		{4B0BAA77-6696-4FB3-9D6E-CADCE6B1A09C}.Ad-Hoc|x64.Deploy.0 = Ad-Hoc|iPhone
		{4B0BAA77-6696-4FB3-9D6E-CADCE6B1A09C}.Ad-Hoc|x86.ActiveCfg = Ad-Hoc|iPhone
		{4B0BAA77-6696-4FB3-9D6E-CADCE6B1A09C}.Ad-Hoc|x86.Build.0 = Ad-Hoc|iPhone
		{4B0BAA77-6696-4FB3-9D6E-CADCE6B1A09C}.Ad-Hoc|x86.Deploy.0 = Ad-Hoc|iPhone
		{4B0BAA77-6696-4FB3-9D6E-CADCE6B1A09C}.AppStore|Any CPU.ActiveCfg = AppStore|iPhone
		{4B0BAA77-6696-4FB3-9D6E-CADCE6B1A09C}.AppStore|Any CPU.Build.0 = AppStore|iPhone
		{4B0BAA77-6696-4FB3-9D6E-CADCE6B1A09C}.AppStore|Any CPU.Deploy.0 = AppStore|iPhone
		{4B0BAA77-6696-4FB3-9D6E-CADCE6B1A09C}.AppStore|ARM.ActiveCfg = AppStore|iPhone
		{4B0BAA77-6696-4FB3-9D6E-CADCE6B1A09C}.AppStore|ARM.Build.0 = AppStore|iPhone
		{4B0BAA77-6696-4FB3-9D6E-CADCE6B1A09C}.AppStore|ARM.Deploy.0 = AppStore|iPhone
		{4B0BAA77-6696-4FB3-9D6E-CADCE6B1A09C}.AppStore|iPhone.ActiveCfg = AppStore|iPhone
		{4B0BAA77-6696-4FB3-9D6E-CADCE6B1A09C}.AppStore|iPhone.Build.0 = AppStore|iPhone
		{4B0BAA77-6696-4FB3-9D6E-CADCE6B1A09C}.AppStore|iPhone.Deploy.0 = AppStore|iPhone
		{4B0BAA77-6696-4FB3-9D6E-CADCE6B1A09C}.AppStore|iPhoneSimulator.ActiveCfg = AppStore|iPhoneSimulator
		{4B0BAA77-6696-4FB3-9D6E-CADCE6B1A09C}.AppStore|iPhoneSimulator.Build.0 = AppStore|iPhoneSimulator
		{4B0BAA77-6696-4FB3-9D6E-CADCE6B1A09C}.AppStore|iPhoneSimulator.Deploy.0 = AppStore|iPhoneSimulator
		{4B0BAA77-6696-4FB3-9D6E-CADCE6B1A09C}.AppStore|x64.ActiveCfg = AppStore|iPhone
		{4B0BAA77-6696-4FB3-9D6E-CADCE6B1A09C}.AppStore|x64.Build.0 = AppStore|iPhone
		{4B0BAA77-6696-4FB3-9D6E-CADCE6B1A09C}.AppStore|x64.Deploy.0 = AppStore|iPhone
		{4B0BAA77-6696-4FB3-9D6E-CADCE6B1A09C}.AppStore|x86.ActiveCfg = AppStore|iPhone
		{4B0BAA77-6696-4FB3-9D6E-CADCE6B1A09C}.AppStore|x86.Build.0 = AppStore|iPhone
		{4B0BAA77-6696-4FB3-9D6E-CADCE6B1A09C}.AppStore|x86.Deploy.0 = AppStore|iPhone
		{4B0BAA77-6696-4FB3-9D6E-CADCE6B1A09C}.Debug|Any CPU.ActiveCfg = Debug|iPhoneSimulator
		{4B0BAA77-6696-4FB3-9D6E-CADCE6B1A09C}.Debug|Any CPU.Build.0 = Debug|iPhoneSimulator
		{4B0BAA77-6696-4FB3-9D6E-CADCE6B1A09C}.Debug|Any CPU.Deploy.0 = Debug|iPhoneSimulator
		{4B0BAA77-6696-4FB3-9D6E-CADCE6B1A09C}.Debug|ARM.ActiveCfg = Debug|iPhone
		{4B0BAA77-6696-4FB3-9D6E-CADCE6B1A09C}.Debug|ARM.Build.0 = Debug|iPhone
		{4B0BAA77-6696-4FB3-9D6E-CADCE6B1A09C}.Debug|ARM.Deploy.0 = Debug|iPhone
		{4B0BAA77-6696-4FB3-9D6E-CADCE6B1A09C}.Debug|iPhone.ActiveCfg = Debug|iPhone
		{4B0BAA77-6696-4FB3-9D6E-CADCE6B1A09C}.Debug|iPhone.Build.0 = Debug|iPhone
		{4B0BAA77-6696-4FB3-9D6E-CADCE6B1A09C}.Debug|iPhone.Deploy.0 = Debug|iPhone
		{4B0BAA77-6696-4FB3-9D6E-CADCE6B1A09C}.Debug|iPhoneSimulator.ActiveCfg = Debug|iPhoneSimulator
		{4B0BAA77-6696-4FB3-9D6E-CADCE6B1A09C}.Debug|iPhoneSimulator.Build.0 = Debug|iPhoneSimulator
		{4B0BAA77-6696-4FB3-9D6E-CADCE6B1A09C}.Debug|iPhoneSimulator.Deploy.0 = Debug|iPhoneSimulator
		{4B0BAA77-6696-4FB3-9D6E-CADCE6B1A09C}.Debug|x64.ActiveCfg = Debug|iPhone
		{4B0BAA77-6696-4FB3-9D6E-CADCE6B1A09C}.Debug|x64.Build.0 = Debug|iPhone
		{4B0BAA77-6696-4FB3-9D6E-CADCE6B1A09C}.Debug|x64.Deploy.0 = Debug|iPhone
		{4B0BAA77-6696-4FB3-9D6E-CADCE6B1A09C}.Debug|x86.ActiveCfg = Debug|iPhone
		{4B0BAA77-6696-4FB3-9D6E-CADCE6B1A09C}.Debug|x86.Build.0 = Debug|iPhone
		{4B0BAA77-6696-4FB3-9D6E-CADCE6B1A09C}.Debug|x86.Deploy.0 = Debug|iPhone
		{4B0BAA77-6696-4FB3-9D6E-CADCE6B1A09C}.Release|Any CPU.ActiveCfg = Release|iPhone
		{4B0BAA77-6696-4FB3-9D6E-CADCE6B1A09C}.Release|Any CPU.Build.0 = Release|iPhone
		{4B0BAA77-6696-4FB3-9D6E-CADCE6B1A09C}.Release|Any CPU.Deploy.0 = Release|iPhone
		{4B0BAA77-6696-4FB3-9D6E-CADCE6B1A09C}.Release|ARM.ActiveCfg = Release|iPhone
		{4B0BAA77-6696-4FB3-9D6E-CADCE6B1A09C}.Release|ARM.Build.0 = Release|iPhone
		{4B0BAA77-6696-4FB3-9D6E-CADCE6B1A09C}.Release|ARM.Deploy.0 = Release|iPhone
		{4B0BAA77-6696-4FB3-9D6E-CADCE6B1A09C}.Release|iPhone.ActiveCfg = Release|iPhone
		{4B0BAA77-6696-4FB3-9D6E-CADCE6B1A09C}.Release|iPhone.Build.0 = Release|iPhone
		{4B0BAA77-6696-4FB3-9D6E-CADCE6B1A09C}.Release|iPhone.Deploy.0 = Release|iPhone
		{4B0BAA77-6696-4FB3-9D6E-CADCE6B1A09C}.Release|iPhoneSimulator.ActiveCfg = Release|iPhoneSimulator
		{4B0BAA77-6696-4FB3-9D6E-CADCE6B1A09C}.Release|iPhoneSimulator.Build.0 = Release|iPhoneSimulator
		{4B0BAA77-6696-4FB3-9D6E-CADCE6B1A09C}.Release|iPhoneSimulator.Deploy.0 = Release|iPhoneSimulator
		{4B0BAA77-6696-4FB3-9D6E-CADCE6B1A09C}.Release|x64.ActiveCfg = Release|iPhone
		{4B0BAA77-6696-4FB3-9D6E-CADCE6B1A09C}.Release|x64.Build.0 = Release|iPhone
		{4B0BAA77-6696-4FB3-9D6E-CADCE6B1A09C}.Release|x64.Deploy.0 = Release|iPhone
		{4B0BAA77-6696-4FB3-9D6E-CADCE6B1A09C}.Release|x86.ActiveCfg = Release|iPhone
		{4B0BAA77-6696-4FB3-9D6E-CADCE6B1A09C}.Release|x86.Build.0 = Release|iPhone
		{4B0BAA77-6696-4FB3-9D6E-CADCE6B1A09C}.Release|x86.Deploy.0 = Release|iPhone
		{DE4D197F-E6BF-4FBC-A307-2C6F266D6EFB}.Ad-Hoc|Any CPU.ActiveCfg = Release|x86
		{DE4D197F-E6BF-4FBC-A307-2C6F266D6EFB}.Ad-Hoc|Any CPU.Build.0 = Release|x86
		{DE4D197F-E6BF-4FBC-A307-2C6F266D6EFB}.Ad-Hoc|Any CPU.Deploy.0 = Release|x86
		{DE4D197F-E6BF-4FBC-A307-2C6F266D6EFB}.Ad-Hoc|ARM.ActiveCfg = Release|ARM
		{DE4D197F-E6BF-4FBC-A307-2C6F266D6EFB}.Ad-Hoc|ARM.Build.0 = Release|ARM
		{DE4D197F-E6BF-4FBC-A307-2C6F266D6EFB}.Ad-Hoc|ARM.Deploy.0 = Release|ARM
		{DE4D197F-E6BF-4FBC-A307-2C6F266D6EFB}.Ad-Hoc|iPhone.ActiveCfg = Release|x86
		{DE4D197F-E6BF-4FBC-A307-2C6F266D6EFB}.Ad-Hoc|iPhone.Build.0 = Release|x86
		{DE4D197F-E6BF-4FBC-A307-2C6F266D6EFB}.Ad-Hoc|iPhone.Deploy.0 = Release|x86
		{DE4D197F-E6BF-4FBC-A307-2C6F266D6EFB}.Ad-Hoc|iPhoneSimulator.ActiveCfg = Release|x86
		{DE4D197F-E6BF-4FBC-A307-2C6F266D6EFB}.Ad-Hoc|iPhoneSimulator.Build.0 = Release|x86
		{DE4D197F-E6BF-4FBC-A307-2C6F266D6EFB}.Ad-Hoc|iPhoneSimulator.Deploy.0 = Release|x86
		{DE4D197F-E6BF-4FBC-A307-2C6F266D6EFB}.Ad-Hoc|x64.ActiveCfg = Release|x64
		{DE4D197F-E6BF-4FBC-A307-2C6F266D6EFB}.Ad-Hoc|x64.Build.0 = Release|x64
		{DE4D197F-E6BF-4FBC-A307-2C6F266D6EFB}.Ad-Hoc|x64.Deploy.0 = Release|x64
		{DE4D197F-E6BF-4FBC-A307-2C6F266D6EFB}.Ad-Hoc|x86.ActiveCfg = Release|x86
		{DE4D197F-E6BF-4FBC-A307-2C6F266D6EFB}.Ad-Hoc|x86.Build.0 = Release|x86
		{DE4D197F-E6BF-4FBC-A307-2C6F266D6EFB}.Ad-Hoc|x86.Deploy.0 = Release|x86
		{DE4D197F-E6BF-4FBC-A307-2C6F266D6EFB}.AppStore|Any CPU.ActiveCfg = Release|x86
		{DE4D197F-E6BF-4FBC-A307-2C6F266D6EFB}.AppStore|Any CPU.Build.0 = Release|x86
		{DE4D197F-E6BF-4FBC-A307-2C6F266D6EFB}.AppStore|Any CPU.Deploy.0 = Release|x86
		{DE4D197F-E6BF-4FBC-A307-2C6F266D6EFB}.AppStore|ARM.ActiveCfg = Release|ARM
		{DE4D197F-E6BF-4FBC-A307-2C6F266D6EFB}.AppStore|ARM.Build.0 = Release|ARM
		{DE4D197F-E6BF-4FBC-A307-2C6F266D6EFB}.AppStore|ARM.Deploy.0 = Release|ARM
		{DE4D197F-E6BF-4FBC-A307-2C6F266D6EFB}.AppStore|iPhone.ActiveCfg = Release|x86
		{DE4D197F-E6BF-4FBC-A307-2C6F266D6EFB}.AppStore|iPhone.Build.0 = Release|x86
		{DE4D197F-E6BF-4FBC-A307-2C6F266D6EFB}.AppStore|iPhone.Deploy.0 = Release|x86
		{DE4D197F-E6BF-4FBC-A307-2C6F266D6EFB}.AppStore|iPhoneSimulator.ActiveCfg = Release|x86
		{DE4D197F-E6BF-4FBC-A307-2C6F266D6EFB}.AppStore|iPhoneSimulator.Build.0 = Release|x86
		{DE4D197F-E6BF-4FBC-A307-2C6F266D6EFB}.AppStore|iPhoneSimulator.Deploy.0 = Release|x86
		{DE4D197F-E6BF-4FBC-A307-2C6F266D6EFB}.AppStore|x64.ActiveCfg = Release|x64
		{DE4D197F-E6BF-4FBC-A307-2C6F266D6EFB}.AppStore|x64.Build.0 = Release|x64
		{DE4D197F-E6BF-4FBC-A307-2C6F266D6EFB}.AppStore|x64.Deploy.0 = Release|x64
		{DE4D197F-E6BF-4FBC-A307-2C6F266D6EFB}.AppStore|x86.ActiveCfg = Release|x86
		{DE4D197F-E6BF-4FBC-A307-2C6F266D6EFB}.AppStore|x86.Build.0 = Release|x86
		{DE4D197F-E6BF-4FBC-A307-2C6F266D6EFB}.AppStore|x86.Deploy.0 = Release|x86
		{DE4D197F-E6BF-4FBC-A307-2C6F266D6EFB}.Debug|Any CPU.ActiveCfg = Debug|x86
		{DE4D197F-E6BF-4FBC-A307-2C6F266D6EFB}.Debug|Any CPU.Build.0 = Debug|x86
		{DE4D197F-E6BF-4FBC-A307-2C6F266D6EFB}.Debug|Any CPU.Deploy.0 = Debug|x86
		{DE4D197F-E6BF-4FBC-A307-2C6F266D6EFB}.Debug|ARM.ActiveCfg = Debug|ARM
		{DE4D197F-E6BF-4FBC-A307-2C6F266D6EFB}.Debug|ARM.Build.0 = Debug|ARM
		{DE4D197F-E6BF-4FBC-A307-2C6F266D6EFB}.Debug|ARM.Deploy.0 = Debug|ARM
		{DE4D197F-E6BF-4FBC-A307-2C6F266D6EFB}.Debug|iPhone.ActiveCfg = Debug|x86
		{DE4D197F-E6BF-4FBC-A307-2C6F266D6EFB}.Debug|iPhone.Build.0 = Debug|x86
		{DE4D197F-E6BF-4FBC-A307-2C6F266D6EFB}.Debug|iPhone.Deploy.0 = Debug|x86
		{DE4D197F-E6BF-4FBC-A307-2C6F266D6EFB}.Debug|iPhoneSimulator.ActiveCfg = Debug|x86
		{DE4D197F-E6BF-4FBC-A307-2C6F266D6EFB}.Debug|iPhoneSimulator.Build.0 = Debug|x86
		{DE4D197F-E6BF-4FBC-A307-2C6F266D6EFB}.Debug|iPhoneSimulator.Deploy.0 = Debug|x86
		{DE4D197F-E6BF-4FBC-A307-2C6F266D6EFB}.Debug|x64.ActiveCfg = Debug|x64
		{DE4D197F-E6BF-4FBC-A307-2C6F266D6EFB}.Debug|x64.Build.0 = Debug|x64
		{DE4D197F-E6BF-4FBC-A307-2C6F266D6EFB}.Debug|x64.Deploy.0 = Debug|x64
		{DE4D197F-E6BF-4FBC-A307-2C6F266D6EFB}.Debug|x86.ActiveCfg = Debug|x86
		{DE4D197F-E6BF-4FBC-A307-2C6F266D6EFB}.Debug|x86.Build.0 = Debug|x86
		{DE4D197F-E6BF-4FBC-A307-2C6F266D6EFB}.Debug|x86.Deploy.0 = Debug|x86
		{DE4D197F-E6BF-4FBC-A307-2C6F266D6EFB}.Release|Any CPU.ActiveCfg = Release|x86
		{DE4D197F-E6BF-4FBC-A307-2C6F266D6EFB}.Release|Any CPU.Build.0 = Release|x86
		{DE4D197F-E6BF-4FBC-A307-2C6F266D6EFB}.Release|Any CPU.Deploy.0 = Release|x86
		{DE4D197F-E6BF-4FBC-A307-2C6F266D6EFB}.Release|ARM.ActiveCfg = Release|ARM
		{DE4D197F-E6BF-4FBC-A307-2C6F266D6EFB}.Release|ARM.Build.0 = Release|ARM
		{DE4D197F-E6BF-4FBC-A307-2C6F266D6EFB}.Release|ARM.Deploy.0 = Release|ARM
		{DE4D197F-E6BF-4FBC-A307-2C6F266D6EFB}.Release|iPhone.ActiveCfg = Release|x86
		{DE4D197F-E6BF-4FBC-A307-2C6F266D6EFB}.Release|iPhone.Build.0 = Release|x86
		{DE4D197F-E6BF-4FBC-A307-2C6F266D6EFB}.Release|iPhone.Deploy.0 = Release|x86
		{DE4D197F-E6BF-4FBC-A307-2C6F266D6EFB}.Release|iPhoneSimulator.ActiveCfg = Release|x86
		{DE4D197F-E6BF-4FBC-A307-2C6F266D6EFB}.Release|iPhoneSimulator.Build.0 = Release|x86
		{DE4D197F-E6BF-4FBC-A307-2C6F266D6EFB}.Release|iPhoneSimulator.Deploy.0 = Release|x86
		{DE4D197F-E6BF-4FBC-A307-2C6F266D6EFB}.Release|x64.ActiveCfg = Release|x64
		{DE4D197F-E6BF-4FBC-A307-2C6F266D6EFB}.Release|x64.Build.0 = Release|x64
		{DE4D197F-E6BF-4FBC-A307-2C6F266D6EFB}.Release|x64.Deploy.0 = Release|x64
		{DE4D197F-E6BF-4FBC-A307-2C6F266D6EFB}.Release|x86.ActiveCfg = Release|x86
		{DE4D197F-E6BF-4FBC-A307-2C6F266D6EFB}.Release|x86.Build.0 = Release|x86
		{DE4D197F-E6BF-4FBC-A307-2C6F266D6EFB}.Release|x86.Deploy.0 = Release|x86
		{F1637A31-7B7A-49DA-AB3F-70362DF8471C}.Ad-Hoc|Any CPU.ActiveCfg = Debug|Any CPU
		{F1637A31-7B7A-49DA-AB3F-70362DF8471C}.Ad-Hoc|Any CPU.Build.0 = Debug|Any CPU
		{F1637A31-7B7A-49DA-AB3F-70362DF8471C}.Ad-Hoc|Any CPU.Deploy.0 = Debug|Any CPU
		{F1637A31-7B7A-49DA-AB3F-70362DF8471C}.Ad-Hoc|ARM.ActiveCfg = Debug|Any CPU
		{F1637A31-7B7A-49DA-AB3F-70362DF8471C}.Ad-Hoc|ARM.Build.0 = Debug|Any CPU
		{F1637A31-7B7A-49DA-AB3F-70362DF8471C}.Ad-Hoc|ARM.Deploy.0 = Debug|Any CPU
		{F1637A31-7B7A-49DA-AB3F-70362DF8471C}.Ad-Hoc|iPhone.ActiveCfg = Debug|Any CPU
		{F1637A31-7B7A-49DA-AB3F-70362DF8471C}.Ad-Hoc|iPhone.Build.0 = Debug|Any CPU
		{F1637A31-7B7A-49DA-AB3F-70362DF8471C}.Ad-Hoc|iPhone.Deploy.0 = Debug|Any CPU
		{F1637A31-7B7A-49DA-AB3F-70362DF8471C}.Ad-Hoc|iPhoneSimulator.ActiveCfg = Debug|Any CPU
		{F1637A31-7B7A-49DA-AB3F-70362DF8471C}.Ad-Hoc|iPhoneSimulator.Build.0 = Debug|Any CPU
		{F1637A31-7B7A-49DA-AB3F-70362DF8471C}.Ad-Hoc|iPhoneSimulator.Deploy.0 = Debug|Any CPU
		{F1637A31-7B7A-49DA-AB3F-70362DF8471C}.Ad-Hoc|x64.ActiveCfg = Debug|Any CPU
		{F1637A31-7B7A-49DA-AB3F-70362DF8471C}.Ad-Hoc|x64.Build.0 = Debug|Any CPU
		{F1637A31-7B7A-49DA-AB3F-70362DF8471C}.Ad-Hoc|x64.Deploy.0 = Debug|Any CPU
		{F1637A31-7B7A-49DA-AB3F-70362DF8471C}.Ad-Hoc|x86.ActiveCfg = Debug|Any CPU
		{F1637A31-7B7A-49DA-AB3F-70362DF8471C}.Ad-Hoc|x86.Build.0 = Debug|Any CPU
		{F1637A31-7B7A-49DA-AB3F-70362DF8471C}.Ad-Hoc|x86.Deploy.0 = Debug|Any CPU
		{F1637A31-7B7A-49DA-AB3F-70362DF8471C}.AppStore|Any CPU.ActiveCfg = Debug|Any CPU
		{F1637A31-7B7A-49DA-AB3F-70362DF8471C}.AppStore|Any CPU.Build.0 = Debug|Any CPU
		{F1637A31-7B7A-49DA-AB3F-70362DF8471C}.AppStore|Any CPU.Deploy.0 = Debug|Any CPU
		{F1637A31-7B7A-49DA-AB3F-70362DF8471C}.AppStore|ARM.ActiveCfg = Debug|Any CPU
		{F1637A31-7B7A-49DA-AB3F-70362DF8471C}.AppStore|ARM.Build.0 = Debug|Any CPU
		{F1637A31-7B7A-49DA-AB3F-70362DF8471C}.AppStore|ARM.Deploy.0 = Debug|Any CPU
		{F1637A31-7B7A-49DA-AB3F-70362DF8471C}.AppStore|iPhone.ActiveCfg = Debug|Any CPU
		{F1637A31-7B7A-49DA-AB3F-70362DF8471C}.AppStore|iPhone.Build.0 = Debug|Any CPU
		{F1637A31-7B7A-49DA-AB3F-70362DF8471C}.AppStore|iPhone.Deploy.0 = Debug|Any CPU
		{F1637A31-7B7A-49DA-AB3F-70362DF8471C}.AppStore|iPhoneSimulator.ActiveCfg = Debug|Any CPU
		{F1637A31-7B7A-49DA-AB3F-70362DF8471C}.AppStore|iPhoneSimulator.Build.0 = Debug|Any CPU
		{F1637A31-7B7A-49DA-AB3F-70362DF8471C}.AppStore|iPhoneSimulator.Deploy.0 = Debug|Any CPU
		{F1637A31-7B7A-49DA-AB3F-70362DF8471C}.AppStore|x64.ActiveCfg = Debug|Any CPU
		{F1637A31-7B7A-49DA-AB3F-70362DF8471C}.AppStore|x64.Build.0 = Debug|Any CPU
		{F1637A31-7B7A-49DA-AB3F-70362DF8471C}.AppStore|x64.Deploy.0 = Debug|Any CPU
		{F1637A31-7B7A-49DA-AB3F-70362DF8471C}.AppStore|x86.ActiveCfg = Debug|Any CPU
		{F1637A31-7B7A-49DA-AB3F-70362DF8471C}.AppStore|x86.Build.0 = Debug|Any CPU
		{F1637A31-7B7A-49DA-AB3F-70362DF8471C}.AppStore|x86.Deploy.0 = Debug|Any CPU
		{F1637A31-7B7A-49DA-AB3F-70362DF8471C}.Debug|Any CPU.ActiveCfg = Debug|Any CPU
		{F1637A31-7B7A-49DA-AB3F-70362DF8471C}.Debug|Any CPU.Build.0 = Debug|Any CPU
		{F1637A31-7B7A-49DA-AB3F-70362DF8471C}.Debug|Any CPU.Deploy.0 = Debug|Any CPU
		{F1637A31-7B7A-49DA-AB3F-70362DF8471C}.Debug|ARM.ActiveCfg = Debug|Any CPU
		{F1637A31-7B7A-49DA-AB3F-70362DF8471C}.Debug|ARM.Build.0 = Debug|Any CPU
		{F1637A31-7B7A-49DA-AB3F-70362DF8471C}.Debug|ARM.Deploy.0 = Debug|Any CPU
		{F1637A31-7B7A-49DA-AB3F-70362DF8471C}.Debug|iPhone.ActiveCfg = Debug|Any CPU
		{F1637A31-7B7A-49DA-AB3F-70362DF8471C}.Debug|iPhone.Build.0 = Debug|Any CPU
		{F1637A31-7B7A-49DA-AB3F-70362DF8471C}.Debug|iPhone.Deploy.0 = Debug|Any CPU
		{F1637A31-7B7A-49DA-AB3F-70362DF8471C}.Debug|iPhoneSimulator.ActiveCfg = Debug|Any CPU
		{F1637A31-7B7A-49DA-AB3F-70362DF8471C}.Debug|iPhoneSimulator.Build.0 = Debug|Any CPU
		{F1637A31-7B7A-49DA-AB3F-70362DF8471C}.Debug|iPhoneSimulator.Deploy.0 = Debug|Any CPU
		{F1637A31-7B7A-49DA-AB3F-70362DF8471C}.Debug|x64.ActiveCfg = Debug|Any CPU
		{F1637A31-7B7A-49DA-AB3F-70362DF8471C}.Debug|x64.Build.0 = Debug|Any CPU
		{F1637A31-7B7A-49DA-AB3F-70362DF8471C}.Debug|x64.Deploy.0 = Debug|Any CPU
		{F1637A31-7B7A-49DA-AB3F-70362DF8471C}.Debug|x86.ActiveCfg = Debug|Any CPU
		{F1637A31-7B7A-49DA-AB3F-70362DF8471C}.Debug|x86.Build.0 = Debug|Any CPU
		{F1637A31-7B7A-49DA-AB3F-70362DF8471C}.Debug|x86.Deploy.0 = Debug|Any CPU
		{F1637A31-7B7A-49DA-AB3F-70362DF8471C}.Release|Any CPU.ActiveCfg = Release|Any CPU
		{F1637A31-7B7A-49DA-AB3F-70362DF8471C}.Release|Any CPU.Build.0 = Release|Any CPU
		{F1637A31-7B7A-49DA-AB3F-70362DF8471C}.Release|Any CPU.Deploy.0 = Release|Any CPU
		{F1637A31-7B7A-49DA-AB3F-70362DF8471C}.Release|ARM.ActiveCfg = Release|Any CPU
		{F1637A31-7B7A-49DA-AB3F-70362DF8471C}.Release|ARM.Build.0 = Release|Any CPU
		{F1637A31-7B7A-49DA-AB3F-70362DF8471C}.Release|ARM.Deploy.0 = Release|Any CPU
		{F1637A31-7B7A-49DA-AB3F-70362DF8471C}.Release|iPhone.ActiveCfg = Release|Any CPU
		{F1637A31-7B7A-49DA-AB3F-70362DF8471C}.Release|iPhone.Build.0 = Release|Any CPU
		{F1637A31-7B7A-49DA-AB3F-70362DF8471C}.Release|iPhone.Deploy.0 = Release|Any CPU
		{F1637A31-7B7A-49DA-AB3F-70362DF8471C}.Release|iPhoneSimulator.ActiveCfg = Release|Any CPU
		{F1637A31-7B7A-49DA-AB3F-70362DF8471C}.Release|iPhoneSimulator.Build.0 = Release|Any CPU
		{F1637A31-7B7A-49DA-AB3F-70362DF8471C}.Release|iPhoneSimulator.Deploy.0 = Release|Any CPU
		{F1637A31-7B7A-49DA-AB3F-70362DF8471C}.Release|x64.ActiveCfg = Release|Any CPU
		{F1637A31-7B7A-49DA-AB3F-70362DF8471C}.Release|x64.Build.0 = Release|Any CPU
		{F1637A31-7B7A-49DA-AB3F-70362DF8471C}.Release|x64.Deploy.0 = Release|Any CPU
		{F1637A31-7B7A-49DA-AB3F-70362DF8471C}.Release|x86.ActiveCfg = Release|Any CPU
		{F1637A31-7B7A-49DA-AB3F-70362DF8471C}.Release|x86.Build.0 = Release|Any CPU
		{F1637A31-7B7A-49DA-AB3F-70362DF8471C}.Release|x86.Deploy.0 = Release|Any CPU
	EndGlobalSection
	GlobalSection(SolutionProperties) = preSolution
		HideSolutionNode = FALSE
	EndGlobalSection
	GlobalSection(ExtensibilityGlobals) = postSolution
		SolutionGuid = {0147F931-AFE1-40B7-B57C-56FC6F74B648}
	EndGlobalSection
EndGlobal
