
Microsoft Visual Studio Solution File, Format Version 12.00
# Visual Studio 15
VisualStudioVersion = 15.0.28307.489
MinimumVisualStudioVersion = 10.0.40219.1
Project("{FAE04EC0-301F-11D3-BF4B-00C04F79EFBC}") = "Shake4Quake.Android", "Shake4Quake\Shake4Quake.Android\Shake4Quake.Android.csproj", "{08ED0374-2C65-43E5-857B-07A8046762DE}"
EndProject
Project("{FAE04EC0-301F-11D3-BF4B-00C04F79EFBC}") = "Shake4Quake.iOS", "Shake4Quake\Shake4Quake.iOS\Shake4Quake.iOS.csproj", "{02C0E146-0DD2-4A16-8C40-85C2C8020927}"
EndProject
Project("{FAE04EC0-301F-11D3-BF4B-00C04F79EFBC}") = "Shake4Quake", "Shake4Quake\Shake4Quake\Shake4Quake.csproj", "{A5FFC0CC-84CD-4496-A1E5-341CB339423D}"
EndProject
Project("{FAE04EC0-301F-11D3-BF4B-00C04F79EFBC}") = "Shake4Quake.WPF", "Shake4Quake.WPF\Shake4Quake.WPF.csproj", "{67D7C4E4-DF16-46D1-8E26-C0859004CB88}"
EndProject
Global
	GlobalSection(SolutionConfigurationPlatforms) = preSolution
		Ad-Hoc|Any CPU = Ad-Hoc|Any CPU
		Ad-Hoc|ARM = Ad-Hoc|ARM
		Ad-Hoc|iPhone = Ad-Hoc|iPhone
		Ad-Hoc|iPhoneSimulator = Ad-Hoc|iPhoneSimulator
		Ad-Hoc|x64 = Ad-Hoc|x64
		Ad-Hoc|x86 = Ad-Hoc|x86
		AppStore|Any CPU = AppStore|Any CPU
		AppStore|ARM = AppStore|ARM
		AppStore|iPhone = AppStore|iPhone
		AppStore|iPhoneSimulator = AppStore|iPhoneSimulator
		AppStore|x64 = AppStore|x64
		AppStore|x86 = AppStore|x86
		Debug|Any CPU = Debug|Any CPU
		Debug|ARM = Debug|ARM
		Debug|iPhone = Debug|iPhone
		Debug|iPhoneSimulator = Debug|iPhoneSimulator
		Debug|x64 = Debug|x64
		Debug|x86 = Debug|x86
		Release|Any CPU = Release|Any CPU
		Release|ARM = Release|ARM
		Release|iPhone = Release|iPhone
		Release|iPhoneSimulator = Release|iPhoneSimulator
		Release|x64 = Release|x64
		Release|x86 = Release|x86
	EndGlobalSection
	GlobalSection(ProjectConfigurationPlatforms) = postSolution
		{08ED0374-2C65-43E5-857B-07A8046762DE}.Ad-Hoc|Any CPU.ActiveCfg = Release|Any CPU
		{08ED0374-2C65-43E5-857B-07A8046762DE}.Ad-Hoc|Any CPU.Build.0 = Release|Any CPU
		{08ED0374-2C65-43E5-857B-07A8046762DE}.Ad-Hoc|Any CPU.Deploy.0 = Release|Any CPU
		{08ED0374-2C65-43E5-857B-07A8046762DE}.Ad-Hoc|ARM.ActiveCfg = Release|Any CPU
		{08ED0374-2C65-43E5-857B-07A8046762DE}.Ad-Hoc|ARM.Build.0 = Release|Any CPU
		{08ED0374-2C65-43E5-857B-07A8046762DE}.Ad-Hoc|ARM.Deploy.0 = Release|Any CPU
		{08ED0374-2C65-43E5-857B-07A8046762DE}.Ad-Hoc|iPhone.ActiveCfg = Release|Any CPU
		{08ED0374-2C65-43E5-857B-07A8046762DE}.Ad-Hoc|iPhone.Build.0 = Release|Any CPU
		{08ED0374-2C65-43E5-857B-07A8046762DE}.Ad-Hoc|iPhone.Deploy.0 = Release|Any CPU
		{08ED0374-2C65-43E5-857B-07A8046762DE}.Ad-Hoc|iPhoneSimulator.ActiveCfg = Release|Any CPU
		{08ED0374-2C65-43E5-857B-07A8046762DE}.Ad-Hoc|iPhoneSimulator.Build.0 = Release|Any CPU
		{08ED0374-2C65-43E5-857B-07A8046762DE}.Ad-Hoc|iPhoneSimulator.Deploy.0 = Release|Any CPU
		{08ED0374-2C65-43E5-857B-07A8046762DE}.Ad-Hoc|x64.ActiveCfg = Release|Any CPU
		{08ED0374-2C65-43E5-857B-07A8046762DE}.Ad-Hoc|x64.Build.0 = Release|Any CPU
		{08ED0374-2C65-43E5-857B-07A8046762DE}.Ad-Hoc|x64.Deploy.0 = Release|Any CPU
		{08ED0374-2C65-43E5-857B-07A8046762DE}.Ad-Hoc|x86.ActiveCfg = Release|Any CPU
		{08ED0374-2C65-43E5-857B-07A8046762DE}.Ad-Hoc|x86.Build.0 = Release|Any CPU
		{08ED0374-2C65-43E5-857B-07A8046762DE}.Ad-Hoc|x86.Deploy.0 = Release|Any CPU
		{08ED0374-2C65-43E5-857B-07A8046762DE}.AppStore|Any CPU.ActiveCfg = Release|Any CPU
		{08ED0374-2C65-43E5-857B-07A8046762DE}.AppStore|Any CPU.Build.0 = Release|Any CPU
		{08ED0374-2C65-43E5-857B-07A8046762DE}.AppStore|Any CPU.Deploy.0 = Release|Any CPU
		{08ED0374-2C65-43E5-857B-07A8046762DE}.AppStore|ARM.ActiveCfg = Release|Any CPU
		{08ED0374-2C65-43E5-857B-07A8046762DE}.AppStore|ARM.Build.0 = Release|Any CPU
		{08ED0374-2C65-43E5-857B-07A8046762DE}.AppStore|ARM.Deploy.0 = Release|Any CPU
		{08ED0374-2C65-43E5-857B-07A8046762DE}.AppStore|iPhone.ActiveCfg = Release|Any CPU
		{08ED0374-2C65-43E5-857B-07A8046762DE}.AppStore|iPhone.Build.0 = Release|Any CPU
		{08ED0374-2C65-43E5-857B-07A8046762DE}.AppStore|iPhone.Deploy.0 = Release|Any CPU
		{08ED0374-2C65-43E5-857B-07A8046762DE}.AppStore|iPhoneSimulator.ActiveCfg = Release|Any CPU
		{08ED0374-2C65-43E5-857B-07A8046762DE}.AppStore|iPhoneSimulator.Build.0 = Release|Any CPU
		{08ED0374-2C65-43E5-857B-07A8046762DE}.AppStore|iPhoneSimulator.Deploy.0 = Release|Any CPU
		{08ED0374-2C65-43E5-857B-07A8046762DE}.AppStore|x64.ActiveCfg = Release|Any CPU
		{08ED0374-2C65-43E5-857B-07A8046762DE}.AppStore|x64.Build.0 = Release|Any CPU
		{08ED0374-2C65-43E5-857B-07A8046762DE}.AppStore|x64.Deploy.0 = Release|Any CPU
		{08ED0374-2C65-43E5-857B-07A8046762DE}.AppStore|x86.ActiveCfg = Release|Any CPU
		{08ED0374-2C65-43E5-857B-07A8046762DE}.AppStore|x86.Build.0 = Release|Any CPU
		{08ED0374-2C65-43E5-857B-07A8046762DE}.AppStore|x86.Deploy.0 = Release|Any CPU
		{08ED0374-2C65-43E5-857B-07A8046762DE}.Debug|Any CPU.ActiveCfg = Debug|Any CPU
		{08ED0374-2C65-43E5-857B-07A8046762DE}.Debug|Any CPU.Build.0 = Debug|Any CPU
		{08ED0374-2C65-43E5-857B-07A8046762DE}.Debug|Any CPU.Deploy.0 = Debug|Any CPU
		{08ED0374-2C65-43E5-857B-07A8046762DE}.Debug|ARM.ActiveCfg = Debug|Any CPU
		{08ED0374-2C65-43E5-857B-07A8046762DE}.Debug|ARM.Build.0 = Debug|Any CPU
		{08ED0374-2C65-43E5-857B-07A8046762DE}.Debug|ARM.Deploy.0 = Debug|Any CPU
		{08ED0374-2C65-43E5-857B-07A8046762DE}.Debug|iPhone.ActiveCfg = Debug|Any CPU
		{08ED0374-2C65-43E5-857B-07A8046762DE}.Debug|iPhone.Build.0 = Debug|Any CPU
		{08ED0374-2C65-43E5-857B-07A8046762DE}.Debug|iPhone.Deploy.0 = Debug|Any CPU
		{08ED0374-2C65-43E5-857B-07A8046762DE}.Debug|iPhoneSimulator.ActiveCfg = Debug|Any CPU
		{08ED0374-2C65-43E5-857B-07A8046762DE}.Debug|iPhoneSimulator.Build.0 = Debug|Any CPU
		{08ED0374-2C65-43E5-857B-07A8046762DE}.Debug|iPhoneSimulator.Deploy.0 = Debug|Any CPU
		{08ED0374-2C65-43E5-857B-07A8046762DE}.Debug|x64.ActiveCfg = Debug|Any CPU
		{08ED0374-2C65-43E5-857B-07A8046762DE}.Debug|x64.Build.0 = Debug|Any CPU
		{08ED0374-2C65-43E5-857B-07A8046762DE}.Debug|x64.Deploy.0 = Debug|Any CPU
		{08ED0374-2C65-43E5-857B-07A8046762DE}.Debug|x86.ActiveCfg = Debug|Any CPU
		{08ED0374-2C65-43E5-857B-07A8046762DE}.Debug|x86.Build.0 = Debug|Any CPU
		{08ED0374-2C65-43E5-857B-07A8046762DE}.Debug|x86.Deploy.0 = Debug|Any CPU
		{08ED0374-2C65-43E5-857B-07A8046762DE}.Release|Any CPU.ActiveCfg = Release|Any CPU
		{08ED0374-2C65-43E5-857B-07A8046762DE}.Release|Any CPU.Build.0 = Release|Any CPU
		{08ED0374-2C65-43E5-857B-07A8046762DE}.Release|Any CPU.Deploy.0 = Release|Any CPU
		{08ED0374-2C65-43E5-857B-07A8046762DE}.Release|ARM.ActiveCfg = Release|Any CPU
		{08ED0374-2C65-43E5-857B-07A8046762DE}.Release|ARM.Build.0 = Release|Any CPU
		{08ED0374-2C65-43E5-857B-07A8046762DE}.Release|ARM.Deploy.0 = Release|Any CPU
		{08ED0374-2C65-43E5-857B-07A8046762DE}.Release|iPhone.ActiveCfg = Release|Any CPU
		{08ED0374-2C65-43E5-857B-07A8046762DE}.Release|iPhone.Build.0 = Release|Any CPU
		{08ED0374-2C65-43E5-857B-07A8046762DE}.Release|iPhone.Deploy.0 = Release|Any CPU
		{08ED0374-2C65-43E5-857B-07A8046762DE}.Release|iPhoneSimulator.ActiveCfg = Release|Any CPU
		{08ED0374-2C65-43E5-857B-07A8046762DE}.Release|iPhoneSimulator.Build.0 = Release|Any CPU
		{08ED0374-2C65-43E5-857B-07A8046762DE}.Release|iPhoneSimulator.Deploy.0 = Release|Any CPU
		{08ED0374-2C65-43E5-857B-07A8046762DE}.Release|x64.ActiveCfg = Release|Any CPU
		{08ED0374-2C65-43E5-857B-07A8046762DE}.Release|x64.Build.0 = Release|Any CPU
		{08ED0374-2C65-43E5-857B-07A8046762DE}.Release|x64.Deploy.0 = Release|Any CPU
		{08ED0374-2C65-43E5-857B-07A8046762DE}.Release|x86.ActiveCfg = Release|Any CPU
		{08ED0374-2C65-43E5-857B-07A8046762DE}.Release|x86.Build.0 = Release|Any CPU
		{08ED0374-2C65-43E5-857B-07A8046762DE}.Release|x86.Deploy.0 = Release|Any CPU
		{02C0E146-0DD2-4A16-8C40-85C2C8020927}.Ad-Hoc|Any CPU.ActiveCfg = Ad-Hoc|iPhone
		{02C0E146-0DD2-4A16-8C40-85C2C8020927}.Ad-Hoc|Any CPU.Build.0 = Ad-Hoc|iPhone
		{02C0E146-0DD2-4A16-8C40-85C2C8020927}.Ad-Hoc|Any CPU.Deploy.0 = Ad-Hoc|iPhone
		{02C0E146-0DD2-4A16-8C40-85C2C8020927}.Ad-Hoc|ARM.ActiveCfg = Ad-Hoc|iPhone
		{02C0E146-0DD2-4A16-8C40-85C2C8020927}.Ad-Hoc|ARM.Build.0 = Ad-Hoc|iPhone
		{02C0E146-0DD2-4A16-8C40-85C2C8020927}.Ad-Hoc|ARM.Deploy.0 = Ad-Hoc|iPhone
		{02C0E146-0DD2-4A16-8C40-85C2C8020927}.Ad-Hoc|iPhone.ActiveCfg = Ad-Hoc|iPhone
		{02C0E146-0DD2-4A16-8C40-85C2C8020927}.Ad-Hoc|iPhone.Build.0 = Ad-Hoc|iPhone
		{02C0E146-0DD2-4A16-8C40-85C2C8020927}.Ad-Hoc|iPhone.Deploy.0 = Ad-Hoc|iPhone
		{02C0E146-0DD2-4A16-8C40-85C2C8020927}.Ad-Hoc|iPhoneSimulator.ActiveCfg = Ad-Hoc|iPhoneSimulator
		{02C0E146-0DD2-4A16-8C40-85C2C8020927}.Ad-Hoc|iPhoneSimulator.Build.0 = Ad-Hoc|iPhoneSimulator
		{02C0E146-0DD2-4A16-8C40-85C2C8020927}.Ad-Hoc|iPhoneSimulator.Deploy.0 = Ad-Hoc|iPhoneSimulator
		{02C0E146-0DD2-4A16-8C40-85C2C8020927}.Ad-Hoc|x64.ActiveCfg = Ad-Hoc|iPhone
		{02C0E146-0DD2-4A16-8C40-85C2C8020927}.Ad-Hoc|x64.Build.0 = Ad-Hoc|iPhone
		{02C0E146-0DD2-4A16-8C40-85C2C8020927}.Ad-Hoc|x64.Deploy.0 = Ad-Hoc|iPhone
		{02C0E146-0DD2-4A16-8C40-85C2C8020927}.Ad-Hoc|x86.ActiveCfg = Ad-Hoc|iPhone
		{02C0E146-0DD2-4A16-8C40-85C2C8020927}.Ad-Hoc|x86.Build.0 = Ad-Hoc|iPhone
		{02C0E146-0DD2-4A16-8C40-85C2C8020927}.Ad-Hoc|x86.Deploy.0 = Ad-Hoc|iPhone
		{02C0E146-0DD2-4A16-8C40-85C2C8020927}.AppStore|Any CPU.ActiveCfg = AppStore|iPhone
		{02C0E146-0DD2-4A16-8C40-85C2C8020927}.AppStore|Any CPU.Build.0 = AppStore|iPhone
		{02C0E146-0DD2-4A16-8C40-85C2C8020927}.AppStore|Any CPU.Deploy.0 = AppStore|iPhone
		{02C0E146-0DD2-4A16-8C40-85C2C8020927}.AppStore|ARM.ActiveCfg = AppStore|iPhone
		{02C0E146-0DD2-4A16-8C40-85C2C8020927}.AppStore|ARM.Build.0 = AppStore|iPhone
		{02C0E146-0DD2-4A16-8C40-85C2C8020927}.AppStore|ARM.Deploy.0 = AppStore|iPhone
		{02C0E146-0DD2-4A16-8C40-85C2C8020927}.AppStore|iPhone.ActiveCfg = AppStore|iPhone
		{02C0E146-0DD2-4A16-8C40-85C2C8020927}.AppStore|iPhone.Build.0 = AppStore|iPhone
		{02C0E146-0DD2-4A16-8C40-85C2C8020927}.AppStore|iPhone.Deploy.0 = AppStore|iPhone
		{02C0E146-0DD2-4A16-8C40-85C2C8020927}.AppStore|iPhoneSimulator.ActiveCfg = AppStore|iPhoneSimulator
		{02C0E146-0DD2-4A16-8C40-85C2C8020927}.AppStore|iPhoneSimulator.Build.0 = AppStore|iPhoneSimulator
		{02C0E146-0DD2-4A16-8C40-85C2C8020927}.AppStore|iPhoneSimulator.Deploy.0 = AppStore|iPhoneSimulator
		{02C0E146-0DD2-4A16-8C40-85C2C8020927}.AppStore|x64.ActiveCfg = AppStore|iPhone
		{02C0E146-0DD2-4A16-8C40-85C2C8020927}.AppStore|x64.Build.0 = AppStore|iPhone
		{02C0E146-0DD2-4A16-8C40-85C2C8020927}.AppStore|x64.Deploy.0 = AppStore|iPhone
		{02C0E146-0DD2-4A16-8C40-85C2C8020927}.AppStore|x86.ActiveCfg = AppStore|iPhone
		{02C0E146-0DD2-4A16-8C40-85C2C8020927}.AppStore|x86.Build.0 = AppStore|iPhone
		{02C0E146-0DD2-4A16-8C40-85C2C8020927}.AppStore|x86.Deploy.0 = AppStore|iPhone
		{02C0E146-0DD2-4A16-8C40-85C2C8020927}.Debug|Any CPU.ActiveCfg = Debug|iPhoneSimulator
		{02C0E146-0DD2-4A16-8C40-85C2C8020927}.Debug|Any CPU.Build.0 = Debug|iPhoneSimulator
		{02C0E146-0DD2-4A16-8C40-85C2C8020927}.Debug|Any CPU.Deploy.0 = Debug|iPhoneSimulator
		{02C0E146-0DD2-4A16-8C40-85C2C8020927}.Debug|ARM.ActiveCfg = Debug|iPhone
		{02C0E146-0DD2-4A16-8C40-85C2C8020927}.Debug|ARM.Build.0 = Debug|iPhone
		{02C0E146-0DD2-4A16-8C40-85C2C8020927}.Debug|ARM.Deploy.0 = Debug|iPhone
		{02C0E146-0DD2-4A16-8C40-85C2C8020927}.Debug|iPhone.ActiveCfg = Debug|iPhone
		{02C0E146-0DD2-4A16-8C40-85C2C8020927}.Debug|iPhone.Build.0 = Debug|iPhone
		{02C0E146-0DD2-4A16-8C40-85C2C8020927}.Debug|iPhone.Deploy.0 = Debug|iPhone
		{02C0E146-0DD2-4A16-8C40-85C2C8020927}.Debug|iPhoneSimulator.ActiveCfg = Debug|iPhoneSimulator
		{02C0E146-0DD2-4A16-8C40-85C2C8020927}.Debug|iPhoneSimulator.Build.0 = Debug|iPhoneSimulator
		{02C0E146-0DD2-4A16-8C40-85C2C8020927}.Debug|iPhoneSimulator.Deploy.0 = Debug|iPhoneSimulator
		{02C0E146-0DD2-4A16-8C40-85C2C8020927}.Debug|x64.ActiveCfg = Debug|iPhone
		{02C0E146-0DD2-4A16-8C40-85C2C8020927}.Debug|x64.Build.0 = Debug|iPhone
		{02C0E146-0DD2-4A16-8C40-85C2C8020927}.Debug|x64.Deploy.0 = Debug|iPhone
		{02C0E146-0DD2-4A16-8C40-85C2C8020927}.Debug|x86.ActiveCfg = Debug|iPhone
		{02C0E146-0DD2-4A16-8C40-85C2C8020927}.Debug|x86.Build.0 = Debug|iPhone
		{02C0E146-0DD2-4A16-8C40-85C2C8020927}.Debug|x86.Deploy.0 = Debug|iPhone
		{02C0E146-0DD2-4A16-8C40-85C2C8020927}.Release|Any CPU.ActiveCfg = Release|iPhone
		{02C0E146-0DD2-4A16-8C40-85C2C8020927}.Release|Any CPU.Build.0 = Release|iPhone
		{02C0E146-0DD2-4A16-8C40-85C2C8020927}.Release|Any CPU.Deploy.0 = Release|iPhone
		{02C0E146-0DD2-4A16-8C40-85C2C8020927}.Release|ARM.ActiveCfg = Release|iPhone
		{02C0E146-0DD2-4A16-8C40-85C2C8020927}.Release|ARM.Build.0 = Release|iPhone
		{02C0E146-0DD2-4A16-8C40-85C2C8020927}.Release|ARM.Deploy.0 = Release|iPhone
		{02C0E146-0DD2-4A16-8C40-85C2C8020927}.Release|iPhone.ActiveCfg = Release|iPhone
		{02C0E146-0DD2-4A16-8C40-85C2C8020927}.Release|iPhone.Build.0 = Release|iPhone
		{02C0E146-0DD2-4A16-8C40-85C2C8020927}.Release|iPhone.Deploy.0 = Release|iPhone
		{02C0E146-0DD2-4A16-8C40-85C2C8020927}.Release|iPhoneSimulator.ActiveCfg = Release|iPhoneSimulator
		{02C0E146-0DD2-4A16-8C40-85C2C8020927}.Release|iPhoneSimulator.Build.0 = Release|iPhoneSimulator
		{02C0E146-0DD2-4A16-8C40-85C2C8020927}.Release|iPhoneSimulator.Deploy.0 = Release|iPhoneSimulator
		{02C0E146-0DD2-4A16-8C40-85C2C8020927}.Release|x64.ActiveCfg = Release|iPhone
		{02C0E146-0DD2-4A16-8C40-85C2C8020927}.Release|x64.Build.0 = Release|iPhone
		{02C0E146-0DD2-4A16-8C40-85C2C8020927}.Release|x64.Deploy.0 = Release|iPhone
		{02C0E146-0DD2-4A16-8C40-85C2C8020927}.Release|x86.ActiveCfg = Release|iPhone
		{02C0E146-0DD2-4A16-8C40-85C2C8020927}.Release|x86.Build.0 = Release|iPhone
		{02C0E146-0DD2-4A16-8C40-85C2C8020927}.Release|x86.Deploy.0 = Release|iPhone
		{A5FFC0CC-84CD-4496-A1E5-341CB339423D}.Ad-Hoc|Any CPU.ActiveCfg = Debug|Any CPU
		{A5FFC0CC-84CD-4496-A1E5-341CB339423D}.Ad-Hoc|Any CPU.Build.0 = Debug|Any CPU
		{A5FFC0CC-84CD-4496-A1E5-341CB339423D}.Ad-Hoc|Any CPU.Deploy.0 = Debug|Any CPU
		{A5FFC0CC-84CD-4496-A1E5-341CB339423D}.Ad-Hoc|ARM.ActiveCfg = Debug|Any CPU
		{A5FFC0CC-84CD-4496-A1E5-341CB339423D}.Ad-Hoc|ARM.Build.0 = Debug|Any CPU
		{A5FFC0CC-84CD-4496-A1E5-341CB339423D}.Ad-Hoc|ARM.Deploy.0 = Debug|Any CPU
		{A5FFC0CC-84CD-4496-A1E5-341CB339423D}.Ad-Hoc|iPhone.ActiveCfg = Debug|Any CPU
		{A5FFC0CC-84CD-4496-A1E5-341CB339423D}.Ad-Hoc|iPhone.Build.0 = Debug|Any CPU
		{A5FFC0CC-84CD-4496-A1E5-341CB339423D}.Ad-Hoc|iPhone.Deploy.0 = Debug|Any CPU
		{A5FFC0CC-84CD-4496-A1E5-341CB339423D}.Ad-Hoc|iPhoneSimulator.ActiveCfg = Debug|Any CPU
		{A5FFC0CC-84CD-4496-A1E5-341CB339423D}.Ad-Hoc|iPhoneSimulator.Build.0 = Debug|Any CPU
		{A5FFC0CC-84CD-4496-A1E5-341CB339423D}.Ad-Hoc|iPhoneSimulator.Deploy.0 = Debug|Any CPU
		{A5FFC0CC-84CD-4496-A1E5-341CB339423D}.Ad-Hoc|x64.ActiveCfg = Debug|Any CPU
		{A5FFC0CC-84CD-4496-A1E5-341CB339423D}.Ad-Hoc|x64.Build.0 = Debug|Any CPU
		{A5FFC0CC-84CD-4496-A1E5-341CB339423D}.Ad-Hoc|x64.Deploy.0 = Debug|Any CPU
		{A5FFC0CC-84CD-4496-A1E5-341CB339423D}.Ad-Hoc|x86.ActiveCfg = Debug|Any CPU
		{A5FFC0CC-84CD-4496-A1E5-341CB339423D}.Ad-Hoc|x86.Build.0 = Debug|Any CPU
		{A5FFC0CC-84CD-4496-A1E5-341CB339423D}.Ad-Hoc|x86.Deploy.0 = Debug|Any CPU
		{A5FFC0CC-84CD-4496-A1E5-341CB339423D}.AppStore|Any CPU.ActiveCfg = Debug|Any CPU
		{A5FFC0CC-84CD-4496-A1E5-341CB339423D}.AppStore|Any CPU.Build.0 = Debug|Any CPU
		{A5FFC0CC-84CD-4496-A1E5-341CB339423D}.AppStore|Any CPU.Deploy.0 = Debug|Any CPU
		{A5FFC0CC-84CD-4496-A1E5-341CB339423D}.AppStore|ARM.ActiveCfg = Debug|Any CPU
		{A5FFC0CC-84CD-4496-A1E5-341CB339423D}.AppStore|ARM.Build.0 = Debug|Any CPU
		{A5FFC0CC-84CD-4496-A1E5-341CB339423D}.AppStore|ARM.Deploy.0 = Debug|Any CPU
		{A5FFC0CC-84CD-4496-A1E5-341CB339423D}.AppStore|iPhone.ActiveCfg = Debug|Any CPU
		{A5FFC0CC-84CD-4496-A1E5-341CB339423D}.AppStore|iPhone.Build.0 = Debug|Any CPU
		{A5FFC0CC-84CD-4496-A1E5-341CB339423D}.AppStore|iPhone.Deploy.0 = Debug|Any CPU
		{A5FFC0CC-84CD-4496-A1E5-341CB339423D}.AppStore|iPhoneSimulator.ActiveCfg = Debug|Any CPU
		{A5FFC0CC-84CD-4496-A1E5-341CB339423D}.AppStore|iPhoneSimulator.Build.0 = Debug|Any CPU
		{A5FFC0CC-84CD-4496-A1E5-341CB339423D}.AppStore|iPhoneSimulator.Deploy.0 = Debug|Any CPU
		{A5FFC0CC-84CD-4496-A1E5-341CB339423D}.AppStore|x64.ActiveCfg = Debug|Any CPU
		{A5FFC0CC-84CD-4496-A1E5-341CB339423D}.AppStore|x64.Build.0 = Debug|Any CPU
		{A5FFC0CC-84CD-4496-A1E5-341CB339423D}.AppStore|x64.Deploy.0 = Debug|Any CPU
		{A5FFC0CC-84CD-4496-A1E5-341CB339423D}.AppStore|x86.ActiveCfg = Debug|Any CPU
		{A5FFC0CC-84CD-4496-A1E5-341CB339423D}.AppStore|x86.Build.0 = Debug|Any CPU
		{A5FFC0CC-84CD-4496-A1E5-341CB339423D}.AppStore|x86.Deploy.0 = Debug|Any CPU
		{A5FFC0CC-84CD-4496-A1E5-341CB339423D}.Debug|Any CPU.ActiveCfg = Debug|Any CPU
		{A5FFC0CC-84CD-4496-A1E5-341CB339423D}.Debug|Any CPU.Build.0 = Debug|Any CPU
		{A5FFC0CC-84CD-4496-A1E5-341CB339423D}.Debug|Any CPU.Deploy.0 = Debug|Any CPU
		{A5FFC0CC-84CD-4496-A1E5-341CB339423D}.Debug|ARM.ActiveCfg = Debug|Any CPU
		{A5FFC0CC-84CD-4496-A1E5-341CB339423D}.Debug|ARM.Build.0 = Debug|Any CPU
		{A5FFC0CC-84CD-4496-A1E5-341CB339423D}.Debug|ARM.Deploy.0 = Debug|Any CPU
		{A5FFC0CC-84CD-4496-A1E5-341CB339423D}.Debug|iPhone.ActiveCfg = Debug|Any CPU
		{A5FFC0CC-84CD-4496-A1E5-341CB339423D}.Debug|iPhone.Build.0 = Debug|Any CPU
		{A5FFC0CC-84CD-4496-A1E5-341CB339423D}.Debug|iPhone.Deploy.0 = Debug|Any CPU
		{A5FFC0CC-84CD-4496-A1E5-341CB339423D}.Debug|iPhoneSimulator.ActiveCfg = Debug|Any CPU
		{A5FFC0CC-84CD-4496-A1E5-341CB339423D}.Debug|iPhoneSimulator.Build.0 = Debug|Any CPU
		{A5FFC0CC-84CD-4496-A1E5-341CB339423D}.Debug|iPhoneSimulator.Deploy.0 = Debug|Any CPU
		{A5FFC0CC-84CD-4496-A1E5-341CB339423D}.Debug|x64.ActiveCfg = Debug|Any CPU
		{A5FFC0CC-84CD-4496-A1E5-341CB339423D}.Debug|x64.Build.0 = Debug|Any CPU
		{A5FFC0CC-84CD-4496-A1E5-341CB339423D}.Debug|x64.Deploy.0 = Debug|Any CPU
		{A5FFC0CC-84CD-4496-A1E5-341CB339423D}.Debug|x86.ActiveCfg = Debug|Any CPU
		{A5FFC0CC-84CD-4496-A1E5-341CB339423D}.Debug|x86.Build.0 = Debug|Any CPU
		{A5FFC0CC-84CD-4496-A1E5-341CB339423D}.Debug|x86.Deploy.0 = Debug|Any CPU
		{A5FFC0CC-84CD-4496-A1E5-341CB339423D}.Release|Any CPU.ActiveCfg = Release|Any CPU
		{A5FFC0CC-84CD-4496-A1E5-341CB339423D}.Release|Any CPU.Build.0 = Release|Any CPU
		{A5FFC0CC-84CD-4496-A1E5-341CB339423D}.Release|Any CPU.Deploy.0 = Release|Any CPU
		{A5FFC0CC-84CD-4496-A1E5-341CB339423D}.Release|ARM.ActiveCfg = Release|Any CPU
		{A5FFC0CC-84CD-4496-A1E5-341CB339423D}.Release|ARM.Build.0 = Release|Any CPU
		{A5FFC0CC-84CD-4496-A1E5-341CB339423D}.Release|ARM.Deploy.0 = Release|Any CPU
		{A5FFC0CC-84CD-4496-A1E5-341CB339423D}.Release|iPhone.ActiveCfg = Release|Any CPU
		{A5FFC0CC-84CD-4496-A1E5-341CB339423D}.Release|iPhone.Build.0 = Release|Any CPU
		{A5FFC0CC-84CD-4496-A1E5-341CB339423D}.Release|iPhone.Deploy.0 = Release|Any CPU
		{A5FFC0CC-84CD-4496-A1E5-341CB339423D}.Release|iPhoneSimulator.ActiveCfg = Release|Any CPU
		{A5FFC0CC-84CD-4496-A1E5-341CB339423D}.Release|iPhoneSimulator.Build.0 = Release|Any CPU
		{A5FFC0CC-84CD-4496-A1E5-341CB339423D}.Release|iPhoneSimulator.Deploy.0 = Release|Any CPU
		{A5FFC0CC-84CD-4496-A1E5-341CB339423D}.Release|x64.ActiveCfg = Release|Any CPU
		{A5FFC0CC-84CD-4496-A1E5-341CB339423D}.Release|x64.Build.0 = Release|Any CPU
		{A5FFC0CC-84CD-4496-A1E5-341CB339423D}.Release|x64.Deploy.0 = Release|Any CPU
		{A5FFC0CC-84CD-4496-A1E5-341CB339423D}.Release|x86.ActiveCfg = Release|Any CPU
		{A5FFC0CC-84CD-4496-A1E5-341CB339423D}.Release|x86.Build.0 = Release|Any CPU
		{A5FFC0CC-84CD-4496-A1E5-341CB339423D}.Release|x86.Deploy.0 = Release|Any CPU
		{67D7C4E4-DF16-46D1-8E26-C0859004CB88}.Ad-Hoc|Any CPU.ActiveCfg = Release|Any CPU
		{67D7C4E4-DF16-46D1-8E26-C0859004CB88}.Ad-Hoc|Any CPU.Build.0 = Release|Any CPU
		{67D7C4E4-DF16-46D1-8E26-C0859004CB88}.Ad-Hoc|ARM.ActiveCfg = Release|Any CPU
		{67D7C4E4-DF16-46D1-8E26-C0859004CB88}.Ad-Hoc|ARM.Build.0 = Release|Any CPU
		{67D7C4E4-DF16-46D1-8E26-C0859004CB88}.Ad-Hoc|iPhone.ActiveCfg = Release|Any CPU
		{67D7C4E4-DF16-46D1-8E26-C0859004CB88}.Ad-Hoc|iPhone.Build.0 = Release|Any CPU
		{67D7C4E4-DF16-46D1-8E26-C0859004CB88}.Ad-Hoc|iPhoneSimulator.ActiveCfg = Release|Any CPU
		{67D7C4E4-DF16-46D1-8E26-C0859004CB88}.Ad-Hoc|iPhoneSimulator.Build.0 = Release|Any CPU
		{67D7C4E4-DF16-46D1-8E26-C0859004CB88}.Ad-Hoc|x64.ActiveCfg = Release|Any CPU
		{67D7C4E4-DF16-46D1-8E26-C0859004CB88}.Ad-Hoc|x64.Build.0 = Release|Any CPU
		{67D7C4E4-DF16-46D1-8E26-C0859004CB88}.Ad-Hoc|x86.ActiveCfg = Release|Any CPU
		{67D7C4E4-DF16-46D1-8E26-C0859004CB88}.Ad-Hoc|x86.Build.0 = Release|Any CPU
		{67D7C4E4-DF16-46D1-8E26-C0859004CB88}.AppStore|Any CPU.ActiveCfg = Release|Any CPU
		{67D7C4E4-DF16-46D1-8E26-C0859004CB88}.AppStore|Any CPU.Build.0 = Release|Any CPU
		{67D7C4E4-DF16-46D1-8E26-C0859004CB88}.AppStore|ARM.ActiveCfg = Release|Any CPU
		{67D7C4E4-DF16-46D1-8E26-C0859004CB88}.AppStore|ARM.Build.0 = Release|Any CPU
		{67D7C4E4-DF16-46D1-8E26-C0859004CB88}.AppStore|iPhone.ActiveCfg = Release|Any CPU
		{67D7C4E4-DF16-46D1-8E26-C0859004CB88}.AppStore|iPhone.Build.0 = Release|Any CPU
		{67D7C4E4-DF16-46D1-8E26-C0859004CB88}.AppStore|iPhoneSimulator.ActiveCfg = Release|Any CPU
		{67D7C4E4-DF16-46D1-8E26-C0859004CB88}.AppStore|iPhoneSimulator.Build.0 = Release|Any CPU
		{67D7C4E4-DF16-46D1-8E26-C0859004CB88}.AppStore|x64.ActiveCfg = Release|Any CPU
		{67D7C4E4-DF16-46D1-8E26-C0859004CB88}.AppStore|x64.Build.0 = Release|Any CPU
		{67D7C4E4-DF16-46D1-8E26-C0859004CB88}.AppStore|x86.ActiveCfg = Release|Any CPU
		{67D7C4E4-DF16-46D1-8E26-C0859004CB88}.AppStore|x86.Build.0 = Release|Any CPU
		{67D7C4E4-DF16-46D1-8E26-C0859004CB88}.Debug|Any CPU.ActiveCfg = Debug|Any CPU
		{67D7C4E4-DF16-46D1-8E26-C0859004CB88}.Debug|Any CPU.Build.0 = Debug|Any CPU
		{67D7C4E4-DF16-46D1-8E26-C0859004CB88}.Debug|ARM.ActiveCfg = Debug|Any CPU
		{67D7C4E4-DF16-46D1-8E26-C0859004CB88}.Debug|ARM.Build.0 = Debug|Any CPU
		{67D7C4E4-DF16-46D1-8E26-C0859004CB88}.Debug|iPhone.ActiveCfg = Debug|Any CPU
		{67D7C4E4-DF16-46D1-8E26-C0859004CB88}.Debug|iPhone.Build.0 = Debug|Any CPU
		{67D7C4E4-DF16-46D1-8E26-C0859004CB88}.Debug|iPhoneSimulator.ActiveCfg = Debug|Any CPU
		{67D7C4E4-DF16-46D1-8E26-C0859004CB88}.Debug|iPhoneSimulator.Build.0 = Debug|Any CPU
		{67D7C4E4-DF16-46D1-8E26-C0859004CB88}.Debug|x64.ActiveCfg = Debug|Any CPU
		{67D7C4E4-DF16-46D1-8E26-C0859004CB88}.Debug|x64.Build.0 = Debug|Any CPU
		{67D7C4E4-DF16-46D1-8E26-C0859004CB88}.Debug|x86.ActiveCfg = Debug|Any CPU
		{67D7C4E4-DF16-46D1-8E26-C0859004CB88}.Debug|x86.Build.0 = Debug|Any CPU
		{67D7C4E4-DF16-46D1-8E26-C0859004CB88}.Release|Any CPU.ActiveCfg = Release|Any CPU
		{67D7C4E4-DF16-46D1-8E26-C0859004CB88}.Release|Any CPU.Build.0 = Release|Any CPU
		{67D7C4E4-DF16-46D1-8E26-C0859004CB88}.Release|ARM.ActiveCfg = Release|Any CPU
		{67D7C4E4-DF16-46D1-8E26-C0859004CB88}.Release|ARM.Build.0 = Release|Any CPU
		{67D7C4E4-DF16-46D1-8E26-C0859004CB88}.Release|iPhone.ActiveCfg = Release|Any CPU
		{67D7C4E4-DF16-46D1-8E26-C0859004CB88}.Release|iPhone.Build.0 = Release|Any CPU
		{67D7C4E4-DF16-46D1-8E26-C0859004CB88}.Release|iPhoneSimulator.ActiveCfg = Release|Any CPU
		{67D7C4E4-DF16-46D1-8E26-C0859004CB88}.Release|iPhoneSimulator.Build.0 = Release|Any CPU
		{67D7C4E4-DF16-46D1-8E26-C0859004CB88}.Release|x64.ActiveCfg = Release|Any CPU
		{67D7C4E4-DF16-46D1-8E26-C0859004CB88}.Release|x64.Build.0 = Release|Any CPU
		{67D7C4E4-DF16-46D1-8E26-C0859004CB88}.Release|x86.ActiveCfg = Release|Any CPU
		{67D7C4E4-DF16-46D1-8E26-C0859004CB88}.Release|x86.Build.0 = Release|Any CPU
	EndGlobalSection
	GlobalSection(SolutionProperties) = preSolution
		HideSolutionNode = FALSE
	EndGlobalSection
	GlobalSection(ExtensibilityGlobals) = postSolution
		SolutionGuid = {71046C9A-373C-4F88-9167-0EF62DE1CE9E}
	EndGlobalSection
EndGlobal
