
Microsoft Visual Studio Solution File, Format Version 12.00
# Visual Studio 15
VisualStudioVersion = 15.0.28307.489
MinimumVisualStudioVersion = 10.0.40219.1
Project("{FAE04EC0-301F-11D3-BF4B-00C04F79EFBC}") = "UserControl.Android", "UserControl\UserControl.Android\UserControl.Android.csproj", "{303CD3D7-9925-4F04-AA65-3B4192932FB9}"
EndProject
Project("{FAE04EC0-301F-11D3-BF4B-00C04F79EFBC}") = "UserControl.iOS", "UserControl\UserControl.iOS\UserControl.iOS.csproj", "{44ADC710-C87D-4970-90F3-F81609BDFC2C}"
EndProject
Project("{FAE04EC0-301F-11D3-BF4B-00C04F79EFBC}") = "UserControl.UWP", "UserControl\UserControl.UWP\UserControl.UWP.csproj", "{D7E02797-91A3-4FDA-96B3-52A3462BB58D}"
EndProject
Project("{FAE04EC0-301F-11D3-BF4B-00C04F79EFBC}") = "UserControl", "UserControl\UserControl\UserControl.csproj", "{49A7B784-3C22-4AC2-96C7-302AFD2F0996}"
EndProject
Global
	GlobalSection(SolutionConfigurationPlatforms) = preSolution
		Ad-Hoc|Any CPU = Ad-Hoc|Any CPU
		Ad-Hoc|ARM = Ad-Hoc|ARM
		Ad-Hoc|iPhone = Ad-Hoc|iPhone
		Ad-Hoc|iPhoneSimulator = Ad-Hoc|iPhoneSimulator
		Ad-Hoc|x64 = Ad-Hoc|x64
		Ad-Hoc|x86 = Ad-Hoc|x86
		AppStore|Any CPU = AppStore|Any CPU
		AppStore|ARM = AppStore|ARM
		AppStore|iPhone = AppStore|iPhone
		AppStore|iPhoneSimulator = AppStore|iPhoneSimulator
		AppStore|x64 = AppStore|x64
		AppStore|x86 = AppStore|x86
		Debug|Any CPU = Debug|Any CPU
		Debug|ARM = Debug|ARM
		Debug|iPhone = Debug|iPhone
		Debug|iPhoneSimulator = Debug|iPhoneSimulator
		Debug|x64 = Debug|x64
		Debug|x86 = Debug|x86
		Release|Any CPU = Release|Any CPU
		Release|ARM = Release|ARM
		Release|iPhone = Release|iPhone
		Release|iPhoneSimulator = Release|iPhoneSimulator
		Release|x64 = Release|x64
		Release|x86 = Release|x86
	EndGlobalSection
	GlobalSection(ProjectConfigurationPlatforms) = postSolution
		{303CD3D7-9925-4F04-AA65-3B4192932FB9}.Ad-Hoc|Any CPU.ActiveCfg = Release|Any CPU
		{303CD3D7-9925-4F04-AA65-3B4192932FB9}.Ad-Hoc|Any CPU.Build.0 = Release|Any CPU
		{303CD3D7-9925-4F04-AA65-3B4192932FB9}.Ad-Hoc|Any CPU.Deploy.0 = Release|Any CPU
		{303CD3D7-9925-4F04-AA65-3B4192932FB9}.Ad-Hoc|ARM.ActiveCfg = Release|Any CPU
		{303CD3D7-9925-4F04-AA65-3B4192932FB9}.Ad-Hoc|ARM.Build.0 = Release|Any CPU
		{303CD3D7-9925-4F04-AA65-3B4192932FB9}.Ad-Hoc|ARM.Deploy.0 = Release|Any CPU
		{303CD3D7-9925-4F04-AA65-3B4192932FB9}.Ad-Hoc|iPhone.ActiveCfg = Release|Any CPU
		{303CD3D7-9925-4F04-AA65-3B4192932FB9}.Ad-Hoc|iPhone.Build.0 = Release|Any CPU
		{303CD3D7-9925-4F04-AA65-3B4192932FB9}.Ad-Hoc|iPhone.Deploy.0 = Release|Any CPU
		{303CD3D7-9925-4F04-AA65-3B4192932FB9}.Ad-Hoc|iPhoneSimulator.ActiveCfg = Release|Any CPU
		{303CD3D7-9925-4F04-AA65-3B4192932FB9}.Ad-Hoc|iPhoneSimulator.Build.0 = Release|Any CPU
		{303CD3D7-9925-4F04-AA65-3B4192932FB9}.Ad-Hoc|iPhoneSimulator.Deploy.0 = Release|Any CPU
		{303CD3D7-9925-4F04-AA65-3B4192932FB9}.Ad-Hoc|x64.ActiveCfg = Release|Any CPU
		{303CD3D7-9925-4F04-AA65-3B4192932FB9}.Ad-Hoc|x64.Build.0 = Release|Any CPU
		{303CD3D7-9925-4F04-AA65-3B4192932FB9}.Ad-Hoc|x64.Deploy.0 = Release|Any CPU
		{303CD3D7-9925-4F04-AA65-3B4192932FB9}.Ad-Hoc|x86.ActiveCfg = Release|Any CPU
		{303CD3D7-9925-4F04-AA65-3B4192932FB9}.Ad-Hoc|x86.Build.0 = Release|Any CPU
		{303CD3D7-9925-4F04-AA65-3B4192932FB9}.Ad-Hoc|x86.Deploy.0 = Release|Any CPU
		{303CD3D7-9925-4F04-AA65-3B4192932FB9}.AppStore|Any CPU.ActiveCfg = Release|Any CPU
		{303CD3D7-9925-4F04-AA65-3B4192932FB9}.AppStore|Any CPU.Build.0 = Release|Any CPU
		{303CD3D7-9925-4F04-AA65-3B4192932FB9}.AppStore|Any CPU.Deploy.0 = Release|Any CPU
		{303CD3D7-9925-4F04-AA65-3B4192932FB9}.AppStore|ARM.ActiveCfg = Release|Any CPU
		{303CD3D7-9925-4F04-AA65-3B4192932FB9}.AppStore|ARM.Build.0 = Release|Any CPU
		{303CD3D7-9925-4F04-AA65-3B4192932FB9}.AppStore|ARM.Deploy.0 = Release|Any CPU
		{303CD3D7-9925-4F04-AA65-3B4192932FB9}.AppStore|iPhone.ActiveCfg = Release|Any CPU
		{303CD3D7-9925-4F04-AA65-3B4192932FB9}.AppStore|iPhone.Build.0 = Release|Any CPU
		{303CD3D7-9925-4F04-AA65-3B4192932FB9}.AppStore|iPhone.Deploy.0 = Release|Any CPU
		{303CD3D7-9925-4F04-AA65-3B4192932FB9}.AppStore|iPhoneSimulator.ActiveCfg = Release|Any CPU
		{303CD3D7-9925-4F04-AA65-3B4192932FB9}.AppStore|iPhoneSimulator.Build.0 = Release|Any CPU
		{303CD3D7-9925-4F04-AA65-3B4192932FB9}.AppStore|iPhoneSimulator.Deploy.0 = Release|Any CPU
		{303CD3D7-9925-4F04-AA65-3B4192932FB9}.AppStore|x64.ActiveCfg = Release|Any CPU
		{303CD3D7-9925-4F04-AA65-3B4192932FB9}.AppStore|x64.Build.0 = Release|Any CPU
		{303CD3D7-9925-4F04-AA65-3B4192932FB9}.AppStore|x64.Deploy.0 = Release|Any CPU
		{303CD3D7-9925-4F04-AA65-3B4192932FB9}.AppStore|x86.ActiveCfg = Release|Any CPU
		{303CD3D7-9925-4F04-AA65-3B4192932FB9}.AppStore|x86.Build.0 = Release|Any CPU
		{303CD3D7-9925-4F04-AA65-3B4192932FB9}.AppStore|x86.Deploy.0 = Release|Any CPU
		{303CD3D7-9925-4F04-AA65-3B4192932FB9}.Debug|Any CPU.ActiveCfg = Debug|Any CPU
		{303CD3D7-9925-4F04-AA65-3B4192932FB9}.Debug|Any CPU.Build.0 = Debug|Any CPU
		{303CD3D7-9925-4F04-AA65-3B4192932FB9}.Debug|Any CPU.Deploy.0 = Debug|Any CPU
		{303CD3D7-9925-4F04-AA65-3B4192932FB9}.Debug|ARM.ActiveCfg = Debug|Any CPU
		{303CD3D7-9925-4F04-AA65-3B4192932FB9}.Debug|ARM.Build.0 = Debug|Any CPU
		{303CD3D7-9925-4F04-AA65-3B4192932FB9}.Debug|ARM.Deploy.0 = Debug|Any CPU
		{303CD3D7-9925-4F04-AA65-3B4192932FB9}.Debug|iPhone.ActiveCfg = Debug|Any CPU
		{303CD3D7-9925-4F04-AA65-3B4192932FB9}.Debug|iPhone.Build.0 = Debug|Any CPU
		{303CD3D7-9925-4F04-AA65-3B4192932FB9}.Debug|iPhone.Deploy.0 = Debug|Any CPU
		{303CD3D7-9925-4F04-AA65-3B4192932FB9}.Debug|iPhoneSimulator.ActiveCfg = Debug|Any CPU
		{303CD3D7-9925-4F04-AA65-3B4192932FB9}.Debug|iPhoneSimulator.Build.0 = Debug|Any CPU
		{303CD3D7-9925-4F04-AA65-3B4192932FB9}.Debug|iPhoneSimulator.Deploy.0 = Debug|Any CPU
		{303CD3D7-9925-4F04-AA65-3B4192932FB9}.Debug|x64.ActiveCfg = Debug|Any CPU
		{303CD3D7-9925-4F04-AA65-3B4192932FB9}.Debug|x64.Build.0 = Debug|Any CPU
		{303CD3D7-9925-4F04-AA65-3B4192932FB9}.Debug|x64.Deploy.0 = Debug|Any CPU
		{303CD3D7-9925-4F04-AA65-3B4192932FB9}.Debug|x86.ActiveCfg = Debug|Any CPU
		{303CD3D7-9925-4F04-AA65-3B4192932FB9}.Debug|x86.Build.0 = Debug|Any CPU
		{303CD3D7-9925-4F04-AA65-3B4192932FB9}.Debug|x86.Deploy.0 = Debug|Any CPU
		{303CD3D7-9925-4F04-AA65-3B4192932FB9}.Release|Any CPU.ActiveCfg = Release|Any CPU
		{303CD3D7-9925-4F04-AA65-3B4192932FB9}.Release|Any CPU.Build.0 = Release|Any CPU
		{303CD3D7-9925-4F04-AA65-3B4192932FB9}.Release|Any CPU.Deploy.0 = Release|Any CPU
		{303CD3D7-9925-4F04-AA65-3B4192932FB9}.Release|ARM.ActiveCfg = Release|Any CPU
		{303CD3D7-9925-4F04-AA65-3B4192932FB9}.Release|ARM.Build.0 = Release|Any CPU
		{303CD3D7-9925-4F04-AA65-3B4192932FB9}.Release|ARM.Deploy.0 = Release|Any CPU
		{303CD3D7-9925-4F04-AA65-3B4192932FB9}.Release|iPhone.ActiveCfg = Release|Any CPU
		{303CD3D7-9925-4F04-AA65-3B4192932FB9}.Release|iPhone.Build.0 = Release|Any CPU
		{303CD3D7-9925-4F04-AA65-3B4192932FB9}.Release|iPhone.Deploy.0 = Release|Any CPU
		{303CD3D7-9925-4F04-AA65-3B4192932FB9}.Release|iPhoneSimulator.ActiveCfg = Release|Any CPU
		{303CD3D7-9925-4F04-AA65-3B4192932FB9}.Release|iPhoneSimulator.Build.0 = Release|Any CPU
		{303CD3D7-9925-4F04-AA65-3B4192932FB9}.Release|iPhoneSimulator.Deploy.0 = Release|Any CPU
		{303CD3D7-9925-4F04-AA65-3B4192932FB9}.Release|x64.ActiveCfg = Release|Any CPU
		{303CD3D7-9925-4F04-AA65-3B4192932FB9}.Release|x64.Build.0 = Release|Any CPU
		{303CD3D7-9925-4F04-AA65-3B4192932FB9}.Release|x64.Deploy.0 = Release|Any CPU
		{303CD3D7-9925-4F04-AA65-3B4192932FB9}.Release|x86.ActiveCfg = Release|Any CPU
		{303CD3D7-9925-4F04-AA65-3B4192932FB9}.Release|x86.Build.0 = Release|Any CPU
		{303CD3D7-9925-4F04-AA65-3B4192932FB9}.Release|x86.Deploy.0 = Release|Any CPU
		{44ADC710-C87D-4970-90F3-F81609BDFC2C}.Ad-Hoc|Any CPU.ActiveCfg = Ad-Hoc|iPhone
		{44ADC710-C87D-4970-90F3-F81609BDFC2C}.Ad-Hoc|Any CPU.Build.0 = Ad-Hoc|iPhone
		{44ADC710-C87D-4970-90F3-F81609BDFC2C}.Ad-Hoc|Any CPU.Deploy.0 = Ad-Hoc|iPhone
		{44ADC710-C87D-4970-90F3-F81609BDFC2C}.Ad-Hoc|ARM.ActiveCfg = Ad-Hoc|iPhone
		{44ADC710-C87D-4970-90F3-F81609BDFC2C}.Ad-Hoc|ARM.Build.0 = Ad-Hoc|iPhone
		{44ADC710-C87D-4970-90F3-F81609BDFC2C}.Ad-Hoc|ARM.Deploy.0 = Ad-Hoc|iPhone
		{44ADC710-C87D-4970-90F3-F81609BDFC2C}.Ad-Hoc|iPhone.ActiveCfg = Ad-Hoc|iPhone
		{44ADC710-C87D-4970-90F3-F81609BDFC2C}.Ad-Hoc|iPhone.Build.0 = Ad-Hoc|iPhone
		{44ADC710-C87D-4970-90F3-F81609BDFC2C}.Ad-Hoc|iPhone.Deploy.0 = Ad-Hoc|iPhone
		{44ADC710-C87D-4970-90F3-F81609BDFC2C}.Ad-Hoc|iPhoneSimulator.ActiveCfg = Ad-Hoc|iPhoneSimulator
		{44ADC710-C87D-4970-90F3-F81609BDFC2C}.Ad-Hoc|iPhoneSimulator.Build.0 = Ad-Hoc|iPhoneSimulator
		{44ADC710-C87D-4970-90F3-F81609BDFC2C}.Ad-Hoc|iPhoneSimulator.Deploy.0 = Ad-Hoc|iPhoneSimulator
		{44ADC710-C87D-4970-90F3-F81609BDFC2C}.Ad-Hoc|x64.ActiveCfg = Ad-Hoc|iPhone
		{44ADC710-C87D-4970-90F3-F81609BDFC2C}.Ad-Hoc|x64.Build.0 = Ad-Hoc|iPhone
		{44ADC710-C87D-4970-90F3-F81609BDFC2C}.Ad-Hoc|x64.Deploy.0 = Ad-Hoc|iPhone
		{44ADC710-C87D-4970-90F3-F81609BDFC2C}.Ad-Hoc|x86.ActiveCfg = Ad-Hoc|iPhone
		{44ADC710-C87D-4970-90F3-F81609BDFC2C}.Ad-Hoc|x86.Build.0 = Ad-Hoc|iPhone
		{44ADC710-C87D-4970-90F3-F81609BDFC2C}.Ad-Hoc|x86.Deploy.0 = Ad-Hoc|iPhone
		{44ADC710-C87D-4970-90F3-F81609BDFC2C}.AppStore|Any CPU.ActiveCfg = AppStore|iPhone
		{44ADC710-C87D-4970-90F3-F81609BDFC2C}.AppStore|Any CPU.Build.0 = AppStore|iPhone
		{44ADC710-C87D-4970-90F3-F81609BDFC2C}.AppStore|Any CPU.Deploy.0 = AppStore|iPhone
		{44ADC710-C87D-4970-90F3-F81609BDFC2C}.AppStore|ARM.ActiveCfg = AppStore|iPhone
		{44ADC710-C87D-4970-90F3-F81609BDFC2C}.AppStore|ARM.Build.0 = AppStore|iPhone
		{44ADC710-C87D-4970-90F3-F81609BDFC2C}.AppStore|ARM.Deploy.0 = AppStore|iPhone
		{44ADC710-C87D-4970-90F3-F81609BDFC2C}.AppStore|iPhone.ActiveCfg = AppStore|iPhone
		{44ADC710-C87D-4970-90F3-F81609BDFC2C}.AppStore|iPhone.Build.0 = AppStore|iPhone
		{44ADC710-C87D-4970-90F3-F81609BDFC2C}.AppStore|iPhone.Deploy.0 = AppStore|iPhone
		{44ADC710-C87D-4970-90F3-F81609BDFC2C}.AppStore|iPhoneSimulator.ActiveCfg = AppStore|iPhoneSimulator
		{44ADC710-C87D-4970-90F3-F81609BDFC2C}.AppStore|iPhoneSimulator.Build.0 = AppStore|iPhoneSimulator
		{44ADC710-C87D-4970-90F3-F81609BDFC2C}.AppStore|iPhoneSimulator.Deploy.0 = AppStore|iPhoneSimulator
		{44ADC710-C87D-4970-90F3-F81609BDFC2C}.AppStore|x64.ActiveCfg = AppStore|iPhone
		{44ADC710-C87D-4970-90F3-F81609BDFC2C}.AppStore|x64.Build.0 = AppStore|iPhone
		{44ADC710-C87D-4970-90F3-F81609BDFC2C}.AppStore|x64.Deploy.0 = AppStore|iPhone
		{44ADC710-C87D-4970-90F3-F81609BDFC2C}.AppStore|x86.ActiveCfg = AppStore|iPhone
		{44ADC710-C87D-4970-90F3-F81609BDFC2C}.AppStore|x86.Build.0 = AppStore|iPhone
		{44ADC710-C87D-4970-90F3-F81609BDFC2C}.AppStore|x86.Deploy.0 = AppStore|iPhone
		{44ADC710-C87D-4970-90F3-F81609BDFC2C}.Debug|Any CPU.ActiveCfg = Debug|iPhoneSimulator
		{44ADC710-C87D-4970-90F3-F81609BDFC2C}.Debug|Any CPU.Build.0 = Debug|iPhoneSimulator
		{44ADC710-C87D-4970-90F3-F81609BDFC2C}.Debug|Any CPU.Deploy.0 = Debug|iPhoneSimulator
		{44ADC710-C87D-4970-90F3-F81609BDFC2C}.Debug|ARM.ActiveCfg = Debug|iPhone
		{44ADC710-C87D-4970-90F3-F81609BDFC2C}.Debug|ARM.Build.0 = Debug|iPhone
		{44ADC710-C87D-4970-90F3-F81609BDFC2C}.Debug|ARM.Deploy.0 = Debug|iPhone
		{44ADC710-C87D-4970-90F3-F81609BDFC2C}.Debug|iPhone.ActiveCfg = Debug|iPhone
		{44ADC710-C87D-4970-90F3-F81609BDFC2C}.Debug|iPhone.Build.0 = Debug|iPhone
		{44ADC710-C87D-4970-90F3-F81609BDFC2C}.Debug|iPhone.Deploy.0 = Debug|iPhone
		{44ADC710-C87D-4970-90F3-F81609BDFC2C}.Debug|iPhoneSimulator.ActiveCfg = Debug|iPhoneSimulator
		{44ADC710-C87D-4970-90F3-F81609BDFC2C}.Debug|iPhoneSimulator.Build.0 = Debug|iPhoneSimulator
		{44ADC710-C87D-4970-90F3-F81609BDFC2C}.Debug|iPhoneSimulator.Deploy.0 = Debug|iPhoneSimulator
		{44ADC710-C87D-4970-90F3-F81609BDFC2C}.Debug|x64.ActiveCfg = Debug|iPhone
		{44ADC710-C87D-4970-90F3-F81609BDFC2C}.Debug|x64.Build.0 = Debug|iPhone
		{44ADC710-C87D-4970-90F3-F81609BDFC2C}.Debug|x64.Deploy.0 = Debug|iPhone
		{44ADC710-C87D-4970-90F3-F81609BDFC2C}.Debug|x86.ActiveCfg = Debug|iPhone
		{44ADC710-C87D-4970-90F3-F81609BDFC2C}.Debug|x86.Build.0 = Debug|iPhone
		{44ADC710-C87D-4970-90F3-F81609BDFC2C}.Debug|x86.Deploy.0 = Debug|iPhone
		{44ADC710-C87D-4970-90F3-F81609BDFC2C}.Release|Any CPU.ActiveCfg = Release|iPhone
		{44ADC710-C87D-4970-90F3-F81609BDFC2C}.Release|Any CPU.Build.0 = Release|iPhone
		{44ADC710-C87D-4970-90F3-F81609BDFC2C}.Release|Any CPU.Deploy.0 = Release|iPhone
		{44ADC710-C87D-4970-90F3-F81609BDFC2C}.Release|ARM.ActiveCfg = Release|iPhone
		{44ADC710-C87D-4970-90F3-F81609BDFC2C}.Release|ARM.Build.0 = Release|iPhone
		{44ADC710-C87D-4970-90F3-F81609BDFC2C}.Release|ARM.Deploy.0 = Release|iPhone
		{44ADC710-C87D-4970-90F3-F81609BDFC2C}.Release|iPhone.ActiveCfg = Release|iPhone
		{44ADC710-C87D-4970-90F3-F81609BDFC2C}.Release|iPhone.Build.0 = Release|iPhone
		{44ADC710-C87D-4970-90F3-F81609BDFC2C}.Release|iPhone.Deploy.0 = Release|iPhone
		{44ADC710-C87D-4970-90F3-F81609BDFC2C}.Release|iPhoneSimulator.ActiveCfg = Release|iPhoneSimulator
		{44ADC710-C87D-4970-90F3-F81609BDFC2C}.Release|iPhoneSimulator.Build.0 = Release|iPhoneSimulator
		{44ADC710-C87D-4970-90F3-F81609BDFC2C}.Release|iPhoneSimulator.Deploy.0 = Release|iPhoneSimulator
		{44ADC710-C87D-4970-90F3-F81609BDFC2C}.Release|x64.ActiveCfg = Release|iPhone
		{44ADC710-C87D-4970-90F3-F81609BDFC2C}.Release|x64.Build.0 = Release|iPhone
		{44ADC710-C87D-4970-90F3-F81609BDFC2C}.Release|x64.Deploy.0 = Release|iPhone
		{44ADC710-C87D-4970-90F3-F81609BDFC2C}.Release|x86.ActiveCfg = Release|iPhone
		{44ADC710-C87D-4970-90F3-F81609BDFC2C}.Release|x86.Build.0 = Release|iPhone
		{44ADC710-C87D-4970-90F3-F81609BDFC2C}.Release|x86.Deploy.0 = Release|iPhone
		{D7E02797-91A3-4FDA-96B3-52A3462BB58D}.Ad-Hoc|Any CPU.ActiveCfg = Release|x86
		{D7E02797-91A3-4FDA-96B3-52A3462BB58D}.Ad-Hoc|Any CPU.Build.0 = Release|x86
		{D7E02797-91A3-4FDA-96B3-52A3462BB58D}.Ad-Hoc|Any CPU.Deploy.0 = Release|x86
		{D7E02797-91A3-4FDA-96B3-52A3462BB58D}.Ad-Hoc|ARM.ActiveCfg = Release|ARM
		{D7E02797-91A3-4FDA-96B3-52A3462BB58D}.Ad-Hoc|ARM.Build.0 = Release|ARM
		{D7E02797-91A3-4FDA-96B3-52A3462BB58D}.Ad-Hoc|ARM.Deploy.0 = Release|ARM
		{D7E02797-91A3-4FDA-96B3-52A3462BB58D}.Ad-Hoc|iPhone.ActiveCfg = Release|x86
		{D7E02797-91A3-4FDA-96B3-52A3462BB58D}.Ad-Hoc|iPhone.Build.0 = Release|x86
		{D7E02797-91A3-4FDA-96B3-52A3462BB58D}.Ad-Hoc|iPhone.Deploy.0 = Release|x86
		{D7E02797-91A3-4FDA-96B3-52A3462BB58D}.Ad-Hoc|iPhoneSimulator.ActiveCfg = Release|x86
		{D7E02797-91A3-4FDA-96B3-52A3462BB58D}.Ad-Hoc|iPhoneSimulator.Build.0 = Release|x86
		{D7E02797-91A3-4FDA-96B3-52A3462BB58D}.Ad-Hoc|iPhoneSimulator.Deploy.0 = Release|x86
		{D7E02797-91A3-4FDA-96B3-52A3462BB58D}.Ad-Hoc|x64.ActiveCfg = Release|x64
		{D7E02797-91A3-4FDA-96B3-52A3462BB58D}.Ad-Hoc|x64.Build.0 = Release|x64
		{D7E02797-91A3-4FDA-96B3-52A3462BB58D}.Ad-Hoc|x64.Deploy.0 = Release|x64
		{D7E02797-91A3-4FDA-96B3-52A3462BB58D}.Ad-Hoc|x86.ActiveCfg = Release|x86
		{D7E02797-91A3-4FDA-96B3-52A3462BB58D}.Ad-Hoc|x86.Build.0 = Release|x86
		{D7E02797-91A3-4FDA-96B3-52A3462BB58D}.Ad-Hoc|x86.Deploy.0 = Release|x86
		{D7E02797-91A3-4FDA-96B3-52A3462BB58D}.AppStore|Any CPU.ActiveCfg = Release|x86
		{D7E02797-91A3-4FDA-96B3-52A3462BB58D}.AppStore|Any CPU.Build.0 = Release|x86
		{D7E02797-91A3-4FDA-96B3-52A3462BB58D}.AppStore|Any CPU.Deploy.0 = Release|x86
		{D7E02797-91A3-4FDA-96B3-52A3462BB58D}.AppStore|ARM.ActiveCfg = Release|ARM
		{D7E02797-91A3-4FDA-96B3-52A3462BB58D}.AppStore|ARM.Build.0 = Release|ARM
		{D7E02797-91A3-4FDA-96B3-52A3462BB58D}.AppStore|ARM.Deploy.0 = Release|ARM
		{D7E02797-91A3-4FDA-96B3-52A3462BB58D}.AppStore|iPhone.ActiveCfg = Release|x86
		{D7E02797-91A3-4FDA-96B3-52A3462BB58D}.AppStore|iPhone.Build.0 = Release|x86
		{D7E02797-91A3-4FDA-96B3-52A3462BB58D}.AppStore|iPhone.Deploy.0 = Release|x86
		{D7E02797-91A3-4FDA-96B3-52A3462BB58D}.AppStore|iPhoneSimulator.ActiveCfg = Release|x86
		{D7E02797-91A3-4FDA-96B3-52A3462BB58D}.AppStore|iPhoneSimulator.Build.0 = Release|x86
		{D7E02797-91A3-4FDA-96B3-52A3462BB58D}.AppStore|iPhoneSimulator.Deploy.0 = Release|x86
		{D7E02797-91A3-4FDA-96B3-52A3462BB58D}.AppStore|x64.ActiveCfg = Release|x64
		{D7E02797-91A3-4FDA-96B3-52A3462BB58D}.AppStore|x64.Build.0 = Release|x64
		{D7E02797-91A3-4FDA-96B3-52A3462BB58D}.AppStore|x64.Deploy.0 = Release|x64
		{D7E02797-91A3-4FDA-96B3-52A3462BB58D}.AppStore|x86.ActiveCfg = Release|x86
		{D7E02797-91A3-4FDA-96B3-52A3462BB58D}.AppStore|x86.Build.0 = Release|x86
		{D7E02797-91A3-4FDA-96B3-52A3462BB58D}.AppStore|x86.Deploy.0 = Release|x86
		{D7E02797-91A3-4FDA-96B3-52A3462BB58D}.Debug|Any CPU.ActiveCfg = Debug|x86
		{D7E02797-91A3-4FDA-96B3-52A3462BB58D}.Debug|Any CPU.Build.0 = Debug|x86
		{D7E02797-91A3-4FDA-96B3-52A3462BB58D}.Debug|Any CPU.Deploy.0 = Debug|x86
		{D7E02797-91A3-4FDA-96B3-52A3462BB58D}.Debug|ARM.ActiveCfg = Debug|ARM
		{D7E02797-91A3-4FDA-96B3-52A3462BB58D}.Debug|ARM.Build.0 = Debug|ARM
		{D7E02797-91A3-4FDA-96B3-52A3462BB58D}.Debug|ARM.Deploy.0 = Debug|ARM
		{D7E02797-91A3-4FDA-96B3-52A3462BB58D}.Debug|iPhone.ActiveCfg = Debug|x86
		{D7E02797-91A3-4FDA-96B3-52A3462BB58D}.Debug|iPhone.Build.0 = Debug|x86
		{D7E02797-91A3-4FDA-96B3-52A3462BB58D}.Debug|iPhone.Deploy.0 = Debug|x86
		{D7E02797-91A3-4FDA-96B3-52A3462BB58D}.Debug|iPhoneSimulator.ActiveCfg = Debug|x86
		{D7E02797-91A3-4FDA-96B3-52A3462BB58D}.Debug|iPhoneSimulator.Build.0 = Debug|x86
		{D7E02797-91A3-4FDA-96B3-52A3462BB58D}.Debug|iPhoneSimulator.Deploy.0 = Debug|x86
		{D7E02797-91A3-4FDA-96B3-52A3462BB58D}.Debug|x64.ActiveCfg = Debug|x64
		{D7E02797-91A3-4FDA-96B3-52A3462BB58D}.Debug|x64.Build.0 = Debug|x64
		{D7E02797-91A3-4FDA-96B3-52A3462BB58D}.Debug|x64.Deploy.0 = Debug|x64
		{D7E02797-91A3-4FDA-96B3-52A3462BB58D}.Debug|x86.ActiveCfg = Debug|x86
		{D7E02797-91A3-4FDA-96B3-52A3462BB58D}.Debug|x86.Build.0 = Debug|x86
		{D7E02797-91A3-4FDA-96B3-52A3462BB58D}.Debug|x86.Deploy.0 = Debug|x86
		{D7E02797-91A3-4FDA-96B3-52A3462BB58D}.Release|Any CPU.ActiveCfg = Release|x86
		{D7E02797-91A3-4FDA-96B3-52A3462BB58D}.Release|Any CPU.Build.0 = Release|x86
		{D7E02797-91A3-4FDA-96B3-52A3462BB58D}.Release|Any CPU.Deploy.0 = Release|x86
		{D7E02797-91A3-4FDA-96B3-52A3462BB58D}.Release|ARM.ActiveCfg = Release|ARM
		{D7E02797-91A3-4FDA-96B3-52A3462BB58D}.Release|ARM.Build.0 = Release|ARM
		{D7E02797-91A3-4FDA-96B3-52A3462BB58D}.Release|ARM.Deploy.0 = Release|ARM
		{D7E02797-91A3-4FDA-96B3-52A3462BB58D}.Release|iPhone.ActiveCfg = Release|x86
		{D7E02797-91A3-4FDA-96B3-52A3462BB58D}.Release|iPhone.Build.0 = Release|x86
		{D7E02797-91A3-4FDA-96B3-52A3462BB58D}.Release|iPhone.Deploy.0 = Release|x86
		{D7E02797-91A3-4FDA-96B3-52A3462BB58D}.Release|iPhoneSimulator.ActiveCfg = Release|x86
		{D7E02797-91A3-4FDA-96B3-52A3462BB58D}.Release|iPhoneSimulator.Build.0 = Release|x86
		{D7E02797-91A3-4FDA-96B3-52A3462BB58D}.Release|iPhoneSimulator.Deploy.0 = Release|x86
		{D7E02797-91A3-4FDA-96B3-52A3462BB58D}.Release|x64.ActiveCfg = Release|x64
		{D7E02797-91A3-4FDA-96B3-52A3462BB58D}.Release|x64.Build.0 = Release|x64
		{D7E02797-91A3-4FDA-96B3-52A3462BB58D}.Release|x64.Deploy.0 = Release|x64
		{D7E02797-91A3-4FDA-96B3-52A3462BB58D}.Release|x86.ActiveCfg = Release|x86
		{D7E02797-91A3-4FDA-96B3-52A3462BB58D}.Release|x86.Build.0 = Release|x86
		{D7E02797-91A3-4FDA-96B3-52A3462BB58D}.Release|x86.Deploy.0 = Release|x86
		{49A7B784-3C22-4AC2-96C7-302AFD2F0996}.Ad-Hoc|Any CPU.ActiveCfg = Debug|Any CPU
		{49A7B784-3C22-4AC2-96C7-302AFD2F0996}.Ad-Hoc|Any CPU.Build.0 = Debug|Any CPU
		{49A7B784-3C22-4AC2-96C7-302AFD2F0996}.Ad-Hoc|Any CPU.Deploy.0 = Debug|Any CPU
		{49A7B784-3C22-4AC2-96C7-302AFD2F0996}.Ad-Hoc|ARM.ActiveCfg = Debug|Any CPU
		{49A7B784-3C22-4AC2-96C7-302AFD2F0996}.Ad-Hoc|ARM.Build.0 = Debug|Any CPU
		{49A7B784-3C22-4AC2-96C7-302AFD2F0996}.Ad-Hoc|ARM.Deploy.0 = Debug|Any CPU
		{49A7B784-3C22-4AC2-96C7-302AFD2F0996}.Ad-Hoc|iPhone.ActiveCfg = Debug|Any CPU
		{49A7B784-3C22-4AC2-96C7-302AFD2F0996}.Ad-Hoc|iPhone.Build.0 = Debug|Any CPU
		{49A7B784-3C22-4AC2-96C7-302AFD2F0996}.Ad-Hoc|iPhone.Deploy.0 = Debug|Any CPU
		{49A7B784-3C22-4AC2-96C7-302AFD2F0996}.Ad-Hoc|iPhoneSimulator.ActiveCfg = Debug|Any CPU
		{49A7B784-3C22-4AC2-96C7-302AFD2F0996}.Ad-Hoc|iPhoneSimulator.Build.0 = Debug|Any CPU
		{49A7B784-3C22-4AC2-96C7-302AFD2F0996}.Ad-Hoc|iPhoneSimulator.Deploy.0 = Debug|Any CPU
		{49A7B784-3C22-4AC2-96C7-302AFD2F0996}.Ad-Hoc|x64.ActiveCfg = Debug|Any CPU
		{49A7B784-3C22-4AC2-96C7-302AFD2F0996}.Ad-Hoc|x64.Build.0 = Debug|Any CPU
		{49A7B784-3C22-4AC2-96C7-302AFD2F0996}.Ad-Hoc|x64.Deploy.0 = Debug|Any CPU
		{49A7B784-3C22-4AC2-96C7-302AFD2F0996}.Ad-Hoc|x86.ActiveCfg = Debug|Any CPU
		{49A7B784-3C22-4AC2-96C7-302AFD2F0996}.Ad-Hoc|x86.Build.0 = Debug|Any CPU
		{49A7B784-3C22-4AC2-96C7-302AFD2F0996}.Ad-Hoc|x86.Deploy.0 = Debug|Any CPU
		{49A7B784-3C22-4AC2-96C7-302AFD2F0996}.AppStore|Any CPU.ActiveCfg = Debug|Any CPU
		{49A7B784-3C22-4AC2-96C7-302AFD2F0996}.AppStore|Any CPU.Build.0 = Debug|Any CPU
		{49A7B784-3C22-4AC2-96C7-302AFD2F0996}.AppStore|Any CPU.Deploy.0 = Debug|Any CPU
		{49A7B784-3C22-4AC2-96C7-302AFD2F0996}.AppStore|ARM.ActiveCfg = Debug|Any CPU
		{49A7B784-3C22-4AC2-96C7-302AFD2F0996}.AppStore|ARM.Build.0 = Debug|Any CPU
		{49A7B784-3C22-4AC2-96C7-302AFD2F0996}.AppStore|ARM.Deploy.0 = Debug|Any CPU
		{49A7B784-3C22-4AC2-96C7-302AFD2F0996}.AppStore|iPhone.ActiveCfg = Debug|Any CPU
		{49A7B784-3C22-4AC2-96C7-302AFD2F0996}.AppStore|iPhone.Build.0 = Debug|Any CPU
		{49A7B784-3C22-4AC2-96C7-302AFD2F0996}.AppStore|iPhone.Deploy.0 = Debug|Any CPU
		{49A7B784-3C22-4AC2-96C7-302AFD2F0996}.AppStore|iPhoneSimulator.ActiveCfg = Debug|Any CPU
		{49A7B784-3C22-4AC2-96C7-302AFD2F0996}.AppStore|iPhoneSimulator.Build.0 = Debug|Any CPU
		{49A7B784-3C22-4AC2-96C7-302AFD2F0996}.AppStore|iPhoneSimulator.Deploy.0 = Debug|Any CPU
		{49A7B784-3C22-4AC2-96C7-302AFD2F0996}.AppStore|x64.ActiveCfg = Debug|Any CPU
		{49A7B784-3C22-4AC2-96C7-302AFD2F0996}.AppStore|x64.Build.0 = Debug|Any CPU
		{49A7B784-3C22-4AC2-96C7-302AFD2F0996}.AppStore|x64.Deploy.0 = Debug|Any CPU
		{49A7B784-3C22-4AC2-96C7-302AFD2F0996}.AppStore|x86.ActiveCfg = Debug|Any CPU
		{49A7B784-3C22-4AC2-96C7-302AFD2F0996}.AppStore|x86.Build.0 = Debug|Any CPU
		{49A7B784-3C22-4AC2-96C7-302AFD2F0996}.AppStore|x86.Deploy.0 = Debug|Any CPU
		{49A7B784-3C22-4AC2-96C7-302AFD2F0996}.Debug|Any CPU.ActiveCfg = Debug|Any CPU
		{49A7B784-3C22-4AC2-96C7-302AFD2F0996}.Debug|Any CPU.Build.0 = Debug|Any CPU
		{49A7B784-3C22-4AC2-96C7-302AFD2F0996}.Debug|Any CPU.Deploy.0 = Debug|Any CPU
		{49A7B784-3C22-4AC2-96C7-302AFD2F0996}.Debug|ARM.ActiveCfg = Debug|Any CPU
		{49A7B784-3C22-4AC2-96C7-302AFD2F0996}.Debug|ARM.Build.0 = Debug|Any CPU
		{49A7B784-3C22-4AC2-96C7-302AFD2F0996}.Debug|ARM.Deploy.0 = Debug|Any CPU
		{49A7B784-3C22-4AC2-96C7-302AFD2F0996}.Debug|iPhone.ActiveCfg = Debug|Any CPU
		{49A7B784-3C22-4AC2-96C7-302AFD2F0996}.Debug|iPhone.Build.0 = Debug|Any CPU
		{49A7B784-3C22-4AC2-96C7-302AFD2F0996}.Debug|iPhone.Deploy.0 = Debug|Any CPU
		{49A7B784-3C22-4AC2-96C7-302AFD2F0996}.Debug|iPhoneSimulator.ActiveCfg = Debug|Any CPU
		{49A7B784-3C22-4AC2-96C7-302AFD2F0996}.Debug|iPhoneSimulator.Build.0 = Debug|Any CPU
		{49A7B784-3C22-4AC2-96C7-302AFD2F0996}.Debug|iPhoneSimulator.Deploy.0 = Debug|Any CPU
		{49A7B784-3C22-4AC2-96C7-302AFD2F0996}.Debug|x64.ActiveCfg = Debug|Any CPU
		{49A7B784-3C22-4AC2-96C7-302AFD2F0996}.Debug|x64.Build.0 = Debug|Any CPU
		{49A7B784-3C22-4AC2-96C7-302AFD2F0996}.Debug|x64.Deploy.0 = Debug|Any CPU
		{49A7B784-3C22-4AC2-96C7-302AFD2F0996}.Debug|x86.ActiveCfg = Debug|Any CPU
		{49A7B784-3C22-4AC2-96C7-302AFD2F0996}.Debug|x86.Build.0 = Debug|Any CPU
		{49A7B784-3C22-4AC2-96C7-302AFD2F0996}.Debug|x86.Deploy.0 = Debug|Any CPU
		{49A7B784-3C22-4AC2-96C7-302AFD2F0996}.Release|Any CPU.ActiveCfg = Release|Any CPU
		{49A7B784-3C22-4AC2-96C7-302AFD2F0996}.Release|Any CPU.Build.0 = Release|Any CPU
		{49A7B784-3C22-4AC2-96C7-302AFD2F0996}.Release|Any CPU.Deploy.0 = Release|Any CPU
		{49A7B784-3C22-4AC2-96C7-302AFD2F0996}.Release|ARM.ActiveCfg = Release|Any CPU
		{49A7B784-3C22-4AC2-96C7-302AFD2F0996}.Release|ARM.Build.0 = Release|Any CPU
		{49A7B784-3C22-4AC2-96C7-302AFD2F0996}.Release|ARM.Deploy.0 = Release|Any CPU
		{49A7B784-3C22-4AC2-96C7-302AFD2F0996}.Release|iPhone.ActiveCfg = Release|Any CPU
		{49A7B784-3C22-4AC2-96C7-302AFD2F0996}.Release|iPhone.Build.0 = Release|Any CPU
		{49A7B784-3C22-4AC2-96C7-302AFD2F0996}.Release|iPhone.Deploy.0 = Release|Any CPU
		{49A7B784-3C22-4AC2-96C7-302AFD2F0996}.Release|iPhoneSimulator.ActiveCfg = Release|Any CPU
		{49A7B784-3C22-4AC2-96C7-302AFD2F0996}.Release|iPhoneSimulator.Build.0 = Release|Any CPU
		{49A7B784-3C22-4AC2-96C7-302AFD2F0996}.Release|iPhoneSimulator.Deploy.0 = Release|Any CPU
		{49A7B784-3C22-4AC2-96C7-302AFD2F0996}.Release|x64.ActiveCfg = Release|Any CPU
		{49A7B784-3C22-4AC2-96C7-302AFD2F0996}.Release|x64.Build.0 = Release|Any CPU
		{49A7B784-3C22-4AC2-96C7-302AFD2F0996}.Release|x64.Deploy.0 = Release|Any CPU
		{49A7B784-3C22-4AC2-96C7-302AFD2F0996}.Release|x86.ActiveCfg = Release|Any CPU
		{49A7B784-3C22-4AC2-96C7-302AFD2F0996}.Release|x86.Build.0 = Release|Any CPU
		{49A7B784-3C22-4AC2-96C7-302AFD2F0996}.Release|x86.Deploy.0 = Release|Any CPU
	EndGlobalSection
	GlobalSection(SolutionProperties) = preSolution
		HideSolutionNode = FALSE
	EndGlobalSection
	GlobalSection(ExtensibilityGlobals) = postSolution
		SolutionGuid = {EB9B4B2B-A807-4268-8D4F-680C7FAD0DEC}
	EndGlobalSection
EndGlobal
