
Microsoft Visual Studio Solution File, Format Version 12.00
# Visual Studio 15
VisualStudioVersion = 15.0.28307.489
MinimumVisualStudioVersion = 10.0.40219.1
Project("{FAE04EC0-301F-11D3-BF4B-00C04F79EFBC}") = "NetworkShaker.Android", "NetworkShaker\NetworkShaker.Android\NetworkShaker.Android.csproj", "{5FAE5F3A-28DB-49CA-A29B-B10188EE804A}"
EndProject
Project("{FAE04EC0-301F-11D3-BF4B-00C04F79EFBC}") = "NetworkShaker", "NetworkShaker\NetworkShaker\NetworkShaker.csproj", "{5B413E74-457E-4CAB-B424-1DD981E8AE69}"
EndProject
Global
	GlobalSection(SolutionConfigurationPlatforms) = preSolution
		Debug|Any CPU = Debug|Any CPU
		Release|Any CPU = Release|Any CPU
	EndGlobalSection
	GlobalSection(ProjectConfigurationPlatforms) = postSolution
		{5FAE5F3A-28DB-49CA-A29B-B10188EE804A}.Debug|Any CPU.ActiveCfg = Debug|Any CPU
		{5FAE5F3A-28DB-49CA-A29B-B10188EE804A}.Debug|Any CPU.Build.0 = Debug|Any CPU
		{5FAE5F3A-28DB-49CA-A29B-B10188EE804A}.Debug|Any CPU.Deploy.0 = Debug|Any CPU
		{5FAE5F3A-28DB-49CA-A29B-B10188EE804A}.Release|Any CPU.ActiveCfg = Release|Any CPU
		{5FAE5F3A-28DB-49CA-A29B-B10188EE804A}.Release|Any CPU.Build.0 = Release|Any CPU
		{5FAE5F3A-28DB-49CA-A29B-B10188EE804A}.Release|Any CPU.Deploy.0 = Release|Any CPU
		{5B413E74-457E-4CAB-B424-1DD981E8AE69}.Debug|Any CPU.ActiveCfg = Debug|Any CPU
		{5B413E74-457E-4CAB-B424-1DD981E8AE69}.Debug|Any CPU.Build.0 = Debug|Any CPU
		{5B413E74-457E-4CAB-B424-1DD981E8AE69}.Debug|Any CPU.Deploy.0 = Debug|Any CPU
		{5B413E74-457E-4CAB-B424-1DD981E8AE69}.Release|Any CPU.ActiveCfg = Release|Any CPU
		{5B413E74-457E-4CAB-B424-1DD981E8AE69}.Release|Any CPU.Build.0 = Release|Any CPU
		{5B413E74-457E-4CAB-B424-1DD981E8AE69}.Release|Any CPU.Deploy.0 = Release|Any CPU
	EndGlobalSection
	GlobalSection(SolutionProperties) = preSolution
		HideSolutionNode = FALSE
	EndGlobalSection
	GlobalSection(ExtensibilityGlobals) = postSolution
		SolutionGuid = {A48D5673-C855-4D12-835D-0424FF9318D6}
	EndGlobalSection
EndGlobal
