
Microsoft Visual Studio Solution File, Format Version 12.00
# Visual Studio 15
VisualStudioVersion = 15.0.28307.489
MinimumVisualStudioVersion = 10.0.40219.1
Project("{FAE04EC0-301F-11D3-BF4B-00C04F79EFBC}") = "ListViewDemo.Android", "ListViewDemo\ListViewDemo.Android\ListViewDemo.Android.csproj", "{72FA7A0C-9982-47FB-9F6D-0E8E2F523129}"
EndProject
Project("{FAE04EC0-301F-11D3-BF4B-00C04F79EFBC}") = "ListViewDemo.iOS", "ListViewDemo\ListViewDemo.iOS\ListViewDemo.iOS.csproj", "{5BFD27F0-3EE4-416A-A34A-A4E29E8932FF}"
EndProject
Project("{FAE04EC0-301F-11D3-BF4B-00C04F79EFBC}") = "ListViewDemo.UWP", "ListViewDemo\ListViewDemo.UWP\ListViewDemo.UWP.csproj", "{ED38B7D6-F092-48E8-87E9-21637B60480D}"
EndProject
Project("{FAE04EC0-301F-11D3-BF4B-00C04F79EFBC}") = "ListViewDemo", "ListViewDemo\ListViewDemo\ListViewDemo.csproj", "{71F43595-86F0-4A04-915F-31755B6E6A83}"
EndProject
Global
	GlobalSection(SolutionConfigurationPlatforms) = preSolution
		Ad-Hoc|Any CPU = Ad-Hoc|Any CPU
		Ad-Hoc|ARM = Ad-Hoc|ARM
		Ad-Hoc|iPhone = Ad-Hoc|iPhone
		Ad-Hoc|iPhoneSimulator = Ad-Hoc|iPhoneSimulator
		Ad-Hoc|x64 = Ad-Hoc|x64
		Ad-Hoc|x86 = Ad-Hoc|x86
		AppStore|Any CPU = AppStore|Any CPU
		AppStore|ARM = AppStore|ARM
		AppStore|iPhone = AppStore|iPhone
		AppStore|iPhoneSimulator = AppStore|iPhoneSimulator
		AppStore|x64 = AppStore|x64
		AppStore|x86 = AppStore|x86
		Debug|Any CPU = Debug|Any CPU
		Debug|ARM = Debug|ARM
		Debug|iPhone = Debug|iPhone
		Debug|iPhoneSimulator = Debug|iPhoneSimulator
		Debug|x64 = Debug|x64
		Debug|x86 = Debug|x86
		Release|Any CPU = Release|Any CPU
		Release|ARM = Release|ARM
		Release|iPhone = Release|iPhone
		Release|iPhoneSimulator = Release|iPhoneSimulator
		Release|x64 = Release|x64
		Release|x86 = Release|x86
	EndGlobalSection
	GlobalSection(ProjectConfigurationPlatforms) = postSolution
		{72FA7A0C-9982-47FB-9F6D-0E8E2F523129}.Ad-Hoc|Any CPU.ActiveCfg = Release|Any CPU
		{72FA7A0C-9982-47FB-9F6D-0E8E2F523129}.Ad-Hoc|Any CPU.Build.0 = Release|Any CPU
		{72FA7A0C-9982-47FB-9F6D-0E8E2F523129}.Ad-Hoc|Any CPU.Deploy.0 = Release|Any CPU
		{72FA7A0C-9982-47FB-9F6D-0E8E2F523129}.Ad-Hoc|ARM.ActiveCfg = Release|Any CPU
		{72FA7A0C-9982-47FB-9F6D-0E8E2F523129}.Ad-Hoc|ARM.Build.0 = Release|Any CPU
		{72FA7A0C-9982-47FB-9F6D-0E8E2F523129}.Ad-Hoc|ARM.Deploy.0 = Release|Any CPU
		{72FA7A0C-9982-47FB-9F6D-0E8E2F523129}.Ad-Hoc|iPhone.ActiveCfg = Release|Any CPU
		{72FA7A0C-9982-47FB-9F6D-0E8E2F523129}.Ad-Hoc|iPhone.Build.0 = Release|Any CPU
		{72FA7A0C-9982-47FB-9F6D-0E8E2F523129}.Ad-Hoc|iPhone.Deploy.0 = Release|Any CPU
		{72FA7A0C-9982-47FB-9F6D-0E8E2F523129}.Ad-Hoc|iPhoneSimulator.ActiveCfg = Release|Any CPU
		{72FA7A0C-9982-47FB-9F6D-0E8E2F523129}.Ad-Hoc|iPhoneSimulator.Build.0 = Release|Any CPU
		{72FA7A0C-9982-47FB-9F6D-0E8E2F523129}.Ad-Hoc|iPhoneSimulator.Deploy.0 = Release|Any CPU
		{72FA7A0C-9982-47FB-9F6D-0E8E2F523129}.Ad-Hoc|x64.ActiveCfg = Release|Any CPU
		{72FA7A0C-9982-47FB-9F6D-0E8E2F523129}.Ad-Hoc|x64.Build.0 = Release|Any CPU
		{72FA7A0C-9982-47FB-9F6D-0E8E2F523129}.Ad-Hoc|x64.Deploy.0 = Release|Any CPU
		{72FA7A0C-9982-47FB-9F6D-0E8E2F523129}.Ad-Hoc|x86.ActiveCfg = Release|Any CPU
		{72FA7A0C-9982-47FB-9F6D-0E8E2F523129}.Ad-Hoc|x86.Build.0 = Release|Any CPU
		{72FA7A0C-9982-47FB-9F6D-0E8E2F523129}.Ad-Hoc|x86.Deploy.0 = Release|Any CPU
		{72FA7A0C-9982-47FB-9F6D-0E8E2F523129}.AppStore|Any CPU.ActiveCfg = Release|Any CPU
		{72FA7A0C-9982-47FB-9F6D-0E8E2F523129}.AppStore|Any CPU.Build.0 = Release|Any CPU
		{72FA7A0C-9982-47FB-9F6D-0E8E2F523129}.AppStore|Any CPU.Deploy.0 = Release|Any CPU
		{72FA7A0C-9982-47FB-9F6D-0E8E2F523129}.AppStore|ARM.ActiveCfg = Release|Any CPU
		{72FA7A0C-9982-47FB-9F6D-0E8E2F523129}.AppStore|ARM.Build.0 = Release|Any CPU
		{72FA7A0C-9982-47FB-9F6D-0E8E2F523129}.AppStore|ARM.Deploy.0 = Release|Any CPU
		{72FA7A0C-9982-47FB-9F6D-0E8E2F523129}.AppStore|iPhone.ActiveCfg = Release|Any CPU
		{72FA7A0C-9982-47FB-9F6D-0E8E2F523129}.AppStore|iPhone.Build.0 = Release|Any CPU
		{72FA7A0C-9982-47FB-9F6D-0E8E2F523129}.AppStore|iPhone.Deploy.0 = Release|Any CPU
		{72FA7A0C-9982-47FB-9F6D-0E8E2F523129}.AppStore|iPhoneSimulator.ActiveCfg = Release|Any CPU
		{72FA7A0C-9982-47FB-9F6D-0E8E2F523129}.AppStore|iPhoneSimulator.Build.0 = Release|Any CPU
		{72FA7A0C-9982-47FB-9F6D-0E8E2F523129}.AppStore|iPhoneSimulator.Deploy.0 = Release|Any CPU
		{72FA7A0C-9982-47FB-9F6D-0E8E2F523129}.AppStore|x64.ActiveCfg = Release|Any CPU
		{72FA7A0C-9982-47FB-9F6D-0E8E2F523129}.AppStore|x64.Build.0 = Release|Any CPU
		{72FA7A0C-9982-47FB-9F6D-0E8E2F523129}.AppStore|x64.Deploy.0 = Release|Any CPU
		{72FA7A0C-9982-47FB-9F6D-0E8E2F523129}.AppStore|x86.ActiveCfg = Release|Any CPU
		{72FA7A0C-9982-47FB-9F6D-0E8E2F523129}.AppStore|x86.Build.0 = Release|Any CPU
		{72FA7A0C-9982-47FB-9F6D-0E8E2F523129}.AppStore|x86.Deploy.0 = Release|Any CPU
		{72FA7A0C-9982-47FB-9F6D-0E8E2F523129}.Debug|Any CPU.ActiveCfg = Debug|Any CPU
		{72FA7A0C-9982-47FB-9F6D-0E8E2F523129}.Debug|Any CPU.Build.0 = Debug|Any CPU
		{72FA7A0C-9982-47FB-9F6D-0E8E2F523129}.Debug|Any CPU.Deploy.0 = Debug|Any CPU
		{72FA7A0C-9982-47FB-9F6D-0E8E2F523129}.Debug|ARM.ActiveCfg = Debug|Any CPU
		{72FA7A0C-9982-47FB-9F6D-0E8E2F523129}.Debug|ARM.Build.0 = Debug|Any CPU
		{72FA7A0C-9982-47FB-9F6D-0E8E2F523129}.Debug|ARM.Deploy.0 = Debug|Any CPU
		{72FA7A0C-9982-47FB-9F6D-0E8E2F523129}.Debug|iPhone.ActiveCfg = Debug|Any CPU
		{72FA7A0C-9982-47FB-9F6D-0E8E2F523129}.Debug|iPhone.Build.0 = Debug|Any CPU
		{72FA7A0C-9982-47FB-9F6D-0E8E2F523129}.Debug|iPhone.Deploy.0 = Debug|Any CPU
		{72FA7A0C-9982-47FB-9F6D-0E8E2F523129}.Debug|iPhoneSimulator.ActiveCfg = Debug|Any CPU
		{72FA7A0C-9982-47FB-9F6D-0E8E2F523129}.Debug|iPhoneSimulator.Build.0 = Debug|Any CPU
		{72FA7A0C-9982-47FB-9F6D-0E8E2F523129}.Debug|iPhoneSimulator.Deploy.0 = Debug|Any CPU
		{72FA7A0C-9982-47FB-9F6D-0E8E2F523129}.Debug|x64.ActiveCfg = Debug|Any CPU
		{72FA7A0C-9982-47FB-9F6D-0E8E2F523129}.Debug|x64.Build.0 = Debug|Any CPU
		{72FA7A0C-9982-47FB-9F6D-0E8E2F523129}.Debug|x64.Deploy.0 = Debug|Any CPU
		{72FA7A0C-9982-47FB-9F6D-0E8E2F523129}.Debug|x86.ActiveCfg = Debug|Any CPU
		{72FA7A0C-9982-47FB-9F6D-0E8E2F523129}.Debug|x86.Build.0 = Debug|Any CPU
		{72FA7A0C-9982-47FB-9F6D-0E8E2F523129}.Debug|x86.Deploy.0 = Debug|Any CPU
		{72FA7A0C-9982-47FB-9F6D-0E8E2F523129}.Release|Any CPU.ActiveCfg = Release|Any CPU
		{72FA7A0C-9982-47FB-9F6D-0E8E2F523129}.Release|Any CPU.Build.0 = Release|Any CPU
		{72FA7A0C-9982-47FB-9F6D-0E8E2F523129}.Release|Any CPU.Deploy.0 = Release|Any CPU
		{72FA7A0C-9982-47FB-9F6D-0E8E2F523129}.Release|ARM.ActiveCfg = Release|Any CPU
		{72FA7A0C-9982-47FB-9F6D-0E8E2F523129}.Release|ARM.Build.0 = Release|Any CPU
		{72FA7A0C-9982-47FB-9F6D-0E8E2F523129}.Release|ARM.Deploy.0 = Release|Any CPU
		{72FA7A0C-9982-47FB-9F6D-0E8E2F523129}.Release|iPhone.ActiveCfg = Release|Any CPU
		{72FA7A0C-9982-47FB-9F6D-0E8E2F523129}.Release|iPhone.Build.0 = Release|Any CPU
		{72FA7A0C-9982-47FB-9F6D-0E8E2F523129}.Release|iPhone.Deploy.0 = Release|Any CPU
		{72FA7A0C-9982-47FB-9F6D-0E8E2F523129}.Release|iPhoneSimulator.ActiveCfg = Release|Any CPU
		{72FA7A0C-9982-47FB-9F6D-0E8E2F523129}.Release|iPhoneSimulator.Build.0 = Release|Any CPU
		{72FA7A0C-9982-47FB-9F6D-0E8E2F523129}.Release|iPhoneSimulator.Deploy.0 = Release|Any CPU
		{72FA7A0C-9982-47FB-9F6D-0E8E2F523129}.Release|x64.ActiveCfg = Release|Any CPU
		{72FA7A0C-9982-47FB-9F6D-0E8E2F523129}.Release|x64.Build.0 = Release|Any CPU
		{72FA7A0C-9982-47FB-9F6D-0E8E2F523129}.Release|x64.Deploy.0 = Release|Any CPU
		{72FA7A0C-9982-47FB-9F6D-0E8E2F523129}.Release|x86.ActiveCfg = Release|Any CPU
		{72FA7A0C-9982-47FB-9F6D-0E8E2F523129}.Release|x86.Build.0 = Release|Any CPU
		{72FA7A0C-9982-47FB-9F6D-0E8E2F523129}.Release|x86.Deploy.0 = Release|Any CPU
		{5BFD27F0-3EE4-416A-A34A-A4E29E8932FF}.Ad-Hoc|Any CPU.ActiveCfg = Ad-Hoc|iPhone
		{5BFD27F0-3EE4-416A-A34A-A4E29E8932FF}.Ad-Hoc|Any CPU.Build.0 = Ad-Hoc|iPhone
		{5BFD27F0-3EE4-416A-A34A-A4E29E8932FF}.Ad-Hoc|Any CPU.Deploy.0 = Ad-Hoc|iPhone
		{5BFD27F0-3EE4-416A-A34A-A4E29E8932FF}.Ad-Hoc|ARM.ActiveCfg = Ad-Hoc|iPhone
		{5BFD27F0-3EE4-416A-A34A-A4E29E8932FF}.Ad-Hoc|ARM.Build.0 = Ad-Hoc|iPhone
		{5BFD27F0-3EE4-416A-A34A-A4E29E8932FF}.Ad-Hoc|ARM.Deploy.0 = Ad-Hoc|iPhone
		{5BFD27F0-3EE4-416A-A34A-A4E29E8932FF}.Ad-Hoc|iPhone.ActiveCfg = Ad-Hoc|iPhone
		{5BFD27F0-3EE4-416A-A34A-A4E29E8932FF}.Ad-Hoc|iPhone.Build.0 = Ad-Hoc|iPhone
		{5BFD27F0-3EE4-416A-A34A-A4E29E8932FF}.Ad-Hoc|iPhone.Deploy.0 = Ad-Hoc|iPhone
		{5BFD27F0-3EE4-416A-A34A-A4E29E8932FF}.Ad-Hoc|iPhoneSimulator.ActiveCfg = Ad-Hoc|iPhoneSimulator
		{5BFD27F0-3EE4-416A-A34A-A4E29E8932FF}.Ad-Hoc|iPhoneSimulator.Build.0 = Ad-Hoc|iPhoneSimulator
		{5BFD27F0-3EE4-416A-A34A-A4E29E8932FF}.Ad-Hoc|iPhoneSimulator.Deploy.0 = Ad-Hoc|iPhoneSimulator
		{5BFD27F0-3EE4-416A-A34A-A4E29E8932FF}.Ad-Hoc|x64.ActiveCfg = Ad-Hoc|iPhone
		{5BFD27F0-3EE4-416A-A34A-A4E29E8932FF}.Ad-Hoc|x64.Build.0 = Ad-Hoc|iPhone
		{5BFD27F0-3EE4-416A-A34A-A4E29E8932FF}.Ad-Hoc|x64.Deploy.0 = Ad-Hoc|iPhone
		{5BFD27F0-3EE4-416A-A34A-A4E29E8932FF}.Ad-Hoc|x86.ActiveCfg = Ad-Hoc|iPhone
		{5BFD27F0-3EE4-416A-A34A-A4E29E8932FF}.Ad-Hoc|x86.Build.0 = Ad-Hoc|iPhone
		{5BFD27F0-3EE4-416A-A34A-A4E29E8932FF}.Ad-Hoc|x86.Deploy.0 = Ad-Hoc|iPhone
		{5BFD27F0-3EE4-416A-A34A-A4E29E8932FF}.AppStore|Any CPU.ActiveCfg = AppStore|iPhone
		{5BFD27F0-3EE4-416A-A34A-A4E29E8932FF}.AppStore|Any CPU.Build.0 = AppStore|iPhone
		{5BFD27F0-3EE4-416A-A34A-A4E29E8932FF}.AppStore|Any CPU.Deploy.0 = AppStore|iPhone
		{5BFD27F0-3EE4-416A-A34A-A4E29E8932FF}.AppStore|ARM.ActiveCfg = AppStore|iPhone
		{5BFD27F0-3EE4-416A-A34A-A4E29E8932FF}.AppStore|ARM.Build.0 = AppStore|iPhone
		{5BFD27F0-3EE4-416A-A34A-A4E29E8932FF}.AppStore|ARM.Deploy.0 = AppStore|iPhone
		{5BFD27F0-3EE4-416A-A34A-A4E29E8932FF}.AppStore|iPhone.ActiveCfg = AppStore|iPhone
		{5BFD27F0-3EE4-416A-A34A-A4E29E8932FF}.AppStore|iPhone.Build.0 = AppStore|iPhone
		{5BFD27F0-3EE4-416A-A34A-A4E29E8932FF}.AppStore|iPhone.Deploy.0 = AppStore|iPhone
		{5BFD27F0-3EE4-416A-A34A-A4E29E8932FF}.AppStore|iPhoneSimulator.ActiveCfg = AppStore|iPhoneSimulator
		{5BFD27F0-3EE4-416A-A34A-A4E29E8932FF}.AppStore|iPhoneSimulator.Build.0 = AppStore|iPhoneSimulator
		{5BFD27F0-3EE4-416A-A34A-A4E29E8932FF}.AppStore|iPhoneSimulator.Deploy.0 = AppStore|iPhoneSimulator
		{5BFD27F0-3EE4-416A-A34A-A4E29E8932FF}.AppStore|x64.ActiveCfg = AppStore|iPhone
		{5BFD27F0-3EE4-416A-A34A-A4E29E8932FF}.AppStore|x64.Build.0 = AppStore|iPhone
		{5BFD27F0-3EE4-416A-A34A-A4E29E8932FF}.AppStore|x64.Deploy.0 = AppStore|iPhone
		{5BFD27F0-3EE4-416A-A34A-A4E29E8932FF}.AppStore|x86.ActiveCfg = AppStore|iPhone
		{5BFD27F0-3EE4-416A-A34A-A4E29E8932FF}.AppStore|x86.Build.0 = AppStore|iPhone
		{5BFD27F0-3EE4-416A-A34A-A4E29E8932FF}.AppStore|x86.Deploy.0 = AppStore|iPhone
		{5BFD27F0-3EE4-416A-A34A-A4E29E8932FF}.Debug|Any CPU.ActiveCfg = Debug|iPhoneSimulator
		{5BFD27F0-3EE4-416A-A34A-A4E29E8932FF}.Debug|Any CPU.Build.0 = Debug|iPhoneSimulator
		{5BFD27F0-3EE4-416A-A34A-A4E29E8932FF}.Debug|Any CPU.Deploy.0 = Debug|iPhoneSimulator
		{5BFD27F0-3EE4-416A-A34A-A4E29E8932FF}.Debug|ARM.ActiveCfg = Debug|iPhone
		{5BFD27F0-3EE4-416A-A34A-A4E29E8932FF}.Debug|ARM.Build.0 = Debug|iPhone
		{5BFD27F0-3EE4-416A-A34A-A4E29E8932FF}.Debug|ARM.Deploy.0 = Debug|iPhone
		{5BFD27F0-3EE4-416A-A34A-A4E29E8932FF}.Debug|iPhone.ActiveCfg = Debug|iPhone
		{5BFD27F0-3EE4-416A-A34A-A4E29E8932FF}.Debug|iPhone.Build.0 = Debug|iPhone
		{5BFD27F0-3EE4-416A-A34A-A4E29E8932FF}.Debug|iPhone.Deploy.0 = Debug|iPhone
		{5BFD27F0-3EE4-416A-A34A-A4E29E8932FF}.Debug|iPhoneSimulator.ActiveCfg = Debug|iPhoneSimulator
		{5BFD27F0-3EE4-416A-A34A-A4E29E8932FF}.Debug|iPhoneSimulator.Build.0 = Debug|iPhoneSimulator
		{5BFD27F0-3EE4-416A-A34A-A4E29E8932FF}.Debug|iPhoneSimulator.Deploy.0 = Debug|iPhoneSimulator
		{5BFD27F0-3EE4-416A-A34A-A4E29E8932FF}.Debug|x64.ActiveCfg = Debug|iPhone
		{5BFD27F0-3EE4-416A-A34A-A4E29E8932FF}.Debug|x64.Build.0 = Debug|iPhone
		{5BFD27F0-3EE4-416A-A34A-A4E29E8932FF}.Debug|x64.Deploy.0 = Debug|iPhone
		{5BFD27F0-3EE4-416A-A34A-A4E29E8932FF}.Debug|x86.ActiveCfg = Debug|iPhone
		{5BFD27F0-3EE4-416A-A34A-A4E29E8932FF}.Debug|x86.Build.0 = Debug|iPhone
		{5BFD27F0-3EE4-416A-A34A-A4E29E8932FF}.Debug|x86.Deploy.0 = Debug|iPhone
		{5BFD27F0-3EE4-416A-A34A-A4E29E8932FF}.Release|Any CPU.ActiveCfg = Release|iPhone
		{5BFD27F0-3EE4-416A-A34A-A4E29E8932FF}.Release|Any CPU.Build.0 = Release|iPhone
		{5BFD27F0-3EE4-416A-A34A-A4E29E8932FF}.Release|Any CPU.Deploy.0 = Release|iPhone
		{5BFD27F0-3EE4-416A-A34A-A4E29E8932FF}.Release|ARM.ActiveCfg = Release|iPhone
		{5BFD27F0-3EE4-416A-A34A-A4E29E8932FF}.Release|ARM.Build.0 = Release|iPhone
		{5BFD27F0-3EE4-416A-A34A-A4E29E8932FF}.Release|ARM.Deploy.0 = Release|iPhone
		{5BFD27F0-3EE4-416A-A34A-A4E29E8932FF}.Release|iPhone.ActiveCfg = Release|iPhone
		{5BFD27F0-3EE4-416A-A34A-A4E29E8932FF}.Release|iPhone.Build.0 = Release|iPhone
		{5BFD27F0-3EE4-416A-A34A-A4E29E8932FF}.Release|iPhone.Deploy.0 = Release|iPhone
		{5BFD27F0-3EE4-416A-A34A-A4E29E8932FF}.Release|iPhoneSimulator.ActiveCfg = Release|iPhoneSimulator
		{5BFD27F0-3EE4-416A-A34A-A4E29E8932FF}.Release|iPhoneSimulator.Build.0 = Release|iPhoneSimulator
		{5BFD27F0-3EE4-416A-A34A-A4E29E8932FF}.Release|iPhoneSimulator.Deploy.0 = Release|iPhoneSimulator
		{5BFD27F0-3EE4-416A-A34A-A4E29E8932FF}.Release|x64.ActiveCfg = Release|iPhone
		{5BFD27F0-3EE4-416A-A34A-A4E29E8932FF}.Release|x64.Build.0 = Release|iPhone
		{5BFD27F0-3EE4-416A-A34A-A4E29E8932FF}.Release|x64.Deploy.0 = Release|iPhone
		{5BFD27F0-3EE4-416A-A34A-A4E29E8932FF}.Release|x86.ActiveCfg = Release|iPhone
		{5BFD27F0-3EE4-416A-A34A-A4E29E8932FF}.Release|x86.Build.0 = Release|iPhone
		{5BFD27F0-3EE4-416A-A34A-A4E29E8932FF}.Release|x86.Deploy.0 = Release|iPhone
		{ED38B7D6-F092-48E8-87E9-21637B60480D}.Ad-Hoc|Any CPU.ActiveCfg = Release|x86
		{ED38B7D6-F092-48E8-87E9-21637B60480D}.Ad-Hoc|Any CPU.Build.0 = Release|x86
		{ED38B7D6-F092-48E8-87E9-21637B60480D}.Ad-Hoc|Any CPU.Deploy.0 = Release|x86
		{ED38B7D6-F092-48E8-87E9-21637B60480D}.Ad-Hoc|ARM.ActiveCfg = Release|ARM
		{ED38B7D6-F092-48E8-87E9-21637B60480D}.Ad-Hoc|ARM.Build.0 = Release|ARM
		{ED38B7D6-F092-48E8-87E9-21637B60480D}.Ad-Hoc|ARM.Deploy.0 = Release|ARM
		{ED38B7D6-F092-48E8-87E9-21637B60480D}.Ad-Hoc|iPhone.ActiveCfg = Release|x86
		{ED38B7D6-F092-48E8-87E9-21637B60480D}.Ad-Hoc|iPhone.Build.0 = Release|x86
		{ED38B7D6-F092-48E8-87E9-21637B60480D}.Ad-Hoc|iPhone.Deploy.0 = Release|x86
		{ED38B7D6-F092-48E8-87E9-21637B60480D}.Ad-Hoc|iPhoneSimulator.ActiveCfg = Release|x86
		{ED38B7D6-F092-48E8-87E9-21637B60480D}.Ad-Hoc|iPhoneSimulator.Build.0 = Release|x86
		{ED38B7D6-F092-48E8-87E9-21637B60480D}.Ad-Hoc|iPhoneSimulator.Deploy.0 = Release|x86
		{ED38B7D6-F092-48E8-87E9-21637B60480D}.Ad-Hoc|x64.ActiveCfg = Release|x64
		{ED38B7D6-F092-48E8-87E9-21637B60480D}.Ad-Hoc|x64.Build.0 = Release|x64
		{ED38B7D6-F092-48E8-87E9-21637B60480D}.Ad-Hoc|x64.Deploy.0 = Release|x64
		{ED38B7D6-F092-48E8-87E9-21637B60480D}.Ad-Hoc|x86.ActiveCfg = Release|x86
		{ED38B7D6-F092-48E8-87E9-21637B60480D}.Ad-Hoc|x86.Build.0 = Release|x86
		{ED38B7D6-F092-48E8-87E9-21637B60480D}.Ad-Hoc|x86.Deploy.0 = Release|x86
		{ED38B7D6-F092-48E8-87E9-21637B60480D}.AppStore|Any CPU.ActiveCfg = Release|x86
		{ED38B7D6-F092-48E8-87E9-21637B60480D}.AppStore|Any CPU.Build.0 = Release|x86
		{ED38B7D6-F092-48E8-87E9-21637B60480D}.AppStore|Any CPU.Deploy.0 = Release|x86
		{ED38B7D6-F092-48E8-87E9-21637B60480D}.AppStore|ARM.ActiveCfg = Release|ARM
		{ED38B7D6-F092-48E8-87E9-21637B60480D}.AppStore|ARM.Build.0 = Release|ARM
		{ED38B7D6-F092-48E8-87E9-21637B60480D}.AppStore|ARM.Deploy.0 = Release|ARM
		{ED38B7D6-F092-48E8-87E9-21637B60480D}.AppStore|iPhone.ActiveCfg = Release|x86
		{ED38B7D6-F092-48E8-87E9-21637B60480D}.AppStore|iPhone.Build.0 = Release|x86
		{ED38B7D6-F092-48E8-87E9-21637B60480D}.AppStore|iPhone.Deploy.0 = Release|x86
		{ED38B7D6-F092-48E8-87E9-21637B60480D}.AppStore|iPhoneSimulator.ActiveCfg = Release|x86
		{ED38B7D6-F092-48E8-87E9-21637B60480D}.AppStore|iPhoneSimulator.Build.0 = Release|x86
		{ED38B7D6-F092-48E8-87E9-21637B60480D}.AppStore|iPhoneSimulator.Deploy.0 = Release|x86
		{ED38B7D6-F092-48E8-87E9-21637B60480D}.AppStore|x64.ActiveCfg = Release|x64
		{ED38B7D6-F092-48E8-87E9-21637B60480D}.AppStore|x64.Build.0 = Release|x64
		{ED38B7D6-F092-48E8-87E9-21637B60480D}.AppStore|x64.Deploy.0 = Release|x64
		{ED38B7D6-F092-48E8-87E9-21637B60480D}.AppStore|x86.ActiveCfg = Release|x86
		{ED38B7D6-F092-48E8-87E9-21637B60480D}.AppStore|x86.Build.0 = Release|x86
		{ED38B7D6-F092-48E8-87E9-21637B60480D}.AppStore|x86.Deploy.0 = Release|x86
		{ED38B7D6-F092-48E8-87E9-21637B60480D}.Debug|Any CPU.ActiveCfg = Debug|x86
		{ED38B7D6-F092-48E8-87E9-21637B60480D}.Debug|Any CPU.Build.0 = Debug|x86
		{ED38B7D6-F092-48E8-87E9-21637B60480D}.Debug|Any CPU.Deploy.0 = Debug|x86
		{ED38B7D6-F092-48E8-87E9-21637B60480D}.Debug|ARM.ActiveCfg = Debug|ARM
		{ED38B7D6-F092-48E8-87E9-21637B60480D}.Debug|ARM.Build.0 = Debug|ARM
		{ED38B7D6-F092-48E8-87E9-21637B60480D}.Debug|ARM.Deploy.0 = Debug|ARM
		{ED38B7D6-F092-48E8-87E9-21637B60480D}.Debug|iPhone.ActiveCfg = Debug|x86
		{ED38B7D6-F092-48E8-87E9-21637B60480D}.Debug|iPhone.Build.0 = Debug|x86
		{ED38B7D6-F092-48E8-87E9-21637B60480D}.Debug|iPhone.Deploy.0 = Debug|x86
		{ED38B7D6-F092-48E8-87E9-21637B60480D}.Debug|iPhoneSimulator.ActiveCfg = Debug|x86
		{ED38B7D6-F092-48E8-87E9-21637B60480D}.Debug|iPhoneSimulator.Build.0 = Debug|x86
		{ED38B7D6-F092-48E8-87E9-21637B60480D}.Debug|iPhoneSimulator.Deploy.0 = Debug|x86
		{ED38B7D6-F092-48E8-87E9-21637B60480D}.Debug|x64.ActiveCfg = Debug|x64
		{ED38B7D6-F092-48E8-87E9-21637B60480D}.Debug|x64.Build.0 = Debug|x64
		{ED38B7D6-F092-48E8-87E9-21637B60480D}.Debug|x64.Deploy.0 = Debug|x64
		{ED38B7D6-F092-48E8-87E9-21637B60480D}.Debug|x86.ActiveCfg = Debug|x86
		{ED38B7D6-F092-48E8-87E9-21637B60480D}.Debug|x86.Build.0 = Debug|x86
		{ED38B7D6-F092-48E8-87E9-21637B60480D}.Debug|x86.Deploy.0 = Debug|x86
		{ED38B7D6-F092-48E8-87E9-21637B60480D}.Release|Any CPU.ActiveCfg = Release|x86
		{ED38B7D6-F092-48E8-87E9-21637B60480D}.Release|Any CPU.Build.0 = Release|x86
		{ED38B7D6-F092-48E8-87E9-21637B60480D}.Release|Any CPU.Deploy.0 = Release|x86
		{ED38B7D6-F092-48E8-87E9-21637B60480D}.Release|ARM.ActiveCfg = Release|ARM
		{ED38B7D6-F092-48E8-87E9-21637B60480D}.Release|ARM.Build.0 = Release|ARM
		{ED38B7D6-F092-48E8-87E9-21637B60480D}.Release|ARM.Deploy.0 = Release|ARM
		{ED38B7D6-F092-48E8-87E9-21637B60480D}.Release|iPhone.ActiveCfg = Release|x86
		{ED38B7D6-F092-48E8-87E9-21637B60480D}.Release|iPhone.Build.0 = Release|x86
		{ED38B7D6-F092-48E8-87E9-21637B60480D}.Release|iPhone.Deploy.0 = Release|x86
		{ED38B7D6-F092-48E8-87E9-21637B60480D}.Release|iPhoneSimulator.ActiveCfg = Release|x86
		{ED38B7D6-F092-48E8-87E9-21637B60480D}.Release|iPhoneSimulator.Build.0 = Release|x86
		{ED38B7D6-F092-48E8-87E9-21637B60480D}.Release|iPhoneSimulator.Deploy.0 = Release|x86
		{ED38B7D6-F092-48E8-87E9-21637B60480D}.Release|x64.ActiveCfg = Release|x64
		{ED38B7D6-F092-48E8-87E9-21637B60480D}.Release|x64.Build.0 = Release|x64
		{ED38B7D6-F092-48E8-87E9-21637B60480D}.Release|x64.Deploy.0 = Release|x64
		{ED38B7D6-F092-48E8-87E9-21637B60480D}.Release|x86.ActiveCfg = Release|x86
		{ED38B7D6-F092-48E8-87E9-21637B60480D}.Release|x86.Build.0 = Release|x86
		{ED38B7D6-F092-48E8-87E9-21637B60480D}.Release|x86.Deploy.0 = Release|x86
		{71F43595-86F0-4A04-915F-31755B6E6A83}.Ad-Hoc|Any CPU.ActiveCfg = Debug|Any CPU
		{71F43595-86F0-4A04-915F-31755B6E6A83}.Ad-Hoc|Any CPU.Build.0 = Debug|Any CPU
		{71F43595-86F0-4A04-915F-31755B6E6A83}.Ad-Hoc|Any CPU.Deploy.0 = Debug|Any CPU
		{71F43595-86F0-4A04-915F-31755B6E6A83}.Ad-Hoc|ARM.ActiveCfg = Debug|Any CPU
		{71F43595-86F0-4A04-915F-31755B6E6A83}.Ad-Hoc|ARM.Build.0 = Debug|Any CPU
		{71F43595-86F0-4A04-915F-31755B6E6A83}.Ad-Hoc|ARM.Deploy.0 = Debug|Any CPU
		{71F43595-86F0-4A04-915F-31755B6E6A83}.Ad-Hoc|iPhone.ActiveCfg = Debug|Any CPU
		{71F43595-86F0-4A04-915F-31755B6E6A83}.Ad-Hoc|iPhone.Build.0 = Debug|Any CPU
		{71F43595-86F0-4A04-915F-31755B6E6A83}.Ad-Hoc|iPhone.Deploy.0 = Debug|Any CPU
		{71F43595-86F0-4A04-915F-31755B6E6A83}.Ad-Hoc|iPhoneSimulator.ActiveCfg = Debug|Any CPU
		{71F43595-86F0-4A04-915F-31755B6E6A83}.Ad-Hoc|iPhoneSimulator.Build.0 = Debug|Any CPU
		{71F43595-86F0-4A04-915F-31755B6E6A83}.Ad-Hoc|iPhoneSimulator.Deploy.0 = Debug|Any CPU
		{71F43595-86F0-4A04-915F-31755B6E6A83}.Ad-Hoc|x64.ActiveCfg = Debug|Any CPU
		{71F43595-86F0-4A04-915F-31755B6E6A83}.Ad-Hoc|x64.Build.0 = Debug|Any CPU
		{71F43595-86F0-4A04-915F-31755B6E6A83}.Ad-Hoc|x64.Deploy.0 = Debug|Any CPU
		{71F43595-86F0-4A04-915F-31755B6E6A83}.Ad-Hoc|x86.ActiveCfg = Debug|Any CPU
		{71F43595-86F0-4A04-915F-31755B6E6A83}.Ad-Hoc|x86.Build.0 = Debug|Any CPU
		{71F43595-86F0-4A04-915F-31755B6E6A83}.Ad-Hoc|x86.Deploy.0 = Debug|Any CPU
		{71F43595-86F0-4A04-915F-31755B6E6A83}.AppStore|Any CPU.ActiveCfg = Debug|Any CPU
		{71F43595-86F0-4A04-915F-31755B6E6A83}.AppStore|Any CPU.Build.0 = Debug|Any CPU
		{71F43595-86F0-4A04-915F-31755B6E6A83}.AppStore|Any CPU.Deploy.0 = Debug|Any CPU
		{71F43595-86F0-4A04-915F-31755B6E6A83}.AppStore|ARM.ActiveCfg = Debug|Any CPU
		{71F43595-86F0-4A04-915F-31755B6E6A83}.AppStore|ARM.Build.0 = Debug|Any CPU
		{71F43595-86F0-4A04-915F-31755B6E6A83}.AppStore|ARM.Deploy.0 = Debug|Any CPU
		{71F43595-86F0-4A04-915F-31755B6E6A83}.AppStore|iPhone.ActiveCfg = Debug|Any CPU
		{71F43595-86F0-4A04-915F-31755B6E6A83}.AppStore|iPhone.Build.0 = Debug|Any CPU
		{71F43595-86F0-4A04-915F-31755B6E6A83}.AppStore|iPhone.Deploy.0 = Debug|Any CPU
		{71F43595-86F0-4A04-915F-31755B6E6A83}.AppStore|iPhoneSimulator.ActiveCfg = Debug|Any CPU
		{71F43595-86F0-4A04-915F-31755B6E6A83}.AppStore|iPhoneSimulator.Build.0 = Debug|Any CPU
		{71F43595-86F0-4A04-915F-31755B6E6A83}.AppStore|iPhoneSimulator.Deploy.0 = Debug|Any CPU
		{71F43595-86F0-4A04-915F-31755B6E6A83}.AppStore|x64.ActiveCfg = Debug|Any CPU
		{71F43595-86F0-4A04-915F-31755B6E6A83}.AppStore|x64.Build.0 = Debug|Any CPU
		{71F43595-86F0-4A04-915F-31755B6E6A83}.AppStore|x64.Deploy.0 = Debug|Any CPU
		{71F43595-86F0-4A04-915F-31755B6E6A83}.AppStore|x86.ActiveCfg = Debug|Any CPU
		{71F43595-86F0-4A04-915F-31755B6E6A83}.AppStore|x86.Build.0 = Debug|Any CPU
		{71F43595-86F0-4A04-915F-31755B6E6A83}.AppStore|x86.Deploy.0 = Debug|Any CPU
		{71F43595-86F0-4A04-915F-31755B6E6A83}.Debug|Any CPU.ActiveCfg = Debug|Any CPU
		{71F43595-86F0-4A04-915F-31755B6E6A83}.Debug|Any CPU.Build.0 = Debug|Any CPU
		{71F43595-86F0-4A04-915F-31755B6E6A83}.Debug|Any CPU.Deploy.0 = Debug|Any CPU
		{71F43595-86F0-4A04-915F-31755B6E6A83}.Debug|ARM.ActiveCfg = Debug|Any CPU
		{71F43595-86F0-4A04-915F-31755B6E6A83}.Debug|ARM.Build.0 = Debug|Any CPU
		{71F43595-86F0-4A04-915F-31755B6E6A83}.Debug|ARM.Deploy.0 = Debug|Any CPU
		{71F43595-86F0-4A04-915F-31755B6E6A83}.Debug|iPhone.ActiveCfg = Debug|Any CPU
		{71F43595-86F0-4A04-915F-31755B6E6A83}.Debug|iPhone.Build.0 = Debug|Any CPU
		{71F43595-86F0-4A04-915F-31755B6E6A83}.Debug|iPhone.Deploy.0 = Debug|Any CPU
		{71F43595-86F0-4A04-915F-31755B6E6A83}.Debug|iPhoneSimulator.ActiveCfg = Debug|Any CPU
		{71F43595-86F0-4A04-915F-31755B6E6A83}.Debug|iPhoneSimulator.Build.0 = Debug|Any CPU
		{71F43595-86F0-4A04-915F-31755B6E6A83}.Debug|iPhoneSimulator.Deploy.0 = Debug|Any CPU
		{71F43595-86F0-4A04-915F-31755B6E6A83}.Debug|x64.ActiveCfg = Debug|Any CPU
		{71F43595-86F0-4A04-915F-31755B6E6A83}.Debug|x64.Build.0 = Debug|Any CPU
		{71F43595-86F0-4A04-915F-31755B6E6A83}.Debug|x64.Deploy.0 = Debug|Any CPU
		{71F43595-86F0-4A04-915F-31755B6E6A83}.Debug|x86.ActiveCfg = Debug|Any CPU
		{71F43595-86F0-4A04-915F-31755B6E6A83}.Debug|x86.Build.0 = Debug|Any CPU
		{71F43595-86F0-4A04-915F-31755B6E6A83}.Debug|x86.Deploy.0 = Debug|Any CPU
		{71F43595-86F0-4A04-915F-31755B6E6A83}.Release|Any CPU.ActiveCfg = Release|Any CPU
		{71F43595-86F0-4A04-915F-31755B6E6A83}.Release|Any CPU.Build.0 = Release|Any CPU
		{71F43595-86F0-4A04-915F-31755B6E6A83}.Release|Any CPU.Deploy.0 = Release|Any CPU
		{71F43595-86F0-4A04-915F-31755B6E6A83}.Release|ARM.ActiveCfg = Release|Any CPU
		{71F43595-86F0-4A04-915F-31755B6E6A83}.Release|ARM.Build.0 = Release|Any CPU
		{71F43595-86F0-4A04-915F-31755B6E6A83}.Release|ARM.Deploy.0 = Release|Any CPU
		{71F43595-86F0-4A04-915F-31755B6E6A83}.Release|iPhone.ActiveCfg = Release|Any CPU
		{71F43595-86F0-4A04-915F-31755B6E6A83}.Release|iPhone.Build.0 = Release|Any CPU
		{71F43595-86F0-4A04-915F-31755B6E6A83}.Release|iPhone.Deploy.0 = Release|Any CPU
		{71F43595-86F0-4A04-915F-31755B6E6A83}.Release|iPhoneSimulator.ActiveCfg = Release|Any CPU
		{71F43595-86F0-4A04-915F-31755B6E6A83}.Release|iPhoneSimulator.Build.0 = Release|Any CPU
		{71F43595-86F0-4A04-915F-31755B6E6A83}.Release|iPhoneSimulator.Deploy.0 = Release|Any CPU
		{71F43595-86F0-4A04-915F-31755B6E6A83}.Release|x64.ActiveCfg = Release|Any CPU
		{71F43595-86F0-4A04-915F-31755B6E6A83}.Release|x64.Build.0 = Release|Any CPU
		{71F43595-86F0-4A04-915F-31755B6E6A83}.Release|x64.Deploy.0 = Release|Any CPU
		{71F43595-86F0-4A04-915F-31755B6E6A83}.Release|x86.ActiveCfg = Release|Any CPU
		{71F43595-86F0-4A04-915F-31755B6E6A83}.Release|x86.Build.0 = Release|Any CPU
		{71F43595-86F0-4A04-915F-31755B6E6A83}.Release|x86.Deploy.0 = Release|Any CPU
	EndGlobalSection
	GlobalSection(SolutionProperties) = preSolution
		HideSolutionNode = FALSE
	EndGlobalSection
	GlobalSection(ExtensibilityGlobals) = postSolution
		SolutionGuid = {90149BBF-B87A-4133-AFF0-65FA9CF4DC14}
	EndGlobalSection
EndGlobal
