
Microsoft Visual Studio Solution File, Format Version 12.00
# Visual Studio 15
VisualStudioVersion = 15.0.28307.489
MinimumVisualStudioVersion = 10.0.40219.1
Project("{FAE04EC0-301F-11D3-BF4B-00C04F79EFBC}") = "SecureDroid.Android", "SecureDroid\SecureDroid.Android\SecureDroid.Android.csproj", "{48F521FE-07BA-40A8-8010-519E63C96B95}"
EndProject
Project("{FAE04EC0-301F-11D3-BF4B-00C04F79EFBC}") = "SecureDroid", "SecureDroid\SecureDroid\SecureDroid.csproj", "{12A322CE-12AA-4A5A-BC05-60308511DF22}"
EndProject
Global
	GlobalSection(SolutionConfigurationPlatforms) = preSolution
		Debug|Any CPU = Debug|Any CPU
		Release|Any CPU = Release|Any CPU
	EndGlobalSection
	GlobalSection(ProjectConfigurationPlatforms) = postSolution
		{48F521FE-07BA-40A8-8010-519E63C96B95}.Debug|Any CPU.ActiveCfg = Debug|Any CPU
		{48F521FE-07BA-40A8-8010-519E63C96B95}.Debug|Any CPU.Build.0 = Debug|Any CPU
		{48F521FE-07BA-40A8-8010-519E63C96B95}.Debug|Any CPU.Deploy.0 = Debug|Any CPU
		{48F521FE-07BA-40A8-8010-519E63C96B95}.Release|Any CPU.ActiveCfg = Release|Any CPU
		{48F521FE-07BA-40A8-8010-519E63C96B95}.Release|Any CPU.Build.0 = Release|Any CPU
		{48F521FE-07BA-40A8-8010-519E63C96B95}.Release|Any CPU.Deploy.0 = Release|Any CPU
		{12A322CE-12AA-4A5A-BC05-60308511DF22}.Debug|Any CPU.ActiveCfg = Debug|Any CPU
		{12A322CE-12AA-4A5A-BC05-60308511DF22}.Debug|Any CPU.Build.0 = Debug|Any CPU
		{12A322CE-12AA-4A5A-BC05-60308511DF22}.Debug|Any CPU.Deploy.0 = Debug|Any CPU
		{12A322CE-12AA-4A5A-BC05-60308511DF22}.Release|Any CPU.ActiveCfg = Release|Any CPU
		{12A322CE-12AA-4A5A-BC05-60308511DF22}.Release|Any CPU.Build.0 = Release|Any CPU
		{12A322CE-12AA-4A5A-BC05-60308511DF22}.Release|Any CPU.Deploy.0 = Release|Any CPU
	EndGlobalSection
	GlobalSection(SolutionProperties) = preSolution
		HideSolutionNode = FALSE
	EndGlobalSection
	GlobalSection(ExtensibilityGlobals) = postSolution
		SolutionGuid = {D745DBEA-309B-41D8-8732-A377EAD96EAA}
	EndGlobalSection
EndGlobal
