
Microsoft Visual Studio Solution File, Format Version 12.00
# Visual Studio 15
VisualStudioVersion = 15.0.28307.489
MinimumVisualStudioVersion = 10.0.40219.1
Project("{FAE04EC0-301F-11D3-BF4B-00C04F79EFBC}") = "DatenSpeichernUndLaden.Android", "DatenSpeichernUndLaden\DatenSpeichernUndLaden.Android\DatenSpeichernUndLaden.Android.csproj", "{4E9F8045-B038-4B94-B226-93C1EDB4C23A}"
EndProject
Project("{FAE04EC0-301F-11D3-BF4B-00C04F79EFBC}") = "DatenSpeichernUndLaden.iOS", "DatenSpeichernUndLaden\DatenSpeichernUndLaden.iOS\DatenSpeichernUndLaden.iOS.csproj", "{899F04F0-D25F-46A4-B7B7-BA046DE8C674}"
EndProject
Project("{FAE04EC0-301F-11D3-BF4B-00C04F79EFBC}") = "DatenSpeichernUndLaden", "DatenSpeichernUndLaden\DatenSpeichernUndLaden\DatenSpeichernUndLaden.csproj", "{F8DA6E0D-E93C-4701-BD17-3A1296BA3630}"
EndProject
Project("{FAE04EC0-301F-11D3-BF4B-00C04F79EFBC}") = "DatenSpeichernUndLaden.WPF", "DatenSpeichernUndLaden.WPF\DatenSpeichernUndLaden.WPF.csproj", "{6F0B48E6-B886-43C9-A4CD-9E598098212C}"
EndProject
Global
	GlobalSection(SolutionConfigurationPlatforms) = preSolution
		Ad-Hoc|Any CPU = Ad-Hoc|Any CPU
		Ad-Hoc|iPhone = Ad-Hoc|iPhone
		Ad-Hoc|iPhoneSimulator = Ad-Hoc|iPhoneSimulator
		AppStore|Any CPU = AppStore|Any CPU
		AppStore|iPhone = AppStore|iPhone
		AppStore|iPhoneSimulator = AppStore|iPhoneSimulator
		Debug|Any CPU = Debug|Any CPU
		Debug|iPhone = Debug|iPhone
		Debug|iPhoneSimulator = Debug|iPhoneSimulator
		Release|Any CPU = Release|Any CPU
		Release|iPhone = Release|iPhone
		Release|iPhoneSimulator = Release|iPhoneSimulator
	EndGlobalSection
	GlobalSection(ProjectConfigurationPlatforms) = postSolution
		{4E9F8045-B038-4B94-B226-93C1EDB4C23A}.Ad-Hoc|Any CPU.ActiveCfg = Release|Any CPU
		{4E9F8045-B038-4B94-B226-93C1EDB4C23A}.Ad-Hoc|Any CPU.Build.0 = Release|Any CPU
		{4E9F8045-B038-4B94-B226-93C1EDB4C23A}.Ad-Hoc|Any CPU.Deploy.0 = Release|Any CPU
		{4E9F8045-B038-4B94-B226-93C1EDB4C23A}.Ad-Hoc|iPhone.ActiveCfg = Release|Any CPU
		{4E9F8045-B038-4B94-B226-93C1EDB4C23A}.Ad-Hoc|iPhone.Build.0 = Release|Any CPU
		{4E9F8045-B038-4B94-B226-93C1EDB4C23A}.Ad-Hoc|iPhone.Deploy.0 = Release|Any CPU
		{4E9F8045-B038-4B94-B226-93C1EDB4C23A}.Ad-Hoc|iPhoneSimulator.ActiveCfg = Release|Any CPU
		{4E9F8045-B038-4B94-B226-93C1EDB4C23A}.Ad-Hoc|iPhoneSimulator.Build.0 = Release|Any CPU
		{4E9F8045-B038-4B94-B226-93C1EDB4C23A}.Ad-Hoc|iPhoneSimulator.Deploy.0 = Release|Any CPU
		{4E9F8045-B038-4B94-B226-93C1EDB4C23A}.AppStore|Any CPU.ActiveCfg = Release|Any CPU
		{4E9F8045-B038-4B94-B226-93C1EDB4C23A}.AppStore|Any CPU.Build.0 = Release|Any CPU
		{4E9F8045-B038-4B94-B226-93C1EDB4C23A}.AppStore|Any CPU.Deploy.0 = Release|Any CPU
		{4E9F8045-B038-4B94-B226-93C1EDB4C23A}.AppStore|iPhone.ActiveCfg = Release|Any CPU
		{4E9F8045-B038-4B94-B226-93C1EDB4C23A}.AppStore|iPhone.Build.0 = Release|Any CPU
		{4E9F8045-B038-4B94-B226-93C1EDB4C23A}.AppStore|iPhone.Deploy.0 = Release|Any CPU
		{4E9F8045-B038-4B94-B226-93C1EDB4C23A}.AppStore|iPhoneSimulator.ActiveCfg = Release|Any CPU
		{4E9F8045-B038-4B94-B226-93C1EDB4C23A}.AppStore|iPhoneSimulator.Build.0 = Release|Any CPU
		{4E9F8045-B038-4B94-B226-93C1EDB4C23A}.AppStore|iPhoneSimulator.Deploy.0 = Release|Any CPU
		{4E9F8045-B038-4B94-B226-93C1EDB4C23A}.Debug|Any CPU.ActiveCfg = Debug|Any CPU
		{4E9F8045-B038-4B94-B226-93C1EDB4C23A}.Debug|Any CPU.Build.0 = Debug|Any CPU
		{4E9F8045-B038-4B94-B226-93C1EDB4C23A}.Debug|Any CPU.Deploy.0 = Debug|Any CPU
		{4E9F8045-B038-4B94-B226-93C1EDB4C23A}.Debug|iPhone.ActiveCfg = Debug|Any CPU
		{4E9F8045-B038-4B94-B226-93C1EDB4C23A}.Debug|iPhone.Build.0 = Debug|Any CPU
		{4E9F8045-B038-4B94-B226-93C1EDB4C23A}.Debug|iPhone.Deploy.0 = Debug|Any CPU
		{4E9F8045-B038-4B94-B226-93C1EDB4C23A}.Debug|iPhoneSimulator.ActiveCfg = Debug|Any CPU
		{4E9F8045-B038-4B94-B226-93C1EDB4C23A}.Debug|iPhoneSimulator.Build.0 = Debug|Any CPU
		{4E9F8045-B038-4B94-B226-93C1EDB4C23A}.Debug|iPhoneSimulator.Deploy.0 = Debug|Any CPU
		{4E9F8045-B038-4B94-B226-93C1EDB4C23A}.Release|Any CPU.ActiveCfg = Release|Any CPU
		{4E9F8045-B038-4B94-B226-93C1EDB4C23A}.Release|Any CPU.Build.0 = Release|Any CPU
		{4E9F8045-B038-4B94-B226-93C1EDB4C23A}.Release|Any CPU.Deploy.0 = Release|Any CPU
		{4E9F8045-B038-4B94-B226-93C1EDB4C23A}.Release|iPhone.ActiveCfg = Release|Any CPU
		{4E9F8045-B038-4B94-B226-93C1EDB4C23A}.Release|iPhone.Build.0 = Release|Any CPU
		{4E9F8045-B038-4B94-B226-93C1EDB4C23A}.Release|iPhone.Deploy.0 = Release|Any CPU
		{4E9F8045-B038-4B94-B226-93C1EDB4C23A}.Release|iPhoneSimulator.ActiveCfg = Release|Any CPU
		{4E9F8045-B038-4B94-B226-93C1EDB4C23A}.Release|iPhoneSimulator.Build.0 = Release|Any CPU
		{4E9F8045-B038-4B94-B226-93C1EDB4C23A}.Release|iPhoneSimulator.Deploy.0 = Release|Any CPU
		{899F04F0-D25F-46A4-B7B7-BA046DE8C674}.Ad-Hoc|Any CPU.ActiveCfg = Ad-Hoc|iPhone
		{899F04F0-D25F-46A4-B7B7-BA046DE8C674}.Ad-Hoc|Any CPU.Build.0 = Ad-Hoc|iPhone
		{899F04F0-D25F-46A4-B7B7-BA046DE8C674}.Ad-Hoc|Any CPU.Deploy.0 = Ad-Hoc|iPhone
		{899F04F0-D25F-46A4-B7B7-BA046DE8C674}.Ad-Hoc|iPhone.ActiveCfg = Ad-Hoc|iPhone
		{899F04F0-D25F-46A4-B7B7-BA046DE8C674}.Ad-Hoc|iPhone.Build.0 = Ad-Hoc|iPhone
		{899F04F0-D25F-46A4-B7B7-BA046DE8C674}.Ad-Hoc|iPhone.Deploy.0 = Ad-Hoc|iPhone
		{899F04F0-D25F-46A4-B7B7-BA046DE8C674}.Ad-Hoc|iPhoneSimulator.ActiveCfg = Ad-Hoc|iPhoneSimulator
		{899F04F0-D25F-46A4-B7B7-BA046DE8C674}.Ad-Hoc|iPhoneSimulator.Build.0 = Ad-Hoc|iPhoneSimulator
		{899F04F0-D25F-46A4-B7B7-BA046DE8C674}.Ad-Hoc|iPhoneSimulator.Deploy.0 = Ad-Hoc|iPhoneSimulator
		{899F04F0-D25F-46A4-B7B7-BA046DE8C674}.AppStore|Any CPU.ActiveCfg = AppStore|iPhone
		{899F04F0-D25F-46A4-B7B7-BA046DE8C674}.AppStore|Any CPU.Build.0 = AppStore|iPhone
		{899F04F0-D25F-46A4-B7B7-BA046DE8C674}.AppStore|Any CPU.Deploy.0 = AppStore|iPhone
		{899F04F0-D25F-46A4-B7B7-BA046DE8C674}.AppStore|iPhone.ActiveCfg = AppStore|iPhone
		{899F04F0-D25F-46A4-B7B7-BA046DE8C674}.AppStore|iPhone.Build.0 = AppStore|iPhone
		{899F04F0-D25F-46A4-B7B7-BA046DE8C674}.AppStore|iPhone.Deploy.0 = AppStore|iPhone
		{899F04F0-D25F-46A4-B7B7-BA046DE8C674}.AppStore|iPhoneSimulator.ActiveCfg = AppStore|iPhoneSimulator
		{899F04F0-D25F-46A4-B7B7-BA046DE8C674}.AppStore|iPhoneSimulator.Build.0 = AppStore|iPhoneSimulator
		{899F04F0-D25F-46A4-B7B7-BA046DE8C674}.AppStore|iPhoneSimulator.Deploy.0 = AppStore|iPhoneSimulator
		{899F04F0-D25F-46A4-B7B7-BA046DE8C674}.Debug|Any CPU.ActiveCfg = Debug|iPhoneSimulator
		{899F04F0-D25F-46A4-B7B7-BA046DE8C674}.Debug|Any CPU.Build.0 = Debug|iPhoneSimulator
		{899F04F0-D25F-46A4-B7B7-BA046DE8C674}.Debug|Any CPU.Deploy.0 = Debug|iPhoneSimulator
		{899F04F0-D25F-46A4-B7B7-BA046DE8C674}.Debug|iPhone.ActiveCfg = Debug|iPhone
		{899F04F0-D25F-46A4-B7B7-BA046DE8C674}.Debug|iPhone.Build.0 = Debug|iPhone
		{899F04F0-D25F-46A4-B7B7-BA046DE8C674}.Debug|iPhone.Deploy.0 = Debug|iPhone
		{899F04F0-D25F-46A4-B7B7-BA046DE8C674}.Debug|iPhoneSimulator.ActiveCfg = Debug|iPhoneSimulator
		{899F04F0-D25F-46A4-B7B7-BA046DE8C674}.Debug|iPhoneSimulator.Build.0 = Debug|iPhoneSimulator
		{899F04F0-D25F-46A4-B7B7-BA046DE8C674}.Debug|iPhoneSimulator.Deploy.0 = Debug|iPhoneSimulator
		{899F04F0-D25F-46A4-B7B7-BA046DE8C674}.Release|Any CPU.ActiveCfg = Release|iPhone
		{899F04F0-D25F-46A4-B7B7-BA046DE8C674}.Release|Any CPU.Build.0 = Release|iPhone
		{899F04F0-D25F-46A4-B7B7-BA046DE8C674}.Release|Any CPU.Deploy.0 = Release|iPhone
		{899F04F0-D25F-46A4-B7B7-BA046DE8C674}.Release|iPhone.ActiveCfg = Release|iPhone
		{899F04F0-D25F-46A4-B7B7-BA046DE8C674}.Release|iPhone.Build.0 = Release|iPhone
		{899F04F0-D25F-46A4-B7B7-BA046DE8C674}.Release|iPhone.Deploy.0 = Release|iPhone
		{899F04F0-D25F-46A4-B7B7-BA046DE8C674}.Release|iPhoneSimulator.ActiveCfg = Release|iPhoneSimulator
		{899F04F0-D25F-46A4-B7B7-BA046DE8C674}.Release|iPhoneSimulator.Build.0 = Release|iPhoneSimulator
		{899F04F0-D25F-46A4-B7B7-BA046DE8C674}.Release|iPhoneSimulator.Deploy.0 = Release|iPhoneSimulator
		{F8DA6E0D-E93C-4701-BD17-3A1296BA3630}.Ad-Hoc|Any CPU.ActiveCfg = Debug|Any CPU
		{F8DA6E0D-E93C-4701-BD17-3A1296BA3630}.Ad-Hoc|Any CPU.Build.0 = Debug|Any CPU
		{F8DA6E0D-E93C-4701-BD17-3A1296BA3630}.Ad-Hoc|Any CPU.Deploy.0 = Debug|Any CPU
		{F8DA6E0D-E93C-4701-BD17-3A1296BA3630}.Ad-Hoc|iPhone.ActiveCfg = Debug|Any CPU
		{F8DA6E0D-E93C-4701-BD17-3A1296BA3630}.Ad-Hoc|iPhone.Build.0 = Debug|Any CPU
		{F8DA6E0D-E93C-4701-BD17-3A1296BA3630}.Ad-Hoc|iPhone.Deploy.0 = Debug|Any CPU
		{F8DA6E0D-E93C-4701-BD17-3A1296BA3630}.Ad-Hoc|iPhoneSimulator.ActiveCfg = Debug|Any CPU
		{F8DA6E0D-E93C-4701-BD17-3A1296BA3630}.Ad-Hoc|iPhoneSimulator.Build.0 = Debug|Any CPU
		{F8DA6E0D-E93C-4701-BD17-3A1296BA3630}.Ad-Hoc|iPhoneSimulator.Deploy.0 = Debug|Any CPU
		{F8DA6E0D-E93C-4701-BD17-3A1296BA3630}.AppStore|Any CPU.ActiveCfg = Debug|Any CPU
		{F8DA6E0D-E93C-4701-BD17-3A1296BA3630}.AppStore|Any CPU.Build.0 = Debug|Any CPU
		{F8DA6E0D-E93C-4701-BD17-3A1296BA3630}.AppStore|Any CPU.Deploy.0 = Debug|Any CPU
		{F8DA6E0D-E93C-4701-BD17-3A1296BA3630}.AppStore|iPhone.ActiveCfg = Debug|Any CPU
		{F8DA6E0D-E93C-4701-BD17-3A1296BA3630}.AppStore|iPhone.Build.0 = Debug|Any CPU
		{F8DA6E0D-E93C-4701-BD17-3A1296BA3630}.AppStore|iPhone.Deploy.0 = Debug|Any CPU
		{F8DA6E0D-E93C-4701-BD17-3A1296BA3630}.AppStore|iPhoneSimulator.ActiveCfg = Debug|Any CPU
		{F8DA6E0D-E93C-4701-BD17-3A1296BA3630}.AppStore|iPhoneSimulator.Build.0 = Debug|Any CPU
		{F8DA6E0D-E93C-4701-BD17-3A1296BA3630}.AppStore|iPhoneSimulator.Deploy.0 = Debug|Any CPU
		{F8DA6E0D-E93C-4701-BD17-3A1296BA3630}.Debug|Any CPU.ActiveCfg = Debug|Any CPU
		{F8DA6E0D-E93C-4701-BD17-3A1296BA3630}.Debug|Any CPU.Build.0 = Debug|Any CPU
		{F8DA6E0D-E93C-4701-BD17-3A1296BA3630}.Debug|Any CPU.Deploy.0 = Debug|Any CPU
		{F8DA6E0D-E93C-4701-BD17-3A1296BA3630}.Debug|iPhone.ActiveCfg = Debug|Any CPU
		{F8DA6E0D-E93C-4701-BD17-3A1296BA3630}.Debug|iPhone.Build.0 = Debug|Any CPU
		{F8DA6E0D-E93C-4701-BD17-3A1296BA3630}.Debug|iPhone.Deploy.0 = Debug|Any CPU
		{F8DA6E0D-E93C-4701-BD17-3A1296BA3630}.Debug|iPhoneSimulator.ActiveCfg = Debug|Any CPU
		{F8DA6E0D-E93C-4701-BD17-3A1296BA3630}.Debug|iPhoneSimulator.Build.0 = Debug|Any CPU
		{F8DA6E0D-E93C-4701-BD17-3A1296BA3630}.Debug|iPhoneSimulator.Deploy.0 = Debug|Any CPU
		{F8DA6E0D-E93C-4701-BD17-3A1296BA3630}.Release|Any CPU.ActiveCfg = Release|Any CPU
		{F8DA6E0D-E93C-4701-BD17-3A1296BA3630}.Release|Any CPU.Build.0 = Release|Any CPU
		{F8DA6E0D-E93C-4701-BD17-3A1296BA3630}.Release|Any CPU.Deploy.0 = Release|Any CPU
		{F8DA6E0D-E93C-4701-BD17-3A1296BA3630}.Release|iPhone.ActiveCfg = Release|Any CPU
		{F8DA6E0D-E93C-4701-BD17-3A1296BA3630}.Release|iPhone.Build.0 = Release|Any CPU
		{F8DA6E0D-E93C-4701-BD17-3A1296BA3630}.Release|iPhone.Deploy.0 = Release|Any CPU
		{F8DA6E0D-E93C-4701-BD17-3A1296BA3630}.Release|iPhoneSimulator.ActiveCfg = Release|Any CPU
		{F8DA6E0D-E93C-4701-BD17-3A1296BA3630}.Release|iPhoneSimulator.Build.0 = Release|Any CPU
		{F8DA6E0D-E93C-4701-BD17-3A1296BA3630}.Release|iPhoneSimulator.Deploy.0 = Release|Any CPU
		{6F0B48E6-B886-43C9-A4CD-9E598098212C}.Ad-Hoc|Any CPU.ActiveCfg = Release|Any CPU
		{6F0B48E6-B886-43C9-A4CD-9E598098212C}.Ad-Hoc|Any CPU.Build.0 = Release|Any CPU
		{6F0B48E6-B886-43C9-A4CD-9E598098212C}.Ad-Hoc|iPhone.ActiveCfg = Release|Any CPU
		{6F0B48E6-B886-43C9-A4CD-9E598098212C}.Ad-Hoc|iPhone.Build.0 = Release|Any CPU
		{6F0B48E6-B886-43C9-A4CD-9E598098212C}.Ad-Hoc|iPhoneSimulator.ActiveCfg = Release|Any CPU
		{6F0B48E6-B886-43C9-A4CD-9E598098212C}.Ad-Hoc|iPhoneSimulator.Build.0 = Release|Any CPU
		{6F0B48E6-B886-43C9-A4CD-9E598098212C}.AppStore|Any CPU.ActiveCfg = Release|Any CPU
		{6F0B48E6-B886-43C9-A4CD-9E598098212C}.AppStore|Any CPU.Build.0 = Release|Any CPU
		{6F0B48E6-B886-43C9-A4CD-9E598098212C}.AppStore|iPhone.ActiveCfg = Release|Any CPU
		{6F0B48E6-B886-43C9-A4CD-9E598098212C}.AppStore|iPhone.Build.0 = Release|Any CPU
		{6F0B48E6-B886-43C9-A4CD-9E598098212C}.AppStore|iPhoneSimulator.ActiveCfg = Release|Any CPU
		{6F0B48E6-B886-43C9-A4CD-9E598098212C}.AppStore|iPhoneSimulator.Build.0 = Release|Any CPU
		{6F0B48E6-B886-43C9-A4CD-9E598098212C}.Debug|Any CPU.ActiveCfg = Debug|Any CPU
		{6F0B48E6-B886-43C9-A4CD-9E598098212C}.Debug|Any CPU.Build.0 = Debug|Any CPU
		{6F0B48E6-B886-43C9-A4CD-9E598098212C}.Debug|iPhone.ActiveCfg = Debug|Any CPU
		{6F0B48E6-B886-43C9-A4CD-9E598098212C}.Debug|iPhone.Build.0 = Debug|Any CPU
		{6F0B48E6-B886-43C9-A4CD-9E598098212C}.Debug|iPhoneSimulator.ActiveCfg = Debug|Any CPU
		{6F0B48E6-B886-43C9-A4CD-9E598098212C}.Debug|iPhoneSimulator.Build.0 = Debug|Any CPU
		{6F0B48E6-B886-43C9-A4CD-9E598098212C}.Release|Any CPU.ActiveCfg = Release|Any CPU
		{6F0B48E6-B886-43C9-A4CD-9E598098212C}.Release|Any CPU.Build.0 = Release|Any CPU
		{6F0B48E6-B886-43C9-A4CD-9E598098212C}.Release|iPhone.ActiveCfg = Release|Any CPU
		{6F0B48E6-B886-43C9-A4CD-9E598098212C}.Release|iPhone.Build.0 = Release|Any CPU
		{6F0B48E6-B886-43C9-A4CD-9E598098212C}.Release|iPhoneSimulator.ActiveCfg = Release|Any CPU
		{6F0B48E6-B886-43C9-A4CD-9E598098212C}.Release|iPhoneSimulator.Build.0 = Release|Any CPU
	EndGlobalSection
	GlobalSection(SolutionProperties) = preSolution
		HideSolutionNode = FALSE
	EndGlobalSection
	GlobalSection(ExtensibilityGlobals) = postSolution
		SolutionGuid = {7F3D72ED-5844-4EBA-ACB5-9A762CBAEAB8}
	EndGlobalSection
EndGlobal
